
Microsoft Visual Studio Solution File, Format Version 12.00
# Visual Studio Version 16
VisualStudioVersion = 16.0.33920.266
MinimumVisualStudioVersion = 10.0.40219.1
Project("{FAE04EC0-301F-11D3-BF4B-00C04F79EFBC}") = "App15_Mapas.UWP", "App15_Mapas\App15_Mapas.UWP\App15_Mapas.UWP.csproj", "{DA54277A-9313-4256-8392-A03A2DF2A916}"
EndProject
Project("{FAE04EC0-301F-11D3-BF4B-00C04F79EFBC}") = "App15_Mapas.Android", "App15_Mapas\App15_Mapas.Android\App15_Mapas.Android.csproj", "{E7E1CAD7-34A1-475D-8128-33255404B4DE}"
EndProject
Project("{FAE04EC0-301F-11D3-BF4B-00C04F79EFBC}") = "App15_Mapas.iOS", "App15_Mapas\App15_Mapas.iOS\App15_Mapas.iOS.csproj", "{129EB3ED-4B93-4CB4-B5EA-7500F62F93EE}"
EndProject
Project("{FAE04EC0-301F-11D3-BF4B-00C04F79EFBC}") = "App15_Mapas", "App15_Mapas\App15_Mapas\App15_Mapas.csproj", "{3431A396-EEE3-40FB-A777-5623925CA451}"
EndProject
Global
	GlobalSection(SolutionConfigurationPlatforms) = preSolution
		Debug|Any CPU = Debug|Any CPU
		Debug|ARM = Debug|ARM
		Debug|iPhone = Debug|iPhone
		Debug|iPhoneSimulator = Debug|iPhoneSimulator
		Debug|x64 = Debug|x64
		Debug|x86 = Debug|x86
		Release|Any CPU = Release|Any CPU
		Release|ARM = Release|ARM
		Release|iPhone = Release|iPhone
		Release|iPhoneSimulator = Release|iPhoneSimulator
		Release|x64 = Release|x64
		Release|x86 = Release|x86
	EndGlobalSection
	GlobalSection(ProjectConfigurationPlatforms) = postSolution
		{DA54277A-9313-4256-8392-A03A2DF2A916}.Debug|Any CPU.ActiveCfg = Debug|x86
		{DA54277A-9313-4256-8392-A03A2DF2A916}.Debug|Any CPU.Build.0 = Debug|x86
		{DA54277A-9313-4256-8392-A03A2DF2A916}.Debug|Any CPU.Deploy.0 = Debug|x86
		{DA54277A-9313-4256-8392-A03A2DF2A916}.Debug|ARM.ActiveCfg = Debug|ARM
		{DA54277A-9313-4256-8392-A03A2DF2A916}.Debug|ARM.Build.0 = Debug|ARM
		{DA54277A-9313-4256-8392-A03A2DF2A916}.Debug|ARM.Deploy.0 = Debug|ARM
		{DA54277A-9313-4256-8392-A03A2DF2A916}.Debug|iPhone.ActiveCfg = Debug|x86
		{DA54277A-9313-4256-8392-A03A2DF2A916}.Debug|iPhone.Build.0 = Debug|x86
		{DA54277A-9313-4256-8392-A03A2DF2A916}.Debug|iPhone.Deploy.0 = Debug|x86
		{DA54277A-9313-4256-8392-A03A2DF2A916}.Debug|iPhoneSimulator.ActiveCfg = Debug|x86
		{DA54277A-9313-4256-8392-A03A2DF2A916}.Debug|iPhoneSimulator.Build.0 = Debug|x86
		{DA54277A-9313-4256-8392-A03A2DF2A916}.Debug|iPhoneSimulator.Deploy.0 = Debug|x86
		{DA54277A-9313-4256-8392-A03A2DF2A916}.Debug|x64.ActiveCfg = Debug|x64
		{DA54277A-9313-4256-8392-A03A2DF2A916}.Debug|x64.Build.0 = Debug|x64
		{DA54277A-9313-4256-8392-A03A2DF2A916}.Debug|x64.Deploy.0 = Debug|x64
		{DA54277A-9313-4256-8392-A03A2DF2A916}.Debug|x86.ActiveCfg = Debug|x86
		{DA54277A-9313-4256-8392-A03A2DF2A916}.Debug|x86.Build.0 = Debug|x86
		{DA54277A-9313-4256-8392-A03A2DF2A916}.Debug|x86.Deploy.0 = Debug|x86
		{DA54277A-9313-4256-8392-A03A2DF2A916}.Release|Any CPU.ActiveCfg = Release|x86
		{DA54277A-9313-4256-8392-A03A2DF2A916}.Release|Any CPU.Build.0 = Release|x86
		{DA54277A-9313-4256-8392-A03A2DF2A916}.Release|Any CPU.Deploy.0 = Release|x86
		{DA54277A-9313-4256-8392-A03A2DF2A916}.Release|ARM.ActiveCfg = Release|ARM
		{DA54277A-9313-4256-8392-A03A2DF2A916}.Release|ARM.Build.0 = Release|ARM
		{DA54277A-9313-4256-8392-A03A2DF2A916}.Release|ARM.Deploy.0 = Release|ARM
		{DA54277A-9313-4256-8392-A03A2DF2A916}.Release|iPhone.ActiveCfg = Release|x86
		{DA54277A-9313-4256-8392-A03A2DF2A916}.Release|iPhone.Build.0 = Release|x86
		{DA54277A-9313-4256-8392-A03A2DF2A916}.Release|iPhone.Deploy.0 = Release|x86
		{DA54277A-9313-4256-8392-A03A2DF2A916}.Release|iPhoneSimulator.ActiveCfg = Release|x86
		{DA54277A-9313-4256-8392-A03A2DF2A916}.Release|iPhoneSimulator.Build.0 = Release|x86
		{DA54277A-9313-4256-8392-A03A2DF2A916}.Release|iPhoneSimulator.Deploy.0 = Release|x86
		{DA54277A-9313-4256-8392-A03A2DF2A916}.Release|x64.ActiveCfg = Release|x64
		{DA54277A-9313-4256-8392-A03A2DF2A916}.Release|x64.Build.0 = Release|x64
		{DA54277A-9313-4256-8392-A03A2DF2A916}.Release|x64.Deploy.0 = Release|x64
		{DA54277A-9313-4256-8392-A03A2DF2A916}.Release|x86.ActiveCfg = Release|x86
		{DA54277A-9313-4256-8392-A03A2DF2A916}.Release|x86.Build.0 = Release|x86
		{DA54277A-9313-4256-8392-A03A2DF2A916}.Release|x86.Deploy.0 = Release|x86
		{E7E1CAD7-34A1-475D-8128-33255404B4DE}.Debug|Any CPU.ActiveCfg = Debug|Any CPU
		{E7E1CAD7-34A1-475D-8128-33255404B4DE}.Debug|Any CPU.Build.0 = Debug|Any CPU
		{E7E1CAD7-34A1-475D-8128-33255404B4DE}.Debug|Any CPU.Deploy.0 = Debug|Any CPU
		{E7E1CAD7-34A1-475D-8128-33255404B4DE}.Debug|ARM.ActiveCfg = Debug|Any CPU
		{E7E1CAD7-34A1-475D-8128-33255404B4DE}.Debug|ARM.Build.0 = Debug|Any CPU
		{E7E1CAD7-34A1-475D-8128-33255404B4DE}.Debug|ARM.Deploy.0 = Debug|Any CPU
		{E7E1CAD7-34A1-475D-8128-33255404B4DE}.Debug|iPhone.ActiveCfg = Debug|Any CPU
		{E7E1CAD7-34A1-475D-8128-33255404B4DE}.Debug|iPhone.Build.0 = Debug|Any CPU
		{E7E1CAD7-34A1-475D-8128-33255404B4DE}.Debug|iPhone.Deploy.0 = Debug|Any CPU
		{E7E1CAD7-34A1-475D-8128-33255404B4DE}.Debug|iPhoneSimulator.ActiveCfg = Debug|Any CPU
		{E7E1CAD7-34A1-475D-8128-33255404B4DE}.Debug|iPhoneSimulator.Build.0 = Debug|Any CPU
		{E7E1CAD7-34A1-475D-8128-33255404B4DE}.Debug|iPhoneSimulator.Deploy.0 = Debug|Any CPU
		{E7E1CAD7-34A1-475D-8128-33255404B4DE}.Debug|x64.ActiveCfg = Debug|Any CPU
		{E7E1CAD7-34A1-475D-8128-33255404B4DE}.Debug|x64.Build.0 = Debug|Any CPU
		{E7E1CAD7-34A1-475D-8128-33255404B4DE}.Debug|x64.Deploy.0 = Debug|Any CPU
		{E7E1CAD7-34A1-475D-8128-33255404B4DE}.Debug|x86.ActiveCfg = Debug|Any CPU
		{E7E1CAD7-34A1-475D-8128-33255404B4DE}.Debug|x86.Build.0 = Debug|Any CPU
		{E7E1CAD7-34A1-475D-8128-33255404B4DE}.Debug|x86.Deploy.0 = Debug|Any CPU
		{E7E1CAD7-34A1-475D-8128-33255404B4DE}.Release|Any CPU.ActiveCfg = Release|Any CPU
		{E7E1CAD7-34A1-475D-8128-33255404B4DE}.Release|Any CPU.Build.0 = Release|Any CPU
		{E7E1CAD7-34A1-475D-8128-33255404B4DE}.Release|Any CPU.Deploy.0 = Release|Any CPU
		{E7E1CAD7-34A1-475D-8128-33255404B4DE}.Release|ARM.ActiveCfg = Release|Any CPU
		{E7E1CAD7-34A1-475D-8128-33255404B4DE}.Release|ARM.Build.0 = Release|Any CPU
		{E7E1CAD7-34A1-475D-8128-33255404B4DE}.Release|ARM.Deploy.0 = Release|Any CPU
		{E7E1CAD7-34A1-475D-8128-33255404B4DE}.Release|iPhone.ActiveCfg = Release|Any CPU
		{E7E1CAD7-34A1-475D-8128-33255404B4DE}.Release|iPhone.Build.0 = Release|Any CPU
		{E7E1CAD7-34A1-475D-8128-33255404B4DE}.Release|iPhone.Deploy.0 = Release|Any CPU
		{E7E1CAD7-34A1-475D-8128-33255404B4DE}.Release|iPhoneSimulator.ActiveCfg = Release|Any CPU
		{E7E1CAD7-34A1-475D-8128-33255404B4DE}.Release|iPhoneSimulator.Build.0 = Release|Any CPU
		{E7E1CAD7-34A1-475D-8128-33255404B4DE}.Release|iPhoneSimulator.Deploy.0 = Release|Any CPU
		{E7E1CAD7-34A1-475D-8128-33255404B4DE}.Release|x64.ActiveCfg = Release|Any CPU
		{E7E1CAD7-34A1-475D-8128-33255404B4DE}.Release|x64.Build.0 = Release|Any CPU
		{E7E1CAD7-34A1-475D-8128-33255404B4DE}.Release|x64.Deploy.0 = Release|Any CPU
		{E7E1CAD7-34A1-475D-8128-33255404B4DE}.Release|x86.ActiveCfg = Release|Any CPU
		{E7E1CAD7-34A1-475D-8128-33255404B4DE}.Release|x86.Build.0 = Release|Any CPU
		{E7E1CAD7-34A1-475D-8128-33255404B4DE}.Release|x86.Deploy.0 = Release|Any CPU
		{129EB3ED-4B93-4CB4-B5EA-7500F62F93EE}.Debug|Any CPU.ActiveCfg = Debug|iPhoneSimulator
		{129EB3ED-4B93-4CB4-B5EA-7500F62F93EE}.Debug|Any CPU.Build.0 = Debug|iPhoneSimulator
		{129EB3ED-4B93-4CB4-B5EA-7500F62F93EE}.Debug|Any CPU.Deploy.0 = Debug|iPhoneSimulator
		{129EB3ED-4B93-4CB4-B5EA-7500F62F93EE}.Debug|ARM.ActiveCfg = Debug|iPhone
		{129EB3ED-4B93-4CB4-B5EA-7500F62F93EE}.Debug|ARM.Build.0 = Debug|iPhone
		{129EB3ED-4B93-4CB4-B5EA-7500F62F93EE}.Debug|ARM.Deploy.0 = Debug|iPhone
		{129EB3ED-4B93-4CB4-B5EA-7500F62F93EE}.Debug|iPhone.ActiveCfg = Debug|iPhone
		{129EB3ED-4B93-4CB4-B5EA-7500F62F93EE}.Debug|iPhone.Build.0 = Debug|iPhone
		{129EB3ED-4B93-4CB4-B5EA-7500F62F93EE}.Debug|iPhone.Deploy.0 = Debug|iPhone
		{129EB3ED-4B93-4CB4-B5EA-7500F62F93EE}.Debug|iPhoneSimulator.ActiveCfg = Debug|iPhoneSimulator
		{129EB3ED-4B93-4CB4-B5EA-7500F62F93EE}.Debug|iPhoneSimulator.Build.0 = Debug|iPhoneSimulator
		{129EB3ED-4B93-4CB4-B5EA-7500F62F93EE}.Debug|iPhoneSimulator.Deploy.0 = Debug|iPhoneSimulator
		{129EB3ED-4B93-4CB4-B5EA-7500F62F93EE}.Debug|x64.ActiveCfg = Debug|iPhoneSimulator
		{129EB3ED-4B93-4CB4-B5EA-7500F62F93EE}.Debug|x64.Build.0 = Debug|iPhoneSimulator
		{129EB3ED-4B93-4CB4-B5EA-7500F62F93EE}.Debug|x64.Deploy.0 = Debug|iPhoneSimulator
		{129EB3ED-4B93-4CB4-B5EA-7500F62F93EE}.Debug|x86.ActiveCfg = Debug|iPhoneSimulator
		{129EB3ED-4B93-4CB4-B5EA-7500F62F93EE}.Debug|x86.Build.0 = Debug|iPhoneSimulator
		{129EB3ED-4B93-4CB4-B5EA-7500F62F93EE}.Debug|x86.Deploy.0 = Debug|iPhoneSimulator
		{129EB3ED-4B93-4CB4-B5EA-7500F62F93EE}.Release|Any CPU.ActiveCfg = Release|iPhoneSimulator
		{129EB3ED-4B93-4CB4-B5EA-7500F62F93EE}.Release|Any CPU.Build.0 = Release|iPhoneSimulator
		{129EB3ED-4B93-4CB4-B5EA-7500F62F93EE}.Release|Any CPU.Deploy.0 = Release|iPhoneSimulator
		{129EB3ED-4B93-4CB4-B5EA-7500F62F93EE}.Release|ARM.ActiveCfg = Release|iPhoneSimulator
		{129EB3ED-4B93-4CB4-B5EA-7500F62F93EE}.Release|ARM.Build.0 = Release|iPhoneSimulator
		{129EB3ED-4B93-4CB4-B5EA-7500F62F93EE}.Release|ARM.Deploy.0 = Release|iPhoneSimulator
		{129EB3ED-4B93-4CB4-B5EA-7500F62F93EE}.Release|iPhone.ActiveCfg = Release|iPhone
		{129EB3ED-4B93-4CB4-B5EA-7500F62F93EE}.Release|iPhone.Build.0 = Release|iPhone
		{129EB3ED-4B93-4CB4-B5EA-7500F62F93EE}.Release|iPhone.Deploy.0 = Release|iPhone
		{129EB3ED-4B93-4CB4-B5EA-7500F62F93EE}.Release|iPhoneSimulator.ActiveCfg = Release|iPhoneSimulator
		{129EB3ED-4B93-4CB4-B5EA-7500F62F93EE}.Release|iPhoneSimulator.Build.0 = Release|iPhoneSimulator
		{129EB3ED-4B93-4CB4-B5EA-7500F62F93EE}.Release|iPhoneSimulator.Deploy.0 = Release|iPhoneSimulator
		{129EB3ED-4B93-4CB4-B5EA-7500F62F93EE}.Release|x64.ActiveCfg = Release|iPhoneSimulator
		{129EB3ED-4B93-4CB4-B5EA-7500F62F93EE}.Release|x64.Build.0 = Release|iPhoneSimulator
		{129EB3ED-4B93-4CB4-B5EA-7500F62F93EE}.Release|x64.Deploy.0 = Release|iPhoneSimulator
		{129EB3ED-4B93-4CB4-B5EA-7500F62F93EE}.Release|x86.ActiveCfg = Release|iPhoneSimulator
		{129EB3ED-4B93-4CB4-B5EA-7500F62F93EE}.Release|x86.Build.0 = Release|iPhoneSimulator
		{129EB3ED-4B93-4CB4-B5EA-7500F62F93EE}.Release|x86.Deploy.0 = Release|iPhoneSimulator
		{3431A396-EEE3-40FB-A777-5623925CA451}.Debug|Any CPU.ActiveCfg = Debug|Any CPU
		{3431A396-EEE3-40FB-A777-5623925CA451}.Debug|Any CPU.Build.0 = Debug|Any CPU
		{3431A396-EEE3-40FB-A777-5623925CA451}.Debug|Any CPU.Deploy.0 = Debug|Any CPU
		{3431A396-EEE3-40FB-A777-5623925CA451}.Debug|ARM.ActiveCfg = Debug|Any CPU
		{3431A396-EEE3-40FB-A777-5623925CA451}.Debug|ARM.Build.0 = Debug|Any CPU
		{3431A396-EEE3-40FB-A777-5623925CA451}.Debug|ARM.Deploy.0 = Debug|Any CPU
		{3431A396-EEE3-40FB-A777-5623925CA451}.Debug|iPhone.ActiveCfg = Debug|Any CPU
		{3431A396-EEE3-40FB-A777-5623925CA451}.Debug|iPhone.Build.0 = Debug|Any CPU
		{3431A396-EEE3-40FB-A777-5623925CA451}.Debug|iPhone.Deploy.0 = Debug|Any CPU
		{3431A396-EEE3-40FB-A777-5623925CA451}.Debug|iPhoneSimulator.ActiveCfg = Debug|Any CPU
		{3431A396-EEE3-40FB-A777-5623925CA451}.Debug|iPhoneSimulator.Build.0 = Debug|Any CPU
		{3431A396-EEE3-40FB-A777-5623925CA451}.Debug|iPhoneSimulator.Deploy.0 = Debug|Any CPU
		{3431A396-EEE3-40FB-A777-5623925CA451}.Debug|x64.ActiveCfg = Debug|Any CPU
		{3431A396-EEE3-40FB-A777-5623925CA451}.Debug|x64.Build.0 = Debug|Any CPU
		{3431A396-EEE3-40FB-A777-5623925CA451}.Debug|x64.Deploy.0 = Debug|Any CPU
		{3431A396-EEE3-40FB-A777-5623925CA451}.Debug|x86.ActiveCfg = Debug|Any CPU
		{3431A396-EEE3-40FB-A777-5623925CA451}.Debug|x86.Build.0 = Debug|Any CPU
		{3431A396-EEE3-40FB-A777-5623925CA451}.Debug|x86.Deploy.0 = Debug|Any CPU
		{3431A396-EEE3-40FB-A777-5623925CA451}.Release|Any CPU.ActiveCfg = Release|Any CPU
		{3431A396-EEE3-40FB-A777-5623925CA451}.Release|Any CPU.Build.0 = Release|Any CPU
		{3431A396-EEE3-40FB-A777-5623925CA451}.Release|Any CPU.Deploy.0 = Release|Any CPU
		{3431A396-EEE3-40FB-A777-5623925CA451}.Release|ARM.ActiveCfg = Release|Any CPU
		{3431A396-EEE3-40FB-A777-5623925CA451}.Release|ARM.Build.0 = Release|Any CPU
		{3431A396-EEE3-40FB-A777-5623925CA451}.Release|ARM.Deploy.0 = Release|Any CPU
		{3431A396-EEE3-40FB-A777-5623925CA451}.Release|iPhone.ActiveCfg = Release|Any CPU
		{3431A396-EEE3-40FB-A777-5623925CA451}.Release|iPhone.Build.0 = Release|Any CPU
		{3431A396-EEE3-40FB-A777-5623925CA451}.Release|iPhone.Deploy.0 = Release|Any CPU
		{3431A396-EEE3-40FB-A777-5623925CA451}.Release|iPhoneSimulator.ActiveCfg = Release|Any CPU
		{3431A396-EEE3-40FB-A777-5623925CA451}.Release|iPhoneSimulator.Build.0 = Release|Any CPU
		{3431A396-EEE3-40FB-A777-5623925CA451}.Release|iPhoneSimulator.Deploy.0 = Release|Any CPU
		{3431A396-EEE3-40FB-A777-5623925CA451}.Release|x64.ActiveCfg = Release|Any CPU
		{3431A396-EEE3-40FB-A777-5623925CA451}.Release|x64.Build.0 = Release|Any CPU
		{3431A396-EEE3-40FB-A777-5623925CA451}.Release|x64.Deploy.0 = Release|Any CPU
		{3431A396-EEE3-40FB-A777-5623925CA451}.Release|x86.ActiveCfg = Release|Any CPU
		{3431A396-EEE3-40FB-A777-5623925CA451}.Release|x86.Build.0 = Release|Any CPU
		{3431A396-EEE3-40FB-A777-5623925CA451}.Release|x86.Deploy.0 = Release|Any CPU
	EndGlobalSection
	GlobalSection(SolutionProperties) = preSolution
		HideSolutionNode = FALSE
	EndGlobalSection
	GlobalSection(ExtensibilityGlobals) = postSolution
		SolutionGuid = {E33DC97C-ECEB-42DE-8CF2-D3A429D85340}
	EndGlobalSection
EndGlobal
