
Microsoft Visual Studio Solution File, Format Version 12.00
# Visual Studio Version 16
VisualStudioVersion = 16.0.33920.266
MinimumVisualStudioVersion = 10.0.40219.1
Project("{FAE04EC0-301F-11D3-BF4B-00C04F79EFBC}") = "App03.UWP", "App03\App03.UWP\App03.UWP.csproj", "{A3729FB7-A43D-4543-8D23-D90A36EB49F0}"
EndProject
Project("{FAE04EC0-301F-11D3-BF4B-00C04F79EFBC}") = "App03.Android", "App03\App03.Android\App03.Android.csproj", "{E203B859-CC2B-4C8C-B425-A2CDBD622559}"
EndProject
Project("{FAE04EC0-301F-11D3-BF4B-00C04F79EFBC}") = "App03.iOS", "App03\App03.iOS\App03.iOS.csproj", "{04CC1713-0CDB-4A03-96CF-1224065AF936}"
EndProject
Project("{FAE04EC0-301F-11D3-BF4B-00C04F79EFBC}") = "App03", "App03\App03\App03.csproj", "{61FBFB32-B059-43D2-AA1F-CD9865C763C4}"
EndProject
Global
	GlobalSection(SolutionConfigurationPlatforms) = preSolution
		Debug|Any CPU = Debug|Any CPU
		Debug|ARM = Debug|ARM
		Debug|iPhone = Debug|iPhone
		Debug|iPhoneSimulator = Debug|iPhoneSimulator
		Debug|x64 = Debug|x64
		Debug|x86 = Debug|x86
		Release|Any CPU = Release|Any CPU
		Release|ARM = Release|ARM
		Release|iPhone = Release|iPhone
		Release|iPhoneSimulator = Release|iPhoneSimulator
		Release|x64 = Release|x64
		Release|x86 = Release|x86
	EndGlobalSection
	GlobalSection(ProjectConfigurationPlatforms) = postSolution
		{A3729FB7-A43D-4543-8D23-D90A36EB49F0}.Debug|Any CPU.ActiveCfg = Debug|x86
		{A3729FB7-A43D-4543-8D23-D90A36EB49F0}.Debug|Any CPU.Build.0 = Debug|x86
		{A3729FB7-A43D-4543-8D23-D90A36EB49F0}.Debug|Any CPU.Deploy.0 = Debug|x86
		{A3729FB7-A43D-4543-8D23-D90A36EB49F0}.Debug|ARM.ActiveCfg = Debug|ARM
		{A3729FB7-A43D-4543-8D23-D90A36EB49F0}.Debug|ARM.Build.0 = Debug|ARM
		{A3729FB7-A43D-4543-8D23-D90A36EB49F0}.Debug|ARM.Deploy.0 = Debug|ARM
		{A3729FB7-A43D-4543-8D23-D90A36EB49F0}.Debug|iPhone.ActiveCfg = Debug|x86
		{A3729FB7-A43D-4543-8D23-D90A36EB49F0}.Debug|iPhone.Build.0 = Debug|x86
		{A3729FB7-A43D-4543-8D23-D90A36EB49F0}.Debug|iPhone.Deploy.0 = Debug|x86
		{A3729FB7-A43D-4543-8D23-D90A36EB49F0}.Debug|iPhoneSimulator.ActiveCfg = Debug|x86
		{A3729FB7-A43D-4543-8D23-D90A36EB49F0}.Debug|iPhoneSimulator.Build.0 = Debug|x86
		{A3729FB7-A43D-4543-8D23-D90A36EB49F0}.Debug|iPhoneSimulator.Deploy.0 = Debug|x86
		{A3729FB7-A43D-4543-8D23-D90A36EB49F0}.Debug|x64.ActiveCfg = Debug|x64
		{A3729FB7-A43D-4543-8D23-D90A36EB49F0}.Debug|x64.Build.0 = Debug|x64
		{A3729FB7-A43D-4543-8D23-D90A36EB49F0}.Debug|x64.Deploy.0 = Debug|x64
		{A3729FB7-A43D-4543-8D23-D90A36EB49F0}.Debug|x86.ActiveCfg = Debug|x86
		{A3729FB7-A43D-4543-8D23-D90A36EB49F0}.Debug|x86.Build.0 = Debug|x86
		{A3729FB7-A43D-4543-8D23-D90A36EB49F0}.Debug|x86.Deploy.0 = Debug|x86
		{A3729FB7-A43D-4543-8D23-D90A36EB49F0}.Release|Any CPU.ActiveCfg = Release|x86
		{A3729FB7-A43D-4543-8D23-D90A36EB49F0}.Release|Any CPU.Build.0 = Release|x86
		{A3729FB7-A43D-4543-8D23-D90A36EB49F0}.Release|Any CPU.Deploy.0 = Release|x86
		{A3729FB7-A43D-4543-8D23-D90A36EB49F0}.Release|ARM.ActiveCfg = Release|ARM
		{A3729FB7-A43D-4543-8D23-D90A36EB49F0}.Release|ARM.Build.0 = Release|ARM
		{A3729FB7-A43D-4543-8D23-D90A36EB49F0}.Release|ARM.Deploy.0 = Release|ARM
		{A3729FB7-A43D-4543-8D23-D90A36EB49F0}.Release|iPhone.ActiveCfg = Release|x86
		{A3729FB7-A43D-4543-8D23-D90A36EB49F0}.Release|iPhone.Build.0 = Release|x86
		{A3729FB7-A43D-4543-8D23-D90A36EB49F0}.Release|iPhone.Deploy.0 = Release|x86
		{A3729FB7-A43D-4543-8D23-D90A36EB49F0}.Release|iPhoneSimulator.ActiveCfg = Release|x86
		{A3729FB7-A43D-4543-8D23-D90A36EB49F0}.Release|iPhoneSimulator.Build.0 = Release|x86
		{A3729FB7-A43D-4543-8D23-D90A36EB49F0}.Release|iPhoneSimulator.Deploy.0 = Release|x86
		{A3729FB7-A43D-4543-8D23-D90A36EB49F0}.Release|x64.ActiveCfg = Release|x64
		{A3729FB7-A43D-4543-8D23-D90A36EB49F0}.Release|x64.Build.0 = Release|x64
		{A3729FB7-A43D-4543-8D23-D90A36EB49F0}.Release|x64.Deploy.0 = Release|x64
		{A3729FB7-A43D-4543-8D23-D90A36EB49F0}.Release|x86.ActiveCfg = Release|x86
		{A3729FB7-A43D-4543-8D23-D90A36EB49F0}.Release|x86.Build.0 = Release|x86
		{A3729FB7-A43D-4543-8D23-D90A36EB49F0}.Release|x86.Deploy.0 = Release|x86
		{E203B859-CC2B-4C8C-B425-A2CDBD622559}.Debug|Any CPU.ActiveCfg = Debug|Any CPU
		{E203B859-CC2B-4C8C-B425-A2CDBD622559}.Debug|Any CPU.Build.0 = Debug|Any CPU
		{E203B859-CC2B-4C8C-B425-A2CDBD622559}.Debug|Any CPU.Deploy.0 = Debug|Any CPU
		{E203B859-CC2B-4C8C-B425-A2CDBD622559}.Debug|ARM.ActiveCfg = Debug|Any CPU
		{E203B859-CC2B-4C8C-B425-A2CDBD622559}.Debug|ARM.Build.0 = Debug|Any CPU
		{E203B859-CC2B-4C8C-B425-A2CDBD622559}.Debug|ARM.Deploy.0 = Debug|Any CPU
		{E203B859-CC2B-4C8C-B425-A2CDBD622559}.Debug|iPhone.ActiveCfg = Debug|Any CPU
		{E203B859-CC2B-4C8C-B425-A2CDBD622559}.Debug|iPhone.Build.0 = Debug|Any CPU
		{E203B859-CC2B-4C8C-B425-A2CDBD622559}.Debug|iPhone.Deploy.0 = Debug|Any CPU
		{E203B859-CC2B-4C8C-B425-A2CDBD622559}.Debug|iPhoneSimulator.ActiveCfg = Debug|Any CPU
		{E203B859-CC2B-4C8C-B425-A2CDBD622559}.Debug|iPhoneSimulator.Build.0 = Debug|Any CPU
		{E203B859-CC2B-4C8C-B425-A2CDBD622559}.Debug|iPhoneSimulator.Deploy.0 = Debug|Any CPU
		{E203B859-CC2B-4C8C-B425-A2CDBD622559}.Debug|x64.ActiveCfg = Debug|Any CPU
		{E203B859-CC2B-4C8C-B425-A2CDBD622559}.Debug|x64.Build.0 = Debug|Any CPU
		{E203B859-CC2B-4C8C-B425-A2CDBD622559}.Debug|x64.Deploy.0 = Debug|Any CPU
		{E203B859-CC2B-4C8C-B425-A2CDBD622559}.Debug|x86.ActiveCfg = Debug|Any CPU
		{E203B859-CC2B-4C8C-B425-A2CDBD622559}.Debug|x86.Build.0 = Debug|Any CPU
		{E203B859-CC2B-4C8C-B425-A2CDBD622559}.Debug|x86.Deploy.0 = Debug|Any CPU
		{E203B859-CC2B-4C8C-B425-A2CDBD622559}.Release|Any CPU.ActiveCfg = Release|Any CPU
		{E203B859-CC2B-4C8C-B425-A2CDBD622559}.Release|Any CPU.Build.0 = Release|Any CPU
		{E203B859-CC2B-4C8C-B425-A2CDBD622559}.Release|Any CPU.Deploy.0 = Release|Any CPU
		{E203B859-CC2B-4C8C-B425-A2CDBD622559}.Release|ARM.ActiveCfg = Release|Any CPU
		{E203B859-CC2B-4C8C-B425-A2CDBD622559}.Release|ARM.Build.0 = Release|Any CPU
		{E203B859-CC2B-4C8C-B425-A2CDBD622559}.Release|ARM.Deploy.0 = Release|Any CPU
		{E203B859-CC2B-4C8C-B425-A2CDBD622559}.Release|iPhone.ActiveCfg = Release|Any CPU
		{E203B859-CC2B-4C8C-B425-A2CDBD622559}.Release|iPhone.Build.0 = Release|Any CPU
		{E203B859-CC2B-4C8C-B425-A2CDBD622559}.Release|iPhone.Deploy.0 = Release|Any CPU
		{E203B859-CC2B-4C8C-B425-A2CDBD622559}.Release|iPhoneSimulator.ActiveCfg = Release|Any CPU
		{E203B859-CC2B-4C8C-B425-A2CDBD622559}.Release|iPhoneSimulator.Build.0 = Release|Any CPU
		{E203B859-CC2B-4C8C-B425-A2CDBD622559}.Release|iPhoneSimulator.Deploy.0 = Release|Any CPU
		{E203B859-CC2B-4C8C-B425-A2CDBD622559}.Release|x64.ActiveCfg = Release|Any CPU
		{E203B859-CC2B-4C8C-B425-A2CDBD622559}.Release|x64.Build.0 = Release|Any CPU
		{E203B859-CC2B-4C8C-B425-A2CDBD622559}.Release|x64.Deploy.0 = Release|Any CPU
		{E203B859-CC2B-4C8C-B425-A2CDBD622559}.Release|x86.ActiveCfg = Release|Any CPU
		{E203B859-CC2B-4C8C-B425-A2CDBD622559}.Release|x86.Build.0 = Release|Any CPU
		{E203B859-CC2B-4C8C-B425-A2CDBD622559}.Release|x86.Deploy.0 = Release|Any CPU
		{04CC1713-0CDB-4A03-96CF-1224065AF936}.Debug|Any CPU.ActiveCfg = Debug|iPhoneSimulator
		{04CC1713-0CDB-4A03-96CF-1224065AF936}.Debug|Any CPU.Build.0 = Debug|iPhoneSimulator
		{04CC1713-0CDB-4A03-96CF-1224065AF936}.Debug|Any CPU.Deploy.0 = Debug|iPhoneSimulator
		{04CC1713-0CDB-4A03-96CF-1224065AF936}.Debug|ARM.ActiveCfg = Debug|iPhone
		{04CC1713-0CDB-4A03-96CF-1224065AF936}.Debug|ARM.Build.0 = Debug|iPhone
		{04CC1713-0CDB-4A03-96CF-1224065AF936}.Debug|ARM.Deploy.0 = Debug|iPhone
		{04CC1713-0CDB-4A03-96CF-1224065AF936}.Debug|iPhone.ActiveCfg = Debug|iPhone
		{04CC1713-0CDB-4A03-96CF-1224065AF936}.Debug|iPhone.Build.0 = Debug|iPhone
		{04CC1713-0CDB-4A03-96CF-1224065AF936}.Debug|iPhone.Deploy.0 = Debug|iPhone
		{04CC1713-0CDB-4A03-96CF-1224065AF936}.Debug|iPhoneSimulator.ActiveCfg = Debug|iPhoneSimulator
		{04CC1713-0CDB-4A03-96CF-1224065AF936}.Debug|iPhoneSimulator.Build.0 = Debug|iPhoneSimulator
		{04CC1713-0CDB-4A03-96CF-1224065AF936}.Debug|iPhoneSimulator.Deploy.0 = Debug|iPhoneSimulator
		{04CC1713-0CDB-4A03-96CF-1224065AF936}.Debug|x64.ActiveCfg = Debug|iPhoneSimulator
		{04CC1713-0CDB-4A03-96CF-1224065AF936}.Debug|x64.Build.0 = Debug|iPhoneSimulator
		{04CC1713-0CDB-4A03-96CF-1224065AF936}.Debug|x64.Deploy.0 = Debug|iPhoneSimulator
		{04CC1713-0CDB-4A03-96CF-1224065AF936}.Debug|x86.ActiveCfg = Debug|iPhoneSimulator
		{04CC1713-0CDB-4A03-96CF-1224065AF936}.Debug|x86.Build.0 = Debug|iPhoneSimulator
		{04CC1713-0CDB-4A03-96CF-1224065AF936}.Debug|x86.Deploy.0 = Debug|iPhoneSimulator
		{04CC1713-0CDB-4A03-96CF-1224065AF936}.Release|Any CPU.ActiveCfg = Release|iPhoneSimulator
		{04CC1713-0CDB-4A03-96CF-1224065AF936}.Release|Any CPU.Build.0 = Release|iPhoneSimulator
		{04CC1713-0CDB-4A03-96CF-1224065AF936}.Release|Any CPU.Deploy.0 = Release|iPhoneSimulator
		{04CC1713-0CDB-4A03-96CF-1224065AF936}.Release|ARM.ActiveCfg = Release|iPhoneSimulator
		{04CC1713-0CDB-4A03-96CF-1224065AF936}.Release|ARM.Build.0 = Release|iPhoneSimulator
		{04CC1713-0CDB-4A03-96CF-1224065AF936}.Release|ARM.Deploy.0 = Release|iPhoneSimulator
		{04CC1713-0CDB-4A03-96CF-1224065AF936}.Release|iPhone.ActiveCfg = Release|iPhone
		{04CC1713-0CDB-4A03-96CF-1224065AF936}.Release|iPhone.Build.0 = Release|iPhone
		{04CC1713-0CDB-4A03-96CF-1224065AF936}.Release|iPhone.Deploy.0 = Release|iPhone
		{04CC1713-0CDB-4A03-96CF-1224065AF936}.Release|iPhoneSimulator.ActiveCfg = Release|iPhoneSimulator
		{04CC1713-0CDB-4A03-96CF-1224065AF936}.Release|iPhoneSimulator.Build.0 = Release|iPhoneSimulator
		{04CC1713-0CDB-4A03-96CF-1224065AF936}.Release|iPhoneSimulator.Deploy.0 = Release|iPhoneSimulator
		{04CC1713-0CDB-4A03-96CF-1224065AF936}.Release|x64.ActiveCfg = Release|iPhoneSimulator
		{04CC1713-0CDB-4A03-96CF-1224065AF936}.Release|x64.Build.0 = Release|iPhoneSimulator
		{04CC1713-0CDB-4A03-96CF-1224065AF936}.Release|x64.Deploy.0 = Release|iPhoneSimulator
		{04CC1713-0CDB-4A03-96CF-1224065AF936}.Release|x86.ActiveCfg = Release|iPhoneSimulator
		{04CC1713-0CDB-4A03-96CF-1224065AF936}.Release|x86.Build.0 = Release|iPhoneSimulator
		{04CC1713-0CDB-4A03-96CF-1224065AF936}.Release|x86.Deploy.0 = Release|iPhoneSimulator
		{61FBFB32-B059-43D2-AA1F-CD9865C763C4}.Debug|Any CPU.ActiveCfg = Debug|Any CPU
		{61FBFB32-B059-43D2-AA1F-CD9865C763C4}.Debug|Any CPU.Build.0 = Debug|Any CPU
		{61FBFB32-B059-43D2-AA1F-CD9865C763C4}.Debug|Any CPU.Deploy.0 = Debug|Any CPU
		{61FBFB32-B059-43D2-AA1F-CD9865C763C4}.Debug|ARM.ActiveCfg = Debug|Any CPU
		{61FBFB32-B059-43D2-AA1F-CD9865C763C4}.Debug|ARM.Build.0 = Debug|Any CPU
		{61FBFB32-B059-43D2-AA1F-CD9865C763C4}.Debug|ARM.Deploy.0 = Debug|Any CPU
		{61FBFB32-B059-43D2-AA1F-CD9865C763C4}.Debug|iPhone.ActiveCfg = Debug|Any CPU
		{61FBFB32-B059-43D2-AA1F-CD9865C763C4}.Debug|iPhone.Build.0 = Debug|Any CPU
		{61FBFB32-B059-43D2-AA1F-CD9865C763C4}.Debug|iPhone.Deploy.0 = Debug|Any CPU
		{61FBFB32-B059-43D2-AA1F-CD9865C763C4}.Debug|iPhoneSimulator.ActiveCfg = Debug|Any CPU
		{61FBFB32-B059-43D2-AA1F-CD9865C763C4}.Debug|iPhoneSimulator.Build.0 = Debug|Any CPU
		{61FBFB32-B059-43D2-AA1F-CD9865C763C4}.Debug|iPhoneSimulator.Deploy.0 = Debug|Any CPU
		{61FBFB32-B059-43D2-AA1F-CD9865C763C4}.Debug|x64.ActiveCfg = Debug|Any CPU
		{61FBFB32-B059-43D2-AA1F-CD9865C763C4}.Debug|x64.Build.0 = Debug|Any CPU
		{61FBFB32-B059-43D2-AA1F-CD9865C763C4}.Debug|x64.Deploy.0 = Debug|Any CPU
		{61FBFB32-B059-43D2-AA1F-CD9865C763C4}.Debug|x86.ActiveCfg = Debug|Any CPU
		{61FBFB32-B059-43D2-AA1F-CD9865C763C4}.Debug|x86.Build.0 = Debug|Any CPU
		{61FBFB32-B059-43D2-AA1F-CD9865C763C4}.Debug|x86.Deploy.0 = Debug|Any CPU
		{61FBFB32-B059-43D2-AA1F-CD9865C763C4}.Release|Any CPU.ActiveCfg = Release|Any CPU
		{61FBFB32-B059-43D2-AA1F-CD9865C763C4}.Release|Any CPU.Build.0 = Release|Any CPU
		{61FBFB32-B059-43D2-AA1F-CD9865C763C4}.Release|Any CPU.Deploy.0 = Release|Any CPU
		{61FBFB32-B059-43D2-AA1F-CD9865C763C4}.Release|ARM.ActiveCfg = Release|Any CPU
		{61FBFB32-B059-43D2-AA1F-CD9865C763C4}.Release|ARM.Build.0 = Release|Any CPU
		{61FBFB32-B059-43D2-AA1F-CD9865C763C4}.Release|ARM.Deploy.0 = Release|Any CPU
		{61FBFB32-B059-43D2-AA1F-CD9865C763C4}.Release|iPhone.ActiveCfg = Release|Any CPU
		{61FBFB32-B059-43D2-AA1F-CD9865C763C4}.Release|iPhone.Build.0 = Release|Any CPU
		{61FBFB32-B059-43D2-AA1F-CD9865C763C4}.Release|iPhone.Deploy.0 = Release|Any CPU
		{61FBFB32-B059-43D2-AA1F-CD9865C763C4}.Release|iPhoneSimulator.ActiveCfg = Release|Any CPU
		{61FBFB32-B059-43D2-AA1F-CD9865C763C4}.Release|iPhoneSimulator.Build.0 = Release|Any CPU
		{61FBFB32-B059-43D2-AA1F-CD9865C763C4}.Release|iPhoneSimulator.Deploy.0 = Release|Any CPU
		{61FBFB32-B059-43D2-AA1F-CD9865C763C4}.Release|x64.ActiveCfg = Release|Any CPU
		{61FBFB32-B059-43D2-AA1F-CD9865C763C4}.Release|x64.Build.0 = Release|Any CPU
		{61FBFB32-B059-43D2-AA1F-CD9865C763C4}.Release|x64.Deploy.0 = Release|Any CPU
		{61FBFB32-B059-43D2-AA1F-CD9865C763C4}.Release|x86.ActiveCfg = Release|Any CPU
		{61FBFB32-B059-43D2-AA1F-CD9865C763C4}.Release|x86.Build.0 = Release|Any CPU
		{61FBFB32-B059-43D2-AA1F-CD9865C763C4}.Release|x86.Deploy.0 = Release|Any CPU
	EndGlobalSection
	GlobalSection(SolutionProperties) = preSolution
		HideSolutionNode = FALSE
	EndGlobalSection
	GlobalSection(ExtensibilityGlobals) = postSolution
		SolutionGuid = {D6BB03B3-6C4C-4504-893C-EE784A4149C9}
	EndGlobalSection
EndGlobal
