
Microsoft Visual Studio Solution File, Format Version 12.00
# Visual Studio Version 16
VisualStudioVersion = 16.0.33920.266
MinimumVisualStudioVersion = 10.0.40219.1
Project("{FAE04EC0-301F-11D3-BF4B-00C04F79EFBC}") = "App13_MultiplasFontes.UWP", "App13_MultiplasFontes\App13_MultiplasFontes.UWP\App13_MultiplasFontes.UWP.csproj", "{29FAD65B-28F8-4173-B318-96D43D4A1EBA}"
EndProject
Project("{FAE04EC0-301F-11D3-BF4B-00C04F79EFBC}") = "App13_MultiplasFontes.Android", "App13_MultiplasFontes\App13_MultiplasFontes.Android\App13_MultiplasFontes.Android.csproj", "{C1C28AC5-84BD-4215-A085-DCF47AE9501A}"
EndProject
Project("{FAE04EC0-301F-11D3-BF4B-00C04F79EFBC}") = "App13_MultiplasFontes.iOS", "App13_MultiplasFontes\App13_MultiplasFontes.iOS\App13_MultiplasFontes.iOS.csproj", "{FB4F2156-03E4-4F1C-9E8E-C86E5EB3B019}"
EndProject
Project("{FAE04EC0-301F-11D3-BF4B-00C04F79EFBC}") = "App13_MultiplasFontes", "App13_MultiplasFontes\App13_MultiplasFontes\App13_MultiplasFontes.csproj", "{77359BA5-A911-4361-BC85-9E97DC5A5E51}"
EndProject
Global
	GlobalSection(SolutionConfigurationPlatforms) = preSolution
		Debug|Any CPU = Debug|Any CPU
		Debug|ARM = Debug|ARM
		Debug|iPhone = Debug|iPhone
		Debug|iPhoneSimulator = Debug|iPhoneSimulator
		Debug|x64 = Debug|x64
		Debug|x86 = Debug|x86
		Release|Any CPU = Release|Any CPU
		Release|ARM = Release|ARM
		Release|iPhone = Release|iPhone
		Release|iPhoneSimulator = Release|iPhoneSimulator
		Release|x64 = Release|x64
		Release|x86 = Release|x86
	EndGlobalSection
	GlobalSection(ProjectConfigurationPlatforms) = postSolution
		{29FAD65B-28F8-4173-B318-96D43D4A1EBA}.Debug|Any CPU.ActiveCfg = Debug|x86
		{29FAD65B-28F8-4173-B318-96D43D4A1EBA}.Debug|Any CPU.Build.0 = Debug|x86
		{29FAD65B-28F8-4173-B318-96D43D4A1EBA}.Debug|Any CPU.Deploy.0 = Debug|x86
		{29FAD65B-28F8-4173-B318-96D43D4A1EBA}.Debug|ARM.ActiveCfg = Debug|ARM
		{29FAD65B-28F8-4173-B318-96D43D4A1EBA}.Debug|ARM.Build.0 = Debug|ARM
		{29FAD65B-28F8-4173-B318-96D43D4A1EBA}.Debug|ARM.Deploy.0 = Debug|ARM
		{29FAD65B-28F8-4173-B318-96D43D4A1EBA}.Debug|iPhone.ActiveCfg = Debug|x86
		{29FAD65B-28F8-4173-B318-96D43D4A1EBA}.Debug|iPhone.Build.0 = Debug|x86
		{29FAD65B-28F8-4173-B318-96D43D4A1EBA}.Debug|iPhone.Deploy.0 = Debug|x86
		{29FAD65B-28F8-4173-B318-96D43D4A1EBA}.Debug|iPhoneSimulator.ActiveCfg = Debug|x86
		{29FAD65B-28F8-4173-B318-96D43D4A1EBA}.Debug|iPhoneSimulator.Build.0 = Debug|x86
		{29FAD65B-28F8-4173-B318-96D43D4A1EBA}.Debug|iPhoneSimulator.Deploy.0 = Debug|x86
		{29FAD65B-28F8-4173-B318-96D43D4A1EBA}.Debug|x64.ActiveCfg = Debug|x64
		{29FAD65B-28F8-4173-B318-96D43D4A1EBA}.Debug|x64.Build.0 = Debug|x64
		{29FAD65B-28F8-4173-B318-96D43D4A1EBA}.Debug|x64.Deploy.0 = Debug|x64
		{29FAD65B-28F8-4173-B318-96D43D4A1EBA}.Debug|x86.ActiveCfg = Debug|x86
		{29FAD65B-28F8-4173-B318-96D43D4A1EBA}.Debug|x86.Build.0 = Debug|x86
		{29FAD65B-28F8-4173-B318-96D43D4A1EBA}.Debug|x86.Deploy.0 = Debug|x86
		{29FAD65B-28F8-4173-B318-96D43D4A1EBA}.Release|Any CPU.ActiveCfg = Release|x86
		{29FAD65B-28F8-4173-B318-96D43D4A1EBA}.Release|Any CPU.Build.0 = Release|x86
		{29FAD65B-28F8-4173-B318-96D43D4A1EBA}.Release|Any CPU.Deploy.0 = Release|x86
		{29FAD65B-28F8-4173-B318-96D43D4A1EBA}.Release|ARM.ActiveCfg = Release|ARM
		{29FAD65B-28F8-4173-B318-96D43D4A1EBA}.Release|ARM.Build.0 = Release|ARM
		{29FAD65B-28F8-4173-B318-96D43D4A1EBA}.Release|ARM.Deploy.0 = Release|ARM
		{29FAD65B-28F8-4173-B318-96D43D4A1EBA}.Release|iPhone.ActiveCfg = Release|x86
		{29FAD65B-28F8-4173-B318-96D43D4A1EBA}.Release|iPhone.Build.0 = Release|x86
		{29FAD65B-28F8-4173-B318-96D43D4A1EBA}.Release|iPhone.Deploy.0 = Release|x86
		{29FAD65B-28F8-4173-B318-96D43D4A1EBA}.Release|iPhoneSimulator.ActiveCfg = Release|x86
		{29FAD65B-28F8-4173-B318-96D43D4A1EBA}.Release|iPhoneSimulator.Build.0 = Release|x86
		{29FAD65B-28F8-4173-B318-96D43D4A1EBA}.Release|iPhoneSimulator.Deploy.0 = Release|x86
		{29FAD65B-28F8-4173-B318-96D43D4A1EBA}.Release|x64.ActiveCfg = Release|x64
		{29FAD65B-28F8-4173-B318-96D43D4A1EBA}.Release|x64.Build.0 = Release|x64
		{29FAD65B-28F8-4173-B318-96D43D4A1EBA}.Release|x64.Deploy.0 = Release|x64
		{29FAD65B-28F8-4173-B318-96D43D4A1EBA}.Release|x86.ActiveCfg = Release|x86
		{29FAD65B-28F8-4173-B318-96D43D4A1EBA}.Release|x86.Build.0 = Release|x86
		{29FAD65B-28F8-4173-B318-96D43D4A1EBA}.Release|x86.Deploy.0 = Release|x86
		{C1C28AC5-84BD-4215-A085-DCF47AE9501A}.Debug|Any CPU.ActiveCfg = Debug|Any CPU
		{C1C28AC5-84BD-4215-A085-DCF47AE9501A}.Debug|Any CPU.Build.0 = Debug|Any CPU
		{C1C28AC5-84BD-4215-A085-DCF47AE9501A}.Debug|Any CPU.Deploy.0 = Debug|Any CPU
		{C1C28AC5-84BD-4215-A085-DCF47AE9501A}.Debug|ARM.ActiveCfg = Debug|Any CPU
		{C1C28AC5-84BD-4215-A085-DCF47AE9501A}.Debug|ARM.Build.0 = Debug|Any CPU
		{C1C28AC5-84BD-4215-A085-DCF47AE9501A}.Debug|ARM.Deploy.0 = Debug|Any CPU
		{C1C28AC5-84BD-4215-A085-DCF47AE9501A}.Debug|iPhone.ActiveCfg = Debug|Any CPU
		{C1C28AC5-84BD-4215-A085-DCF47AE9501A}.Debug|iPhone.Build.0 = Debug|Any CPU
		{C1C28AC5-84BD-4215-A085-DCF47AE9501A}.Debug|iPhone.Deploy.0 = Debug|Any CPU
		{C1C28AC5-84BD-4215-A085-DCF47AE9501A}.Debug|iPhoneSimulator.ActiveCfg = Debug|Any CPU
		{C1C28AC5-84BD-4215-A085-DCF47AE9501A}.Debug|iPhoneSimulator.Build.0 = Debug|Any CPU
		{C1C28AC5-84BD-4215-A085-DCF47AE9501A}.Debug|iPhoneSimulator.Deploy.0 = Debug|Any CPU
		{C1C28AC5-84BD-4215-A085-DCF47AE9501A}.Debug|x64.ActiveCfg = Debug|Any CPU
		{C1C28AC5-84BD-4215-A085-DCF47AE9501A}.Debug|x64.Build.0 = Debug|Any CPU
		{C1C28AC5-84BD-4215-A085-DCF47AE9501A}.Debug|x64.Deploy.0 = Debug|Any CPU
		{C1C28AC5-84BD-4215-A085-DCF47AE9501A}.Debug|x86.ActiveCfg = Debug|Any CPU
		{C1C28AC5-84BD-4215-A085-DCF47AE9501A}.Debug|x86.Build.0 = Debug|Any CPU
		{C1C28AC5-84BD-4215-A085-DCF47AE9501A}.Debug|x86.Deploy.0 = Debug|Any CPU
		{C1C28AC5-84BD-4215-A085-DCF47AE9501A}.Release|Any CPU.ActiveCfg = Release|Any CPU
		{C1C28AC5-84BD-4215-A085-DCF47AE9501A}.Release|Any CPU.Build.0 = Release|Any CPU
		{C1C28AC5-84BD-4215-A085-DCF47AE9501A}.Release|Any CPU.Deploy.0 = Release|Any CPU
		{C1C28AC5-84BD-4215-A085-DCF47AE9501A}.Release|ARM.ActiveCfg = Release|Any CPU
		{C1C28AC5-84BD-4215-A085-DCF47AE9501A}.Release|ARM.Build.0 = Release|Any CPU
		{C1C28AC5-84BD-4215-A085-DCF47AE9501A}.Release|ARM.Deploy.0 = Release|Any CPU
		{C1C28AC5-84BD-4215-A085-DCF47AE9501A}.Release|iPhone.ActiveCfg = Release|Any CPU
		{C1C28AC5-84BD-4215-A085-DCF47AE9501A}.Release|iPhone.Build.0 = Release|Any CPU
		{C1C28AC5-84BD-4215-A085-DCF47AE9501A}.Release|iPhone.Deploy.0 = Release|Any CPU
		{C1C28AC5-84BD-4215-A085-DCF47AE9501A}.Release|iPhoneSimulator.ActiveCfg = Release|Any CPU
		{C1C28AC5-84BD-4215-A085-DCF47AE9501A}.Release|iPhoneSimulator.Build.0 = Release|Any CPU
		{C1C28AC5-84BD-4215-A085-DCF47AE9501A}.Release|iPhoneSimulator.Deploy.0 = Release|Any CPU
		{C1C28AC5-84BD-4215-A085-DCF47AE9501A}.Release|x64.ActiveCfg = Release|Any CPU
		{C1C28AC5-84BD-4215-A085-DCF47AE9501A}.Release|x64.Build.0 = Release|Any CPU
		{C1C28AC5-84BD-4215-A085-DCF47AE9501A}.Release|x64.Deploy.0 = Release|Any CPU
		{C1C28AC5-84BD-4215-A085-DCF47AE9501A}.Release|x86.ActiveCfg = Release|Any CPU
		{C1C28AC5-84BD-4215-A085-DCF47AE9501A}.Release|x86.Build.0 = Release|Any CPU
		{C1C28AC5-84BD-4215-A085-DCF47AE9501A}.Release|x86.Deploy.0 = Release|Any CPU
		{FB4F2156-03E4-4F1C-9E8E-C86E5EB3B019}.Debug|Any CPU.ActiveCfg = Debug|iPhoneSimulator
		{FB4F2156-03E4-4F1C-9E8E-C86E5EB3B019}.Debug|Any CPU.Build.0 = Debug|iPhoneSimulator
		{FB4F2156-03E4-4F1C-9E8E-C86E5EB3B019}.Debug|Any CPU.Deploy.0 = Debug|iPhoneSimulator
		{FB4F2156-03E4-4F1C-9E8E-C86E5EB3B019}.Debug|ARM.ActiveCfg = Debug|iPhone
		{FB4F2156-03E4-4F1C-9E8E-C86E5EB3B019}.Debug|ARM.Build.0 = Debug|iPhone
		{FB4F2156-03E4-4F1C-9E8E-C86E5EB3B019}.Debug|ARM.Deploy.0 = Debug|iPhone
		{FB4F2156-03E4-4F1C-9E8E-C86E5EB3B019}.Debug|iPhone.ActiveCfg = Debug|iPhone
		{FB4F2156-03E4-4F1C-9E8E-C86E5EB3B019}.Debug|iPhone.Build.0 = Debug|iPhone
		{FB4F2156-03E4-4F1C-9E8E-C86E5EB3B019}.Debug|iPhone.Deploy.0 = Debug|iPhone
		{FB4F2156-03E4-4F1C-9E8E-C86E5EB3B019}.Debug|iPhoneSimulator.ActiveCfg = Debug|iPhoneSimulator
		{FB4F2156-03E4-4F1C-9E8E-C86E5EB3B019}.Debug|iPhoneSimulator.Build.0 = Debug|iPhoneSimulator
		{FB4F2156-03E4-4F1C-9E8E-C86E5EB3B019}.Debug|iPhoneSimulator.Deploy.0 = Debug|iPhoneSimulator
		{FB4F2156-03E4-4F1C-9E8E-C86E5EB3B019}.Debug|x64.ActiveCfg = Debug|iPhoneSimulator
		{FB4F2156-03E4-4F1C-9E8E-C86E5EB3B019}.Debug|x64.Build.0 = Debug|iPhoneSimulator
		{FB4F2156-03E4-4F1C-9E8E-C86E5EB3B019}.Debug|x64.Deploy.0 = Debug|iPhoneSimulator
		{FB4F2156-03E4-4F1C-9E8E-C86E5EB3B019}.Debug|x86.ActiveCfg = Debug|iPhoneSimulator
		{FB4F2156-03E4-4F1C-9E8E-C86E5EB3B019}.Debug|x86.Build.0 = Debug|iPhoneSimulator
		{FB4F2156-03E4-4F1C-9E8E-C86E5EB3B019}.Debug|x86.Deploy.0 = Debug|iPhoneSimulator
		{FB4F2156-03E4-4F1C-9E8E-C86E5EB3B019}.Release|Any CPU.ActiveCfg = Release|iPhoneSimulator
		{FB4F2156-03E4-4F1C-9E8E-C86E5EB3B019}.Release|Any CPU.Build.0 = Release|iPhoneSimulator
		{FB4F2156-03E4-4F1C-9E8E-C86E5EB3B019}.Release|Any CPU.Deploy.0 = Release|iPhoneSimulator
		{FB4F2156-03E4-4F1C-9E8E-C86E5EB3B019}.Release|ARM.ActiveCfg = Release|iPhoneSimulator
		{FB4F2156-03E4-4F1C-9E8E-C86E5EB3B019}.Release|ARM.Build.0 = Release|iPhoneSimulator
		{FB4F2156-03E4-4F1C-9E8E-C86E5EB3B019}.Release|ARM.Deploy.0 = Release|iPhoneSimulator
		{FB4F2156-03E4-4F1C-9E8E-C86E5EB3B019}.Release|iPhone.ActiveCfg = Release|iPhone
		{FB4F2156-03E4-4F1C-9E8E-C86E5EB3B019}.Release|iPhone.Build.0 = Release|iPhone
		{FB4F2156-03E4-4F1C-9E8E-C86E5EB3B019}.Release|iPhone.Deploy.0 = Release|iPhone
		{FB4F2156-03E4-4F1C-9E8E-C86E5EB3B019}.Release|iPhoneSimulator.ActiveCfg = Release|iPhoneSimulator
		{FB4F2156-03E4-4F1C-9E8E-C86E5EB3B019}.Release|iPhoneSimulator.Build.0 = Release|iPhoneSimulator
		{FB4F2156-03E4-4F1C-9E8E-C86E5EB3B019}.Release|iPhoneSimulator.Deploy.0 = Release|iPhoneSimulator
		{FB4F2156-03E4-4F1C-9E8E-C86E5EB3B019}.Release|x64.ActiveCfg = Release|iPhoneSimulator
		{FB4F2156-03E4-4F1C-9E8E-C86E5EB3B019}.Release|x64.Build.0 = Release|iPhoneSimulator
		{FB4F2156-03E4-4F1C-9E8E-C86E5EB3B019}.Release|x64.Deploy.0 = Release|iPhoneSimulator
		{FB4F2156-03E4-4F1C-9E8E-C86E5EB3B019}.Release|x86.ActiveCfg = Release|iPhoneSimulator
		{FB4F2156-03E4-4F1C-9E8E-C86E5EB3B019}.Release|x86.Build.0 = Release|iPhoneSimulator
		{FB4F2156-03E4-4F1C-9E8E-C86E5EB3B019}.Release|x86.Deploy.0 = Release|iPhoneSimulator
		{77359BA5-A911-4361-BC85-9E97DC5A5E51}.Debug|Any CPU.ActiveCfg = Debug|Any CPU
		{77359BA5-A911-4361-BC85-9E97DC5A5E51}.Debug|Any CPU.Build.0 = Debug|Any CPU
		{77359BA5-A911-4361-BC85-9E97DC5A5E51}.Debug|Any CPU.Deploy.0 = Debug|Any CPU
		{77359BA5-A911-4361-BC85-9E97DC5A5E51}.Debug|ARM.ActiveCfg = Debug|Any CPU
		{77359BA5-A911-4361-BC85-9E97DC5A5E51}.Debug|ARM.Build.0 = Debug|Any CPU
		{77359BA5-A911-4361-BC85-9E97DC5A5E51}.Debug|ARM.Deploy.0 = Debug|Any CPU
		{77359BA5-A911-4361-BC85-9E97DC5A5E51}.Debug|iPhone.ActiveCfg = Debug|Any CPU
		{77359BA5-A911-4361-BC85-9E97DC5A5E51}.Debug|iPhone.Build.0 = Debug|Any CPU
		{77359BA5-A911-4361-BC85-9E97DC5A5E51}.Debug|iPhone.Deploy.0 = Debug|Any CPU
		{77359BA5-A911-4361-BC85-9E97DC5A5E51}.Debug|iPhoneSimulator.ActiveCfg = Debug|Any CPU
		{77359BA5-A911-4361-BC85-9E97DC5A5E51}.Debug|iPhoneSimulator.Build.0 = Debug|Any CPU
		{77359BA5-A911-4361-BC85-9E97DC5A5E51}.Debug|iPhoneSimulator.Deploy.0 = Debug|Any CPU
		{77359BA5-A911-4361-BC85-9E97DC5A5E51}.Debug|x64.ActiveCfg = Debug|Any CPU
		{77359BA5-A911-4361-BC85-9E97DC5A5E51}.Debug|x64.Build.0 = Debug|Any CPU
		{77359BA5-A911-4361-BC85-9E97DC5A5E51}.Debug|x64.Deploy.0 = Debug|Any CPU
		{77359BA5-A911-4361-BC85-9E97DC5A5E51}.Debug|x86.ActiveCfg = Debug|Any CPU
		{77359BA5-A911-4361-BC85-9E97DC5A5E51}.Debug|x86.Build.0 = Debug|Any CPU
		{77359BA5-A911-4361-BC85-9E97DC5A5E51}.Debug|x86.Deploy.0 = Debug|Any CPU
		{77359BA5-A911-4361-BC85-9E97DC5A5E51}.Release|Any CPU.ActiveCfg = Release|Any CPU
		{77359BA5-A911-4361-BC85-9E97DC5A5E51}.Release|Any CPU.Build.0 = Release|Any CPU
		{77359BA5-A911-4361-BC85-9E97DC5A5E51}.Release|Any CPU.Deploy.0 = Release|Any CPU
		{77359BA5-A911-4361-BC85-9E97DC5A5E51}.Release|ARM.ActiveCfg = Release|Any CPU
		{77359BA5-A911-4361-BC85-9E97DC5A5E51}.Release|ARM.Build.0 = Release|Any CPU
		{77359BA5-A911-4361-BC85-9E97DC5A5E51}.Release|ARM.Deploy.0 = Release|Any CPU
		{77359BA5-A911-4361-BC85-9E97DC5A5E51}.Release|iPhone.ActiveCfg = Release|Any CPU
		{77359BA5-A911-4361-BC85-9E97DC5A5E51}.Release|iPhone.Build.0 = Release|Any CPU
		{77359BA5-A911-4361-BC85-9E97DC5A5E51}.Release|iPhone.Deploy.0 = Release|Any CPU
		{77359BA5-A911-4361-BC85-9E97DC5A5E51}.Release|iPhoneSimulator.ActiveCfg = Release|Any CPU
		{77359BA5-A911-4361-BC85-9E97DC5A5E51}.Release|iPhoneSimulator.Build.0 = Release|Any CPU
		{77359BA5-A911-4361-BC85-9E97DC5A5E51}.Release|iPhoneSimulator.Deploy.0 = Release|Any CPU
		{77359BA5-A911-4361-BC85-9E97DC5A5E51}.Release|x64.ActiveCfg = Release|Any CPU
		{77359BA5-A911-4361-BC85-9E97DC5A5E51}.Release|x64.Build.0 = Release|Any CPU
		{77359BA5-A911-4361-BC85-9E97DC5A5E51}.Release|x64.Deploy.0 = Release|Any CPU
		{77359BA5-A911-4361-BC85-9E97DC5A5E51}.Release|x86.ActiveCfg = Release|Any CPU
		{77359BA5-A911-4361-BC85-9E97DC5A5E51}.Release|x86.Build.0 = Release|Any CPU
		{77359BA5-A911-4361-BC85-9E97DC5A5E51}.Release|x86.Deploy.0 = Release|Any CPU
	EndGlobalSection
	GlobalSection(SolutionProperties) = preSolution
		HideSolutionNode = FALSE
	EndGlobalSection
	GlobalSection(ExtensibilityGlobals) = postSolution
		SolutionGuid = {5FC9EA54-5A94-4DB0-BA39-29ACD72722AB}
	EndGlobalSection
EndGlobal
