
Microsoft Visual Studio Solution File, Format Version 12.00
# Visual Studio Version 16
VisualStudioVersion = 16.0.33920.266
MinimumVisualStudioVersion = 10.0.40219.1
Project("{FAE04EC0-301F-11D3-BF4B-00C04F79EFBC}") = "App12_FrameworkPrism.UWP", "App12_FrameworkPrism\App12_FrameworkPrism.UWP\App12_FrameworkPrism.UWP.csproj", "{40146EF2-0D25-49D4-9E71-7486DAF4E46B}"
EndProject
Project("{FAE04EC0-301F-11D3-BF4B-00C04F79EFBC}") = "App12_FrameworkPrism.Android", "App12_FrameworkPrism\App12_FrameworkPrism.Android\App12_FrameworkPrism.Android.csproj", "{9B15C032-95D7-46FD-812C-F9E1C59AD93E}"
EndProject
Project("{FAE04EC0-301F-11D3-BF4B-00C04F79EFBC}") = "App12_FrameworkPrism.iOS", "App12_FrameworkPrism\App12_FrameworkPrism.iOS\App12_FrameworkPrism.iOS.csproj", "{AA73B6C0-E28C-4057-89AF-78287146A13F}"
EndProject
Project("{FAE04EC0-301F-11D3-BF4B-00C04F79EFBC}") = "App12_FrameworkPrism", "App12_FrameworkPrism\App12_FrameworkPrism\App12_FrameworkPrism.csproj", "{5211E219-F9C9-4833-9EE6-BBC26BD2A927}"
EndProject
Global
	GlobalSection(SolutionConfigurationPlatforms) = preSolution
		Debug|Any CPU = Debug|Any CPU
		Debug|ARM = Debug|ARM
		Debug|iPhone = Debug|iPhone
		Debug|iPhoneSimulator = Debug|iPhoneSimulator
		Debug|x64 = Debug|x64
		Debug|x86 = Debug|x86
		Release|Any CPU = Release|Any CPU
		Release|ARM = Release|ARM
		Release|iPhone = Release|iPhone
		Release|iPhoneSimulator = Release|iPhoneSimulator
		Release|x64 = Release|x64
		Release|x86 = Release|x86
	EndGlobalSection
	GlobalSection(ProjectConfigurationPlatforms) = postSolution
		{40146EF2-0D25-49D4-9E71-7486DAF4E46B}.Debug|Any CPU.ActiveCfg = Debug|x86
		{40146EF2-0D25-49D4-9E71-7486DAF4E46B}.Debug|Any CPU.Build.0 = Debug|x86
		{40146EF2-0D25-49D4-9E71-7486DAF4E46B}.Debug|Any CPU.Deploy.0 = Debug|x86
		{40146EF2-0D25-49D4-9E71-7486DAF4E46B}.Debug|ARM.ActiveCfg = Debug|ARM
		{40146EF2-0D25-49D4-9E71-7486DAF4E46B}.Debug|ARM.Build.0 = Debug|ARM
		{40146EF2-0D25-49D4-9E71-7486DAF4E46B}.Debug|ARM.Deploy.0 = Debug|ARM
		{40146EF2-0D25-49D4-9E71-7486DAF4E46B}.Debug|iPhone.ActiveCfg = Debug|x86
		{40146EF2-0D25-49D4-9E71-7486DAF4E46B}.Debug|iPhone.Build.0 = Debug|x86
		{40146EF2-0D25-49D4-9E71-7486DAF4E46B}.Debug|iPhone.Deploy.0 = Debug|x86
		{40146EF2-0D25-49D4-9E71-7486DAF4E46B}.Debug|iPhoneSimulator.ActiveCfg = Debug|x86
		{40146EF2-0D25-49D4-9E71-7486DAF4E46B}.Debug|iPhoneSimulator.Build.0 = Debug|x86
		{40146EF2-0D25-49D4-9E71-7486DAF4E46B}.Debug|iPhoneSimulator.Deploy.0 = Debug|x86
		{40146EF2-0D25-49D4-9E71-7486DAF4E46B}.Debug|x64.ActiveCfg = Debug|x64
		{40146EF2-0D25-49D4-9E71-7486DAF4E46B}.Debug|x64.Build.0 = Debug|x64
		{40146EF2-0D25-49D4-9E71-7486DAF4E46B}.Debug|x64.Deploy.0 = Debug|x64
		{40146EF2-0D25-49D4-9E71-7486DAF4E46B}.Debug|x86.ActiveCfg = Debug|x86
		{40146EF2-0D25-49D4-9E71-7486DAF4E46B}.Debug|x86.Build.0 = Debug|x86
		{40146EF2-0D25-49D4-9E71-7486DAF4E46B}.Debug|x86.Deploy.0 = Debug|x86
		{40146EF2-0D25-49D4-9E71-7486DAF4E46B}.Release|Any CPU.ActiveCfg = Release|x86
		{40146EF2-0D25-49D4-9E71-7486DAF4E46B}.Release|Any CPU.Build.0 = Release|x86
		{40146EF2-0D25-49D4-9E71-7486DAF4E46B}.Release|Any CPU.Deploy.0 = Release|x86
		{40146EF2-0D25-49D4-9E71-7486DAF4E46B}.Release|ARM.ActiveCfg = Release|ARM
		{40146EF2-0D25-49D4-9E71-7486DAF4E46B}.Release|ARM.Build.0 = Release|ARM
		{40146EF2-0D25-49D4-9E71-7486DAF4E46B}.Release|ARM.Deploy.0 = Release|ARM
		{40146EF2-0D25-49D4-9E71-7486DAF4E46B}.Release|iPhone.ActiveCfg = Release|x86
		{40146EF2-0D25-49D4-9E71-7486DAF4E46B}.Release|iPhone.Build.0 = Release|x86
		{40146EF2-0D25-49D4-9E71-7486DAF4E46B}.Release|iPhone.Deploy.0 = Release|x86
		{40146EF2-0D25-49D4-9E71-7486DAF4E46B}.Release|iPhoneSimulator.ActiveCfg = Release|x86
		{40146EF2-0D25-49D4-9E71-7486DAF4E46B}.Release|iPhoneSimulator.Build.0 = Release|x86
		{40146EF2-0D25-49D4-9E71-7486DAF4E46B}.Release|iPhoneSimulator.Deploy.0 = Release|x86
		{40146EF2-0D25-49D4-9E71-7486DAF4E46B}.Release|x64.ActiveCfg = Release|x64
		{40146EF2-0D25-49D4-9E71-7486DAF4E46B}.Release|x64.Build.0 = Release|x64
		{40146EF2-0D25-49D4-9E71-7486DAF4E46B}.Release|x64.Deploy.0 = Release|x64
		{40146EF2-0D25-49D4-9E71-7486DAF4E46B}.Release|x86.ActiveCfg = Release|x86
		{40146EF2-0D25-49D4-9E71-7486DAF4E46B}.Release|x86.Build.0 = Release|x86
		{40146EF2-0D25-49D4-9E71-7486DAF4E46B}.Release|x86.Deploy.0 = Release|x86
		{9B15C032-95D7-46FD-812C-F9E1C59AD93E}.Debug|Any CPU.ActiveCfg = Debug|Any CPU
		{9B15C032-95D7-46FD-812C-F9E1C59AD93E}.Debug|Any CPU.Build.0 = Debug|Any CPU
		{9B15C032-95D7-46FD-812C-F9E1C59AD93E}.Debug|Any CPU.Deploy.0 = Debug|Any CPU
		{9B15C032-95D7-46FD-812C-F9E1C59AD93E}.Debug|ARM.ActiveCfg = Debug|Any CPU
		{9B15C032-95D7-46FD-812C-F9E1C59AD93E}.Debug|ARM.Build.0 = Debug|Any CPU
		{9B15C032-95D7-46FD-812C-F9E1C59AD93E}.Debug|ARM.Deploy.0 = Debug|Any CPU
		{9B15C032-95D7-46FD-812C-F9E1C59AD93E}.Debug|iPhone.ActiveCfg = Debug|Any CPU
		{9B15C032-95D7-46FD-812C-F9E1C59AD93E}.Debug|iPhone.Build.0 = Debug|Any CPU
		{9B15C032-95D7-46FD-812C-F9E1C59AD93E}.Debug|iPhone.Deploy.0 = Debug|Any CPU
		{9B15C032-95D7-46FD-812C-F9E1C59AD93E}.Debug|iPhoneSimulator.ActiveCfg = Debug|Any CPU
		{9B15C032-95D7-46FD-812C-F9E1C59AD93E}.Debug|iPhoneSimulator.Build.0 = Debug|Any CPU
		{9B15C032-95D7-46FD-812C-F9E1C59AD93E}.Debug|iPhoneSimulator.Deploy.0 = Debug|Any CPU
		{9B15C032-95D7-46FD-812C-F9E1C59AD93E}.Debug|x64.ActiveCfg = Debug|Any CPU
		{9B15C032-95D7-46FD-812C-F9E1C59AD93E}.Debug|x64.Build.0 = Debug|Any CPU
		{9B15C032-95D7-46FD-812C-F9E1C59AD93E}.Debug|x64.Deploy.0 = Debug|Any CPU
		{9B15C032-95D7-46FD-812C-F9E1C59AD93E}.Debug|x86.ActiveCfg = Debug|Any CPU
		{9B15C032-95D7-46FD-812C-F9E1C59AD93E}.Debug|x86.Build.0 = Debug|Any CPU
		{9B15C032-95D7-46FD-812C-F9E1C59AD93E}.Debug|x86.Deploy.0 = Debug|Any CPU
		{9B15C032-95D7-46FD-812C-F9E1C59AD93E}.Release|Any CPU.ActiveCfg = Release|Any CPU
		{9B15C032-95D7-46FD-812C-F9E1C59AD93E}.Release|Any CPU.Build.0 = Release|Any CPU
		{9B15C032-95D7-46FD-812C-F9E1C59AD93E}.Release|Any CPU.Deploy.0 = Release|Any CPU
		{9B15C032-95D7-46FD-812C-F9E1C59AD93E}.Release|ARM.ActiveCfg = Release|Any CPU
		{9B15C032-95D7-46FD-812C-F9E1C59AD93E}.Release|ARM.Build.0 = Release|Any CPU
		{9B15C032-95D7-46FD-812C-F9E1C59AD93E}.Release|ARM.Deploy.0 = Release|Any CPU
		{9B15C032-95D7-46FD-812C-F9E1C59AD93E}.Release|iPhone.ActiveCfg = Release|Any CPU
		{9B15C032-95D7-46FD-812C-F9E1C59AD93E}.Release|iPhone.Build.0 = Release|Any CPU
		{9B15C032-95D7-46FD-812C-F9E1C59AD93E}.Release|iPhone.Deploy.0 = Release|Any CPU
		{9B15C032-95D7-46FD-812C-F9E1C59AD93E}.Release|iPhoneSimulator.ActiveCfg = Release|Any CPU
		{9B15C032-95D7-46FD-812C-F9E1C59AD93E}.Release|iPhoneSimulator.Build.0 = Release|Any CPU
		{9B15C032-95D7-46FD-812C-F9E1C59AD93E}.Release|iPhoneSimulator.Deploy.0 = Release|Any CPU
		{9B15C032-95D7-46FD-812C-F9E1C59AD93E}.Release|x64.ActiveCfg = Release|Any CPU
		{9B15C032-95D7-46FD-812C-F9E1C59AD93E}.Release|x64.Build.0 = Release|Any CPU
		{9B15C032-95D7-46FD-812C-F9E1C59AD93E}.Release|x64.Deploy.0 = Release|Any CPU
		{9B15C032-95D7-46FD-812C-F9E1C59AD93E}.Release|x86.ActiveCfg = Release|Any CPU
		{9B15C032-95D7-46FD-812C-F9E1C59AD93E}.Release|x86.Build.0 = Release|Any CPU
		{9B15C032-95D7-46FD-812C-F9E1C59AD93E}.Release|x86.Deploy.0 = Release|Any CPU
		{AA73B6C0-E28C-4057-89AF-78287146A13F}.Debug|Any CPU.ActiveCfg = Debug|iPhoneSimulator
		{AA73B6C0-E28C-4057-89AF-78287146A13F}.Debug|Any CPU.Build.0 = Debug|iPhoneSimulator
		{AA73B6C0-E28C-4057-89AF-78287146A13F}.Debug|Any CPU.Deploy.0 = Debug|iPhoneSimulator
		{AA73B6C0-E28C-4057-89AF-78287146A13F}.Debug|ARM.ActiveCfg = Debug|iPhone
		{AA73B6C0-E28C-4057-89AF-78287146A13F}.Debug|ARM.Build.0 = Debug|iPhone
		{AA73B6C0-E28C-4057-89AF-78287146A13F}.Debug|ARM.Deploy.0 = Debug|iPhone
		{AA73B6C0-E28C-4057-89AF-78287146A13F}.Debug|iPhone.ActiveCfg = Debug|iPhone
		{AA73B6C0-E28C-4057-89AF-78287146A13F}.Debug|iPhone.Build.0 = Debug|iPhone
		{AA73B6C0-E28C-4057-89AF-78287146A13F}.Debug|iPhone.Deploy.0 = Debug|iPhone
		{AA73B6C0-E28C-4057-89AF-78287146A13F}.Debug|iPhoneSimulator.ActiveCfg = Debug|iPhoneSimulator
		{AA73B6C0-E28C-4057-89AF-78287146A13F}.Debug|iPhoneSimulator.Build.0 = Debug|iPhoneSimulator
		{AA73B6C0-E28C-4057-89AF-78287146A13F}.Debug|iPhoneSimulator.Deploy.0 = Debug|iPhoneSimulator
		{AA73B6C0-E28C-4057-89AF-78287146A13F}.Debug|x64.ActiveCfg = Debug|iPhoneSimulator
		{AA73B6C0-E28C-4057-89AF-78287146A13F}.Debug|x64.Build.0 = Debug|iPhoneSimulator
		{AA73B6C0-E28C-4057-89AF-78287146A13F}.Debug|x64.Deploy.0 = Debug|iPhoneSimulator
		{AA73B6C0-E28C-4057-89AF-78287146A13F}.Debug|x86.ActiveCfg = Debug|iPhoneSimulator
		{AA73B6C0-E28C-4057-89AF-78287146A13F}.Debug|x86.Build.0 = Debug|iPhoneSimulator
		{AA73B6C0-E28C-4057-89AF-78287146A13F}.Debug|x86.Deploy.0 = Debug|iPhoneSimulator
		{AA73B6C0-E28C-4057-89AF-78287146A13F}.Release|Any CPU.ActiveCfg = Release|iPhoneSimulator
		{AA73B6C0-E28C-4057-89AF-78287146A13F}.Release|Any CPU.Build.0 = Release|iPhoneSimulator
		{AA73B6C0-E28C-4057-89AF-78287146A13F}.Release|Any CPU.Deploy.0 = Release|iPhoneSimulator
		{AA73B6C0-E28C-4057-89AF-78287146A13F}.Release|ARM.ActiveCfg = Release|iPhoneSimulator
		{AA73B6C0-E28C-4057-89AF-78287146A13F}.Release|ARM.Build.0 = Release|iPhoneSimulator
		{AA73B6C0-E28C-4057-89AF-78287146A13F}.Release|ARM.Deploy.0 = Release|iPhoneSimulator
		{AA73B6C0-E28C-4057-89AF-78287146A13F}.Release|iPhone.ActiveCfg = Release|iPhone
		{AA73B6C0-E28C-4057-89AF-78287146A13F}.Release|iPhone.Build.0 = Release|iPhone
		{AA73B6C0-E28C-4057-89AF-78287146A13F}.Release|iPhone.Deploy.0 = Release|iPhone
		{AA73B6C0-E28C-4057-89AF-78287146A13F}.Release|iPhoneSimulator.ActiveCfg = Release|iPhoneSimulator
		{AA73B6C0-E28C-4057-89AF-78287146A13F}.Release|iPhoneSimulator.Build.0 = Release|iPhoneSimulator
		{AA73B6C0-E28C-4057-89AF-78287146A13F}.Release|iPhoneSimulator.Deploy.0 = Release|iPhoneSimulator
		{AA73B6C0-E28C-4057-89AF-78287146A13F}.Release|x64.ActiveCfg = Release|iPhoneSimulator
		{AA73B6C0-E28C-4057-89AF-78287146A13F}.Release|x64.Build.0 = Release|iPhoneSimulator
		{AA73B6C0-E28C-4057-89AF-78287146A13F}.Release|x64.Deploy.0 = Release|iPhoneSimulator
		{AA73B6C0-E28C-4057-89AF-78287146A13F}.Release|x86.ActiveCfg = Release|iPhoneSimulator
		{AA73B6C0-E28C-4057-89AF-78287146A13F}.Release|x86.Build.0 = Release|iPhoneSimulator
		{AA73B6C0-E28C-4057-89AF-78287146A13F}.Release|x86.Deploy.0 = Release|iPhoneSimulator
		{5211E219-F9C9-4833-9EE6-BBC26BD2A927}.Debug|Any CPU.ActiveCfg = Debug|Any CPU
		{5211E219-F9C9-4833-9EE6-BBC26BD2A927}.Debug|Any CPU.Build.0 = Debug|Any CPU
		{5211E219-F9C9-4833-9EE6-BBC26BD2A927}.Debug|Any CPU.Deploy.0 = Debug|Any CPU
		{5211E219-F9C9-4833-9EE6-BBC26BD2A927}.Debug|ARM.ActiveCfg = Debug|Any CPU
		{5211E219-F9C9-4833-9EE6-BBC26BD2A927}.Debug|ARM.Build.0 = Debug|Any CPU
		{5211E219-F9C9-4833-9EE6-BBC26BD2A927}.Debug|ARM.Deploy.0 = Debug|Any CPU
		{5211E219-F9C9-4833-9EE6-BBC26BD2A927}.Debug|iPhone.ActiveCfg = Debug|Any CPU
		{5211E219-F9C9-4833-9EE6-BBC26BD2A927}.Debug|iPhone.Build.0 = Debug|Any CPU
		{5211E219-F9C9-4833-9EE6-BBC26BD2A927}.Debug|iPhone.Deploy.0 = Debug|Any CPU
		{5211E219-F9C9-4833-9EE6-BBC26BD2A927}.Debug|iPhoneSimulator.ActiveCfg = Debug|Any CPU
		{5211E219-F9C9-4833-9EE6-BBC26BD2A927}.Debug|iPhoneSimulator.Build.0 = Debug|Any CPU
		{5211E219-F9C9-4833-9EE6-BBC26BD2A927}.Debug|iPhoneSimulator.Deploy.0 = Debug|Any CPU
		{5211E219-F9C9-4833-9EE6-BBC26BD2A927}.Debug|x64.ActiveCfg = Debug|Any CPU
		{5211E219-F9C9-4833-9EE6-BBC26BD2A927}.Debug|x64.Build.0 = Debug|Any CPU
		{5211E219-F9C9-4833-9EE6-BBC26BD2A927}.Debug|x64.Deploy.0 = Debug|Any CPU
		{5211E219-F9C9-4833-9EE6-BBC26BD2A927}.Debug|x86.ActiveCfg = Debug|Any CPU
		{5211E219-F9C9-4833-9EE6-BBC26BD2A927}.Debug|x86.Build.0 = Debug|Any CPU
		{5211E219-F9C9-4833-9EE6-BBC26BD2A927}.Debug|x86.Deploy.0 = Debug|Any CPU
		{5211E219-F9C9-4833-9EE6-BBC26BD2A927}.Release|Any CPU.ActiveCfg = Release|Any CPU
		{5211E219-F9C9-4833-9EE6-BBC26BD2A927}.Release|Any CPU.Build.0 = Release|Any CPU
		{5211E219-F9C9-4833-9EE6-BBC26BD2A927}.Release|Any CPU.Deploy.0 = Release|Any CPU
		{5211E219-F9C9-4833-9EE6-BBC26BD2A927}.Release|ARM.ActiveCfg = Release|Any CPU
		{5211E219-F9C9-4833-9EE6-BBC26BD2A927}.Release|ARM.Build.0 = Release|Any CPU
		{5211E219-F9C9-4833-9EE6-BBC26BD2A927}.Release|ARM.Deploy.0 = Release|Any CPU
		{5211E219-F9C9-4833-9EE6-BBC26BD2A927}.Release|iPhone.ActiveCfg = Release|Any CPU
		{5211E219-F9C9-4833-9EE6-BBC26BD2A927}.Release|iPhone.Build.0 = Release|Any CPU
		{5211E219-F9C9-4833-9EE6-BBC26BD2A927}.Release|iPhone.Deploy.0 = Release|Any CPU
		{5211E219-F9C9-4833-9EE6-BBC26BD2A927}.Release|iPhoneSimulator.ActiveCfg = Release|Any CPU
		{5211E219-F9C9-4833-9EE6-BBC26BD2A927}.Release|iPhoneSimulator.Build.0 = Release|Any CPU
		{5211E219-F9C9-4833-9EE6-BBC26BD2A927}.Release|iPhoneSimulator.Deploy.0 = Release|Any CPU
		{5211E219-F9C9-4833-9EE6-BBC26BD2A927}.Release|x64.ActiveCfg = Release|Any CPU
		{5211E219-F9C9-4833-9EE6-BBC26BD2A927}.Release|x64.Build.0 = Release|Any CPU
		{5211E219-F9C9-4833-9EE6-BBC26BD2A927}.Release|x64.Deploy.0 = Release|Any CPU
		{5211E219-F9C9-4833-9EE6-BBC26BD2A927}.Release|x86.ActiveCfg = Release|Any CPU
		{5211E219-F9C9-4833-9EE6-BBC26BD2A927}.Release|x86.Build.0 = Release|Any CPU
		{5211E219-F9C9-4833-9EE6-BBC26BD2A927}.Release|x86.Deploy.0 = Release|Any CPU
	EndGlobalSection
	GlobalSection(SolutionProperties) = preSolution
		HideSolutionNode = FALSE
	EndGlobalSection
	GlobalSection(ExtensibilityGlobals) = postSolution
		SolutionGuid = {814FA4FD-2FA1-4497-8FCE-B0494AE6C5D1}
	EndGlobalSection
EndGlobal
