
Microsoft Visual Studio Solution File, Format Version 12.00
# Visual Studio Version 16
VisualStudioVersion = 16.0.33920.266
MinimumVisualStudioVersion = 10.0.40219.1
Project("{FAE04EC0-301F-11D3-BF4B-00C04F79EFBC}") = "App08_MultiIdiomas.UWP", "App08_MultiIdiomas\App08_MultiIdiomas.UWP\App08_MultiIdiomas.UWP.csproj", "{F88FE70F-3FFA-434F-BD02-462784BEE849}"
EndProject
Project("{FAE04EC0-301F-11D3-BF4B-00C04F79EFBC}") = "App08_MultiIdiomas.Android", "App08_MultiIdiomas\App08_MultiIdiomas.Android\App08_MultiIdiomas.Android.csproj", "{8289560B-8BEA-4291-9D21-0D1CBB847399}"
EndProject
Project("{FAE04EC0-301F-11D3-BF4B-00C04F79EFBC}") = "App08_MultiIdiomas.iOS", "App08_MultiIdiomas\App08_MultiIdiomas.iOS\App08_MultiIdiomas.iOS.csproj", "{EE9D6E39-2922-4C35-A9C3-65EE062BE1F4}"
EndProject
Project("{FAE04EC0-301F-11D3-BF4B-00C04F79EFBC}") = "App08_MultiIdiomas", "App08_MultiIdiomas\App08_MultiIdiomas\App08_MultiIdiomas.csproj", "{C6192D1E-12B2-4CBF-B1BB-3FEDEA06D10F}"
EndProject
Global
	GlobalSection(SolutionConfigurationPlatforms) = preSolution
		Debug|Any CPU = Debug|Any CPU
		Debug|ARM = Debug|ARM
		Debug|iPhone = Debug|iPhone
		Debug|iPhoneSimulator = Debug|iPhoneSimulator
		Debug|x64 = Debug|x64
		Debug|x86 = Debug|x86
		Release|Any CPU = Release|Any CPU
		Release|ARM = Release|ARM
		Release|iPhone = Release|iPhone
		Release|iPhoneSimulator = Release|iPhoneSimulator
		Release|x64 = Release|x64
		Release|x86 = Release|x86
	EndGlobalSection
	GlobalSection(ProjectConfigurationPlatforms) = postSolution
		{F88FE70F-3FFA-434F-BD02-462784BEE849}.Debug|Any CPU.ActiveCfg = Debug|x86
		{F88FE70F-3FFA-434F-BD02-462784BEE849}.Debug|Any CPU.Build.0 = Debug|x86
		{F88FE70F-3FFA-434F-BD02-462784BEE849}.Debug|Any CPU.Deploy.0 = Debug|x86
		{F88FE70F-3FFA-434F-BD02-462784BEE849}.Debug|ARM.ActiveCfg = Debug|ARM
		{F88FE70F-3FFA-434F-BD02-462784BEE849}.Debug|ARM.Build.0 = Debug|ARM
		{F88FE70F-3FFA-434F-BD02-462784BEE849}.Debug|ARM.Deploy.0 = Debug|ARM
		{F88FE70F-3FFA-434F-BD02-462784BEE849}.Debug|iPhone.ActiveCfg = Debug|x86
		{F88FE70F-3FFA-434F-BD02-462784BEE849}.Debug|iPhone.Build.0 = Debug|x86
		{F88FE70F-3FFA-434F-BD02-462784BEE849}.Debug|iPhone.Deploy.0 = Debug|x86
		{F88FE70F-3FFA-434F-BD02-462784BEE849}.Debug|iPhoneSimulator.ActiveCfg = Debug|x86
		{F88FE70F-3FFA-434F-BD02-462784BEE849}.Debug|iPhoneSimulator.Build.0 = Debug|x86
		{F88FE70F-3FFA-434F-BD02-462784BEE849}.Debug|iPhoneSimulator.Deploy.0 = Debug|x86
		{F88FE70F-3FFA-434F-BD02-462784BEE849}.Debug|x64.ActiveCfg = Debug|x64
		{F88FE70F-3FFA-434F-BD02-462784BEE849}.Debug|x64.Build.0 = Debug|x64
		{F88FE70F-3FFA-434F-BD02-462784BEE849}.Debug|x64.Deploy.0 = Debug|x64
		{F88FE70F-3FFA-434F-BD02-462784BEE849}.Debug|x86.ActiveCfg = Debug|x86
		{F88FE70F-3FFA-434F-BD02-462784BEE849}.Debug|x86.Build.0 = Debug|x86
		{F88FE70F-3FFA-434F-BD02-462784BEE849}.Debug|x86.Deploy.0 = Debug|x86
		{F88FE70F-3FFA-434F-BD02-462784BEE849}.Release|Any CPU.ActiveCfg = Release|x86
		{F88FE70F-3FFA-434F-BD02-462784BEE849}.Release|Any CPU.Build.0 = Release|x86
		{F88FE70F-3FFA-434F-BD02-462784BEE849}.Release|Any CPU.Deploy.0 = Release|x86
		{F88FE70F-3FFA-434F-BD02-462784BEE849}.Release|ARM.ActiveCfg = Release|ARM
		{F88FE70F-3FFA-434F-BD02-462784BEE849}.Release|ARM.Build.0 = Release|ARM
		{F88FE70F-3FFA-434F-BD02-462784BEE849}.Release|ARM.Deploy.0 = Release|ARM
		{F88FE70F-3FFA-434F-BD02-462784BEE849}.Release|iPhone.ActiveCfg = Release|x86
		{F88FE70F-3FFA-434F-BD02-462784BEE849}.Release|iPhone.Build.0 = Release|x86
		{F88FE70F-3FFA-434F-BD02-462784BEE849}.Release|iPhone.Deploy.0 = Release|x86
		{F88FE70F-3FFA-434F-BD02-462784BEE849}.Release|iPhoneSimulator.ActiveCfg = Release|x86
		{F88FE70F-3FFA-434F-BD02-462784BEE849}.Release|iPhoneSimulator.Build.0 = Release|x86
		{F88FE70F-3FFA-434F-BD02-462784BEE849}.Release|iPhoneSimulator.Deploy.0 = Release|x86
		{F88FE70F-3FFA-434F-BD02-462784BEE849}.Release|x64.ActiveCfg = Release|x64
		{F88FE70F-3FFA-434F-BD02-462784BEE849}.Release|x64.Build.0 = Release|x64
		{F88FE70F-3FFA-434F-BD02-462784BEE849}.Release|x64.Deploy.0 = Release|x64
		{F88FE70F-3FFA-434F-BD02-462784BEE849}.Release|x86.ActiveCfg = Release|x86
		{F88FE70F-3FFA-434F-BD02-462784BEE849}.Release|x86.Build.0 = Release|x86
		{F88FE70F-3FFA-434F-BD02-462784BEE849}.Release|x86.Deploy.0 = Release|x86
		{8289560B-8BEA-4291-9D21-0D1CBB847399}.Debug|Any CPU.ActiveCfg = Debug|Any CPU
		{8289560B-8BEA-4291-9D21-0D1CBB847399}.Debug|Any CPU.Build.0 = Debug|Any CPU
		{8289560B-8BEA-4291-9D21-0D1CBB847399}.Debug|Any CPU.Deploy.0 = Debug|Any CPU
		{8289560B-8BEA-4291-9D21-0D1CBB847399}.Debug|ARM.ActiveCfg = Debug|Any CPU
		{8289560B-8BEA-4291-9D21-0D1CBB847399}.Debug|ARM.Build.0 = Debug|Any CPU
		{8289560B-8BEA-4291-9D21-0D1CBB847399}.Debug|ARM.Deploy.0 = Debug|Any CPU
		{8289560B-8BEA-4291-9D21-0D1CBB847399}.Debug|iPhone.ActiveCfg = Debug|Any CPU
		{8289560B-8BEA-4291-9D21-0D1CBB847399}.Debug|iPhone.Build.0 = Debug|Any CPU
		{8289560B-8BEA-4291-9D21-0D1CBB847399}.Debug|iPhone.Deploy.0 = Debug|Any CPU
		{8289560B-8BEA-4291-9D21-0D1CBB847399}.Debug|iPhoneSimulator.ActiveCfg = Debug|Any CPU
		{8289560B-8BEA-4291-9D21-0D1CBB847399}.Debug|iPhoneSimulator.Build.0 = Debug|Any CPU
		{8289560B-8BEA-4291-9D21-0D1CBB847399}.Debug|iPhoneSimulator.Deploy.0 = Debug|Any CPU
		{8289560B-8BEA-4291-9D21-0D1CBB847399}.Debug|x64.ActiveCfg = Debug|Any CPU
		{8289560B-8BEA-4291-9D21-0D1CBB847399}.Debug|x64.Build.0 = Debug|Any CPU
		{8289560B-8BEA-4291-9D21-0D1CBB847399}.Debug|x64.Deploy.0 = Debug|Any CPU
		{8289560B-8BEA-4291-9D21-0D1CBB847399}.Debug|x86.ActiveCfg = Debug|Any CPU
		{8289560B-8BEA-4291-9D21-0D1CBB847399}.Debug|x86.Build.0 = Debug|Any CPU
		{8289560B-8BEA-4291-9D21-0D1CBB847399}.Debug|x86.Deploy.0 = Debug|Any CPU
		{8289560B-8BEA-4291-9D21-0D1CBB847399}.Release|Any CPU.ActiveCfg = Release|Any CPU
		{8289560B-8BEA-4291-9D21-0D1CBB847399}.Release|Any CPU.Build.0 = Release|Any CPU
		{8289560B-8BEA-4291-9D21-0D1CBB847399}.Release|Any CPU.Deploy.0 = Release|Any CPU
		{8289560B-8BEA-4291-9D21-0D1CBB847399}.Release|ARM.ActiveCfg = Release|Any CPU
		{8289560B-8BEA-4291-9D21-0D1CBB847399}.Release|ARM.Build.0 = Release|Any CPU
		{8289560B-8BEA-4291-9D21-0D1CBB847399}.Release|ARM.Deploy.0 = Release|Any CPU
		{8289560B-8BEA-4291-9D21-0D1CBB847399}.Release|iPhone.ActiveCfg = Release|Any CPU
		{8289560B-8BEA-4291-9D21-0D1CBB847399}.Release|iPhone.Build.0 = Release|Any CPU
		{8289560B-8BEA-4291-9D21-0D1CBB847399}.Release|iPhone.Deploy.0 = Release|Any CPU
		{8289560B-8BEA-4291-9D21-0D1CBB847399}.Release|iPhoneSimulator.ActiveCfg = Release|Any CPU
		{8289560B-8BEA-4291-9D21-0D1CBB847399}.Release|iPhoneSimulator.Build.0 = Release|Any CPU
		{8289560B-8BEA-4291-9D21-0D1CBB847399}.Release|iPhoneSimulator.Deploy.0 = Release|Any CPU
		{8289560B-8BEA-4291-9D21-0D1CBB847399}.Release|x64.ActiveCfg = Release|Any CPU
		{8289560B-8BEA-4291-9D21-0D1CBB847399}.Release|x64.Build.0 = Release|Any CPU
		{8289560B-8BEA-4291-9D21-0D1CBB847399}.Release|x64.Deploy.0 = Release|Any CPU
		{8289560B-8BEA-4291-9D21-0D1CBB847399}.Release|x86.ActiveCfg = Release|Any CPU
		{8289560B-8BEA-4291-9D21-0D1CBB847399}.Release|x86.Build.0 = Release|Any CPU
		{8289560B-8BEA-4291-9D21-0D1CBB847399}.Release|x86.Deploy.0 = Release|Any CPU
		{EE9D6E39-2922-4C35-A9C3-65EE062BE1F4}.Debug|Any CPU.ActiveCfg = Debug|iPhoneSimulator
		{EE9D6E39-2922-4C35-A9C3-65EE062BE1F4}.Debug|Any CPU.Build.0 = Debug|iPhoneSimulator
		{EE9D6E39-2922-4C35-A9C3-65EE062BE1F4}.Debug|Any CPU.Deploy.0 = Debug|iPhoneSimulator
		{EE9D6E39-2922-4C35-A9C3-65EE062BE1F4}.Debug|ARM.ActiveCfg = Debug|iPhone
		{EE9D6E39-2922-4C35-A9C3-65EE062BE1F4}.Debug|ARM.Build.0 = Debug|iPhone
		{EE9D6E39-2922-4C35-A9C3-65EE062BE1F4}.Debug|ARM.Deploy.0 = Debug|iPhone
		{EE9D6E39-2922-4C35-A9C3-65EE062BE1F4}.Debug|iPhone.ActiveCfg = Debug|iPhone
		{EE9D6E39-2922-4C35-A9C3-65EE062BE1F4}.Debug|iPhone.Build.0 = Debug|iPhone
		{EE9D6E39-2922-4C35-A9C3-65EE062BE1F4}.Debug|iPhone.Deploy.0 = Debug|iPhone
		{EE9D6E39-2922-4C35-A9C3-65EE062BE1F4}.Debug|iPhoneSimulator.ActiveCfg = Debug|iPhoneSimulator
		{EE9D6E39-2922-4C35-A9C3-65EE062BE1F4}.Debug|iPhoneSimulator.Build.0 = Debug|iPhoneSimulator
		{EE9D6E39-2922-4C35-A9C3-65EE062BE1F4}.Debug|iPhoneSimulator.Deploy.0 = Debug|iPhoneSimulator
		{EE9D6E39-2922-4C35-A9C3-65EE062BE1F4}.Debug|x64.ActiveCfg = Debug|iPhoneSimulator
		{EE9D6E39-2922-4C35-A9C3-65EE062BE1F4}.Debug|x64.Build.0 = Debug|iPhoneSimulator
		{EE9D6E39-2922-4C35-A9C3-65EE062BE1F4}.Debug|x64.Deploy.0 = Debug|iPhoneSimulator
		{EE9D6E39-2922-4C35-A9C3-65EE062BE1F4}.Debug|x86.ActiveCfg = Debug|iPhoneSimulator
		{EE9D6E39-2922-4C35-A9C3-65EE062BE1F4}.Debug|x86.Build.0 = Debug|iPhoneSimulator
		{EE9D6E39-2922-4C35-A9C3-65EE062BE1F4}.Debug|x86.Deploy.0 = Debug|iPhoneSimulator
		{EE9D6E39-2922-4C35-A9C3-65EE062BE1F4}.Release|Any CPU.ActiveCfg = Release|iPhoneSimulator
		{EE9D6E39-2922-4C35-A9C3-65EE062BE1F4}.Release|Any CPU.Build.0 = Release|iPhoneSimulator
		{EE9D6E39-2922-4C35-A9C3-65EE062BE1F4}.Release|Any CPU.Deploy.0 = Release|iPhoneSimulator
		{EE9D6E39-2922-4C35-A9C3-65EE062BE1F4}.Release|ARM.ActiveCfg = Release|iPhoneSimulator
		{EE9D6E39-2922-4C35-A9C3-65EE062BE1F4}.Release|ARM.Build.0 = Release|iPhoneSimulator
		{EE9D6E39-2922-4C35-A9C3-65EE062BE1F4}.Release|ARM.Deploy.0 = Release|iPhoneSimulator
		{EE9D6E39-2922-4C35-A9C3-65EE062BE1F4}.Release|iPhone.ActiveCfg = Release|iPhone
		{EE9D6E39-2922-4C35-A9C3-65EE062BE1F4}.Release|iPhone.Build.0 = Release|iPhone
		{EE9D6E39-2922-4C35-A9C3-65EE062BE1F4}.Release|iPhone.Deploy.0 = Release|iPhone
		{EE9D6E39-2922-4C35-A9C3-65EE062BE1F4}.Release|iPhoneSimulator.ActiveCfg = Release|iPhoneSimulator
		{EE9D6E39-2922-4C35-A9C3-65EE062BE1F4}.Release|iPhoneSimulator.Build.0 = Release|iPhoneSimulator
		{EE9D6E39-2922-4C35-A9C3-65EE062BE1F4}.Release|iPhoneSimulator.Deploy.0 = Release|iPhoneSimulator
		{EE9D6E39-2922-4C35-A9C3-65EE062BE1F4}.Release|x64.ActiveCfg = Release|iPhoneSimulator
		{EE9D6E39-2922-4C35-A9C3-65EE062BE1F4}.Release|x64.Build.0 = Release|iPhoneSimulator
		{EE9D6E39-2922-4C35-A9C3-65EE062BE1F4}.Release|x64.Deploy.0 = Release|iPhoneSimulator
		{EE9D6E39-2922-4C35-A9C3-65EE062BE1F4}.Release|x86.ActiveCfg = Release|iPhoneSimulator
		{EE9D6E39-2922-4C35-A9C3-65EE062BE1F4}.Release|x86.Build.0 = Release|iPhoneSimulator
		{EE9D6E39-2922-4C35-A9C3-65EE062BE1F4}.Release|x86.Deploy.0 = Release|iPhoneSimulator
		{C6192D1E-12B2-4CBF-B1BB-3FEDEA06D10F}.Debug|Any CPU.ActiveCfg = Debug|Any CPU
		{C6192D1E-12B2-4CBF-B1BB-3FEDEA06D10F}.Debug|Any CPU.Build.0 = Debug|Any CPU
		{C6192D1E-12B2-4CBF-B1BB-3FEDEA06D10F}.Debug|Any CPU.Deploy.0 = Debug|Any CPU
		{C6192D1E-12B2-4CBF-B1BB-3FEDEA06D10F}.Debug|ARM.ActiveCfg = Debug|Any CPU
		{C6192D1E-12B2-4CBF-B1BB-3FEDEA06D10F}.Debug|ARM.Build.0 = Debug|Any CPU
		{C6192D1E-12B2-4CBF-B1BB-3FEDEA06D10F}.Debug|ARM.Deploy.0 = Debug|Any CPU
		{C6192D1E-12B2-4CBF-B1BB-3FEDEA06D10F}.Debug|iPhone.ActiveCfg = Debug|Any CPU
		{C6192D1E-12B2-4CBF-B1BB-3FEDEA06D10F}.Debug|iPhone.Build.0 = Debug|Any CPU
		{C6192D1E-12B2-4CBF-B1BB-3FEDEA06D10F}.Debug|iPhone.Deploy.0 = Debug|Any CPU
		{C6192D1E-12B2-4CBF-B1BB-3FEDEA06D10F}.Debug|iPhoneSimulator.ActiveCfg = Debug|Any CPU
		{C6192D1E-12B2-4CBF-B1BB-3FEDEA06D10F}.Debug|iPhoneSimulator.Build.0 = Debug|Any CPU
		{C6192D1E-12B2-4CBF-B1BB-3FEDEA06D10F}.Debug|iPhoneSimulator.Deploy.0 = Debug|Any CPU
		{C6192D1E-12B2-4CBF-B1BB-3FEDEA06D10F}.Debug|x64.ActiveCfg = Debug|Any CPU
		{C6192D1E-12B2-4CBF-B1BB-3FEDEA06D10F}.Debug|x64.Build.0 = Debug|Any CPU
		{C6192D1E-12B2-4CBF-B1BB-3FEDEA06D10F}.Debug|x64.Deploy.0 = Debug|Any CPU
		{C6192D1E-12B2-4CBF-B1BB-3FEDEA06D10F}.Debug|x86.ActiveCfg = Debug|Any CPU
		{C6192D1E-12B2-4CBF-B1BB-3FEDEA06D10F}.Debug|x86.Build.0 = Debug|Any CPU
		{C6192D1E-12B2-4CBF-B1BB-3FEDEA06D10F}.Debug|x86.Deploy.0 = Debug|Any CPU
		{C6192D1E-12B2-4CBF-B1BB-3FEDEA06D10F}.Release|Any CPU.ActiveCfg = Release|Any CPU
		{C6192D1E-12B2-4CBF-B1BB-3FEDEA06D10F}.Release|Any CPU.Build.0 = Release|Any CPU
		{C6192D1E-12B2-4CBF-B1BB-3FEDEA06D10F}.Release|Any CPU.Deploy.0 = Release|Any CPU
		{C6192D1E-12B2-4CBF-B1BB-3FEDEA06D10F}.Release|ARM.ActiveCfg = Release|Any CPU
		{C6192D1E-12B2-4CBF-B1BB-3FEDEA06D10F}.Release|ARM.Build.0 = Release|Any CPU
		{C6192D1E-12B2-4CBF-B1BB-3FEDEA06D10F}.Release|ARM.Deploy.0 = Release|Any CPU
		{C6192D1E-12B2-4CBF-B1BB-3FEDEA06D10F}.Release|iPhone.ActiveCfg = Release|Any CPU
		{C6192D1E-12B2-4CBF-B1BB-3FEDEA06D10F}.Release|iPhone.Build.0 = Release|Any CPU
		{C6192D1E-12B2-4CBF-B1BB-3FEDEA06D10F}.Release|iPhone.Deploy.0 = Release|Any CPU
		{C6192D1E-12B2-4CBF-B1BB-3FEDEA06D10F}.Release|iPhoneSimulator.ActiveCfg = Release|Any CPU
		{C6192D1E-12B2-4CBF-B1BB-3FEDEA06D10F}.Release|iPhoneSimulator.Build.0 = Release|Any CPU
		{C6192D1E-12B2-4CBF-B1BB-3FEDEA06D10F}.Release|iPhoneSimulator.Deploy.0 = Release|Any CPU
		{C6192D1E-12B2-4CBF-B1BB-3FEDEA06D10F}.Release|x64.ActiveCfg = Release|Any CPU
		{C6192D1E-12B2-4CBF-B1BB-3FEDEA06D10F}.Release|x64.Build.0 = Release|Any CPU
		{C6192D1E-12B2-4CBF-B1BB-3FEDEA06D10F}.Release|x64.Deploy.0 = Release|Any CPU
		{C6192D1E-12B2-4CBF-B1BB-3FEDEA06D10F}.Release|x86.ActiveCfg = Release|Any CPU
		{C6192D1E-12B2-4CBF-B1BB-3FEDEA06D10F}.Release|x86.Build.0 = Release|Any CPU
		{C6192D1E-12B2-4CBF-B1BB-3FEDEA06D10F}.Release|x86.Deploy.0 = Release|Any CPU
	EndGlobalSection
	GlobalSection(SolutionProperties) = preSolution
		HideSolutionNode = FALSE
	EndGlobalSection
	GlobalSection(ExtensibilityGlobals) = postSolution
		SolutionGuid = {AD6F9F7C-F128-4CC8-8E55-3C940722B852}
	EndGlobalSection
EndGlobal
