
Microsoft Visual Studio Solution File, Format Version 12.00
# Visual Studio Version 16
VisualStudioVersion = 16.0.33920.266
MinimumVisualStudioVersion = 10.0.40219.1
Project("{FAE04EC0-301F-11D3-BF4B-00C04F79EFBC}") = "App04_CustomControl.UWP", "App04_CustomControl\App04_CustomControl.UWP\App04_CustomControl.UWP.csproj", "{A756DABF-576A-46F3-95C8-1B849A76533E}"
EndProject
Project("{FAE04EC0-301F-11D3-BF4B-00C04F79EFBC}") = "App04_CustomControl.Android", "App04_CustomControl\App04_CustomControl.Android\App04_CustomControl.Android.csproj", "{6185530F-C11F-456D-BB47-755BAD1241C5}"
EndProject
Project("{FAE04EC0-301F-11D3-BF4B-00C04F79EFBC}") = "App04_CustomControl.iOS", "App04_CustomControl\App04_CustomControl.iOS\App04_CustomControl.iOS.csproj", "{1EBE858C-DEE1-48F5-90FF-15B0BD329DB9}"
EndProject
Project("{FAE04EC0-301F-11D3-BF4B-00C04F79EFBC}") = "App04_CustomControl", "App04_CustomControl\App04_CustomControl\App04_CustomControl.csproj", "{917D6475-F0C9-4A1E-AD95-366305072433}"
EndProject
Global
	GlobalSection(SolutionConfigurationPlatforms) = preSolution
		Debug|Any CPU = Debug|Any CPU
		Debug|ARM = Debug|ARM
		Debug|iPhone = Debug|iPhone
		Debug|iPhoneSimulator = Debug|iPhoneSimulator
		Debug|x64 = Debug|x64
		Debug|x86 = Debug|x86
		Release|Any CPU = Release|Any CPU
		Release|ARM = Release|ARM
		Release|iPhone = Release|iPhone
		Release|iPhoneSimulator = Release|iPhoneSimulator
		Release|x64 = Release|x64
		Release|x86 = Release|x86
	EndGlobalSection
	GlobalSection(ProjectConfigurationPlatforms) = postSolution
		{A756DABF-576A-46F3-95C8-1B849A76533E}.Debug|Any CPU.ActiveCfg = Debug|x86
		{A756DABF-576A-46F3-95C8-1B849A76533E}.Debug|Any CPU.Build.0 = Debug|x86
		{A756DABF-576A-46F3-95C8-1B849A76533E}.Debug|Any CPU.Deploy.0 = Debug|x86
		{A756DABF-576A-46F3-95C8-1B849A76533E}.Debug|ARM.ActiveCfg = Debug|ARM
		{A756DABF-576A-46F3-95C8-1B849A76533E}.Debug|ARM.Build.0 = Debug|ARM
		{A756DABF-576A-46F3-95C8-1B849A76533E}.Debug|ARM.Deploy.0 = Debug|ARM
		{A756DABF-576A-46F3-95C8-1B849A76533E}.Debug|iPhone.ActiveCfg = Debug|x86
		{A756DABF-576A-46F3-95C8-1B849A76533E}.Debug|iPhone.Build.0 = Debug|x86
		{A756DABF-576A-46F3-95C8-1B849A76533E}.Debug|iPhone.Deploy.0 = Debug|x86
		{A756DABF-576A-46F3-95C8-1B849A76533E}.Debug|iPhoneSimulator.ActiveCfg = Debug|x86
		{A756DABF-576A-46F3-95C8-1B849A76533E}.Debug|iPhoneSimulator.Build.0 = Debug|x86
		{A756DABF-576A-46F3-95C8-1B849A76533E}.Debug|iPhoneSimulator.Deploy.0 = Debug|x86
		{A756DABF-576A-46F3-95C8-1B849A76533E}.Debug|x64.ActiveCfg = Debug|x64
		{A756DABF-576A-46F3-95C8-1B849A76533E}.Debug|x64.Build.0 = Debug|x64
		{A756DABF-576A-46F3-95C8-1B849A76533E}.Debug|x64.Deploy.0 = Debug|x64
		{A756DABF-576A-46F3-95C8-1B849A76533E}.Debug|x86.ActiveCfg = Debug|x86
		{A756DABF-576A-46F3-95C8-1B849A76533E}.Debug|x86.Build.0 = Debug|x86
		{A756DABF-576A-46F3-95C8-1B849A76533E}.Debug|x86.Deploy.0 = Debug|x86
		{A756DABF-576A-46F3-95C8-1B849A76533E}.Release|Any CPU.ActiveCfg = Release|x86
		{A756DABF-576A-46F3-95C8-1B849A76533E}.Release|Any CPU.Build.0 = Release|x86
		{A756DABF-576A-46F3-95C8-1B849A76533E}.Release|Any CPU.Deploy.0 = Release|x86
		{A756DABF-576A-46F3-95C8-1B849A76533E}.Release|ARM.ActiveCfg = Release|ARM
		{A756DABF-576A-46F3-95C8-1B849A76533E}.Release|ARM.Build.0 = Release|ARM
		{A756DABF-576A-46F3-95C8-1B849A76533E}.Release|ARM.Deploy.0 = Release|ARM
		{A756DABF-576A-46F3-95C8-1B849A76533E}.Release|iPhone.ActiveCfg = Release|x86
		{A756DABF-576A-46F3-95C8-1B849A76533E}.Release|iPhone.Build.0 = Release|x86
		{A756DABF-576A-46F3-95C8-1B849A76533E}.Release|iPhone.Deploy.0 = Release|x86
		{A756DABF-576A-46F3-95C8-1B849A76533E}.Release|iPhoneSimulator.ActiveCfg = Release|x86
		{A756DABF-576A-46F3-95C8-1B849A76533E}.Release|iPhoneSimulator.Build.0 = Release|x86
		{A756DABF-576A-46F3-95C8-1B849A76533E}.Release|iPhoneSimulator.Deploy.0 = Release|x86
		{A756DABF-576A-46F3-95C8-1B849A76533E}.Release|x64.ActiveCfg = Release|x64
		{A756DABF-576A-46F3-95C8-1B849A76533E}.Release|x64.Build.0 = Release|x64
		{A756DABF-576A-46F3-95C8-1B849A76533E}.Release|x64.Deploy.0 = Release|x64
		{A756DABF-576A-46F3-95C8-1B849A76533E}.Release|x86.ActiveCfg = Release|x86
		{A756DABF-576A-46F3-95C8-1B849A76533E}.Release|x86.Build.0 = Release|x86
		{A756DABF-576A-46F3-95C8-1B849A76533E}.Release|x86.Deploy.0 = Release|x86
		{6185530F-C11F-456D-BB47-755BAD1241C5}.Debug|Any CPU.ActiveCfg = Debug|Any CPU
		{6185530F-C11F-456D-BB47-755BAD1241C5}.Debug|Any CPU.Build.0 = Debug|Any CPU
		{6185530F-C11F-456D-BB47-755BAD1241C5}.Debug|Any CPU.Deploy.0 = Debug|Any CPU
		{6185530F-C11F-456D-BB47-755BAD1241C5}.Debug|ARM.ActiveCfg = Debug|Any CPU
		{6185530F-C11F-456D-BB47-755BAD1241C5}.Debug|ARM.Build.0 = Debug|Any CPU
		{6185530F-C11F-456D-BB47-755BAD1241C5}.Debug|ARM.Deploy.0 = Debug|Any CPU
		{6185530F-C11F-456D-BB47-755BAD1241C5}.Debug|iPhone.ActiveCfg = Debug|Any CPU
		{6185530F-C11F-456D-BB47-755BAD1241C5}.Debug|iPhone.Build.0 = Debug|Any CPU
		{6185530F-C11F-456D-BB47-755BAD1241C5}.Debug|iPhone.Deploy.0 = Debug|Any CPU
		{6185530F-C11F-456D-BB47-755BAD1241C5}.Debug|iPhoneSimulator.ActiveCfg = Debug|Any CPU
		{6185530F-C11F-456D-BB47-755BAD1241C5}.Debug|iPhoneSimulator.Build.0 = Debug|Any CPU
		{6185530F-C11F-456D-BB47-755BAD1241C5}.Debug|iPhoneSimulator.Deploy.0 = Debug|Any CPU
		{6185530F-C11F-456D-BB47-755BAD1241C5}.Debug|x64.ActiveCfg = Debug|Any CPU
		{6185530F-C11F-456D-BB47-755BAD1241C5}.Debug|x64.Build.0 = Debug|Any CPU
		{6185530F-C11F-456D-BB47-755BAD1241C5}.Debug|x64.Deploy.0 = Debug|Any CPU
		{6185530F-C11F-456D-BB47-755BAD1241C5}.Debug|x86.ActiveCfg = Debug|Any CPU
		{6185530F-C11F-456D-BB47-755BAD1241C5}.Debug|x86.Build.0 = Debug|Any CPU
		{6185530F-C11F-456D-BB47-755BAD1241C5}.Debug|x86.Deploy.0 = Debug|Any CPU
		{6185530F-C11F-456D-BB47-755BAD1241C5}.Release|Any CPU.ActiveCfg = Release|Any CPU
		{6185530F-C11F-456D-BB47-755BAD1241C5}.Release|Any CPU.Build.0 = Release|Any CPU
		{6185530F-C11F-456D-BB47-755BAD1241C5}.Release|Any CPU.Deploy.0 = Release|Any CPU
		{6185530F-C11F-456D-BB47-755BAD1241C5}.Release|ARM.ActiveCfg = Release|Any CPU
		{6185530F-C11F-456D-BB47-755BAD1241C5}.Release|ARM.Build.0 = Release|Any CPU
		{6185530F-C11F-456D-BB47-755BAD1241C5}.Release|ARM.Deploy.0 = Release|Any CPU
		{6185530F-C11F-456D-BB47-755BAD1241C5}.Release|iPhone.ActiveCfg = Release|Any CPU
		{6185530F-C11F-456D-BB47-755BAD1241C5}.Release|iPhone.Build.0 = Release|Any CPU
		{6185530F-C11F-456D-BB47-755BAD1241C5}.Release|iPhone.Deploy.0 = Release|Any CPU
		{6185530F-C11F-456D-BB47-755BAD1241C5}.Release|iPhoneSimulator.ActiveCfg = Release|Any CPU
		{6185530F-C11F-456D-BB47-755BAD1241C5}.Release|iPhoneSimulator.Build.0 = Release|Any CPU
		{6185530F-C11F-456D-BB47-755BAD1241C5}.Release|iPhoneSimulator.Deploy.0 = Release|Any CPU
		{6185530F-C11F-456D-BB47-755BAD1241C5}.Release|x64.ActiveCfg = Release|Any CPU
		{6185530F-C11F-456D-BB47-755BAD1241C5}.Release|x64.Build.0 = Release|Any CPU
		{6185530F-C11F-456D-BB47-755BAD1241C5}.Release|x64.Deploy.0 = Release|Any CPU
		{6185530F-C11F-456D-BB47-755BAD1241C5}.Release|x86.ActiveCfg = Release|Any CPU
		{6185530F-C11F-456D-BB47-755BAD1241C5}.Release|x86.Build.0 = Release|Any CPU
		{6185530F-C11F-456D-BB47-755BAD1241C5}.Release|x86.Deploy.0 = Release|Any CPU
		{1EBE858C-DEE1-48F5-90FF-15B0BD329DB9}.Debug|Any CPU.ActiveCfg = Debug|iPhoneSimulator
		{1EBE858C-DEE1-48F5-90FF-15B0BD329DB9}.Debug|Any CPU.Build.0 = Debug|iPhoneSimulator
		{1EBE858C-DEE1-48F5-90FF-15B0BD329DB9}.Debug|Any CPU.Deploy.0 = Debug|iPhoneSimulator
		{1EBE858C-DEE1-48F5-90FF-15B0BD329DB9}.Debug|ARM.ActiveCfg = Debug|iPhone
		{1EBE858C-DEE1-48F5-90FF-15B0BD329DB9}.Debug|ARM.Build.0 = Debug|iPhone
		{1EBE858C-DEE1-48F5-90FF-15B0BD329DB9}.Debug|ARM.Deploy.0 = Debug|iPhone
		{1EBE858C-DEE1-48F5-90FF-15B0BD329DB9}.Debug|iPhone.ActiveCfg = Debug|iPhone
		{1EBE858C-DEE1-48F5-90FF-15B0BD329DB9}.Debug|iPhone.Build.0 = Debug|iPhone
		{1EBE858C-DEE1-48F5-90FF-15B0BD329DB9}.Debug|iPhone.Deploy.0 = Debug|iPhone
		{1EBE858C-DEE1-48F5-90FF-15B0BD329DB9}.Debug|iPhoneSimulator.ActiveCfg = Debug|iPhoneSimulator
		{1EBE858C-DEE1-48F5-90FF-15B0BD329DB9}.Debug|iPhoneSimulator.Build.0 = Debug|iPhoneSimulator
		{1EBE858C-DEE1-48F5-90FF-15B0BD329DB9}.Debug|iPhoneSimulator.Deploy.0 = Debug|iPhoneSimulator
		{1EBE858C-DEE1-48F5-90FF-15B0BD329DB9}.Debug|x64.ActiveCfg = Debug|iPhoneSimulator
		{1EBE858C-DEE1-48F5-90FF-15B0BD329DB9}.Debug|x64.Build.0 = Debug|iPhoneSimulator
		{1EBE858C-DEE1-48F5-90FF-15B0BD329DB9}.Debug|x64.Deploy.0 = Debug|iPhoneSimulator
		{1EBE858C-DEE1-48F5-90FF-15B0BD329DB9}.Debug|x86.ActiveCfg = Debug|iPhoneSimulator
		{1EBE858C-DEE1-48F5-90FF-15B0BD329DB9}.Debug|x86.Build.0 = Debug|iPhoneSimulator
		{1EBE858C-DEE1-48F5-90FF-15B0BD329DB9}.Debug|x86.Deploy.0 = Debug|iPhoneSimulator
		{1EBE858C-DEE1-48F5-90FF-15B0BD329DB9}.Release|Any CPU.ActiveCfg = Release|iPhoneSimulator
		{1EBE858C-DEE1-48F5-90FF-15B0BD329DB9}.Release|Any CPU.Build.0 = Release|iPhoneSimulator
		{1EBE858C-DEE1-48F5-90FF-15B0BD329DB9}.Release|Any CPU.Deploy.0 = Release|iPhoneSimulator
		{1EBE858C-DEE1-48F5-90FF-15B0BD329DB9}.Release|ARM.ActiveCfg = Release|iPhoneSimulator
		{1EBE858C-DEE1-48F5-90FF-15B0BD329DB9}.Release|ARM.Build.0 = Release|iPhoneSimulator
		{1EBE858C-DEE1-48F5-90FF-15B0BD329DB9}.Release|ARM.Deploy.0 = Release|iPhoneSimulator
		{1EBE858C-DEE1-48F5-90FF-15B0BD329DB9}.Release|iPhone.ActiveCfg = Release|iPhone
		{1EBE858C-DEE1-48F5-90FF-15B0BD329DB9}.Release|iPhone.Build.0 = Release|iPhone
		{1EBE858C-DEE1-48F5-90FF-15B0BD329DB9}.Release|iPhone.Deploy.0 = Release|iPhone
		{1EBE858C-DEE1-48F5-90FF-15B0BD329DB9}.Release|iPhoneSimulator.ActiveCfg = Release|iPhoneSimulator
		{1EBE858C-DEE1-48F5-90FF-15B0BD329DB9}.Release|iPhoneSimulator.Build.0 = Release|iPhoneSimulator
		{1EBE858C-DEE1-48F5-90FF-15B0BD329DB9}.Release|iPhoneSimulator.Deploy.0 = Release|iPhoneSimulator
		{1EBE858C-DEE1-48F5-90FF-15B0BD329DB9}.Release|x64.ActiveCfg = Release|iPhoneSimulator
		{1EBE858C-DEE1-48F5-90FF-15B0BD329DB9}.Release|x64.Build.0 = Release|iPhoneSimulator
		{1EBE858C-DEE1-48F5-90FF-15B0BD329DB9}.Release|x64.Deploy.0 = Release|iPhoneSimulator
		{1EBE858C-DEE1-48F5-90FF-15B0BD329DB9}.Release|x86.ActiveCfg = Release|iPhoneSimulator
		{1EBE858C-DEE1-48F5-90FF-15B0BD329DB9}.Release|x86.Build.0 = Release|iPhoneSimulator
		{1EBE858C-DEE1-48F5-90FF-15B0BD329DB9}.Release|x86.Deploy.0 = Release|iPhoneSimulator
		{917D6475-F0C9-4A1E-AD95-366305072433}.Debug|Any CPU.ActiveCfg = Debug|Any CPU
		{917D6475-F0C9-4A1E-AD95-366305072433}.Debug|Any CPU.Build.0 = Debug|Any CPU
		{917D6475-F0C9-4A1E-AD95-366305072433}.Debug|Any CPU.Deploy.0 = Debug|Any CPU
		{917D6475-F0C9-4A1E-AD95-366305072433}.Debug|ARM.ActiveCfg = Debug|Any CPU
		{917D6475-F0C9-4A1E-AD95-366305072433}.Debug|ARM.Build.0 = Debug|Any CPU
		{917D6475-F0C9-4A1E-AD95-366305072433}.Debug|ARM.Deploy.0 = Debug|Any CPU
		{917D6475-F0C9-4A1E-AD95-366305072433}.Debug|iPhone.ActiveCfg = Debug|Any CPU
		{917D6475-F0C9-4A1E-AD95-366305072433}.Debug|iPhone.Build.0 = Debug|Any CPU
		{917D6475-F0C9-4A1E-AD95-366305072433}.Debug|iPhone.Deploy.0 = Debug|Any CPU
		{917D6475-F0C9-4A1E-AD95-366305072433}.Debug|iPhoneSimulator.ActiveCfg = Debug|Any CPU
		{917D6475-F0C9-4A1E-AD95-366305072433}.Debug|iPhoneSimulator.Build.0 = Debug|Any CPU
		{917D6475-F0C9-4A1E-AD95-366305072433}.Debug|iPhoneSimulator.Deploy.0 = Debug|Any CPU
		{917D6475-F0C9-4A1E-AD95-366305072433}.Debug|x64.ActiveCfg = Debug|Any CPU
		{917D6475-F0C9-4A1E-AD95-366305072433}.Debug|x64.Build.0 = Debug|Any CPU
		{917D6475-F0C9-4A1E-AD95-366305072433}.Debug|x64.Deploy.0 = Debug|Any CPU
		{917D6475-F0C9-4A1E-AD95-366305072433}.Debug|x86.ActiveCfg = Debug|Any CPU
		{917D6475-F0C9-4A1E-AD95-366305072433}.Debug|x86.Build.0 = Debug|Any CPU
		{917D6475-F0C9-4A1E-AD95-366305072433}.Debug|x86.Deploy.0 = Debug|Any CPU
		{917D6475-F0C9-4A1E-AD95-366305072433}.Release|Any CPU.ActiveCfg = Release|Any CPU
		{917D6475-F0C9-4A1E-AD95-366305072433}.Release|Any CPU.Build.0 = Release|Any CPU
		{917D6475-F0C9-4A1E-AD95-366305072433}.Release|Any CPU.Deploy.0 = Release|Any CPU
		{917D6475-F0C9-4A1E-AD95-366305072433}.Release|ARM.ActiveCfg = Release|Any CPU
		{917D6475-F0C9-4A1E-AD95-366305072433}.Release|ARM.Build.0 = Release|Any CPU
		{917D6475-F0C9-4A1E-AD95-366305072433}.Release|ARM.Deploy.0 = Release|Any CPU
		{917D6475-F0C9-4A1E-AD95-366305072433}.Release|iPhone.ActiveCfg = Release|Any CPU
		{917D6475-F0C9-4A1E-AD95-366305072433}.Release|iPhone.Build.0 = Release|Any CPU
		{917D6475-F0C9-4A1E-AD95-366305072433}.Release|iPhone.Deploy.0 = Release|Any CPU
		{917D6475-F0C9-4A1E-AD95-366305072433}.Release|iPhoneSimulator.ActiveCfg = Release|Any CPU
		{917D6475-F0C9-4A1E-AD95-366305072433}.Release|iPhoneSimulator.Build.0 = Release|Any CPU
		{917D6475-F0C9-4A1E-AD95-366305072433}.Release|iPhoneSimulator.Deploy.0 = Release|Any CPU
		{917D6475-F0C9-4A1E-AD95-366305072433}.Release|x64.ActiveCfg = Release|Any CPU
		{917D6475-F0C9-4A1E-AD95-366305072433}.Release|x64.Build.0 = Release|Any CPU
		{917D6475-F0C9-4A1E-AD95-366305072433}.Release|x64.Deploy.0 = Release|Any CPU
		{917D6475-F0C9-4A1E-AD95-366305072433}.Release|x86.ActiveCfg = Release|Any CPU
		{917D6475-F0C9-4A1E-AD95-366305072433}.Release|x86.Build.0 = Release|Any CPU
		{917D6475-F0C9-4A1E-AD95-366305072433}.Release|x86.Deploy.0 = Release|Any CPU
	EndGlobalSection
	GlobalSection(SolutionProperties) = preSolution
		HideSolutionNode = FALSE
	EndGlobalSection
	GlobalSection(ExtensibilityGlobals) = postSolution
		SolutionGuid = {CF11BCC2-0C81-43B0-83AC-E30D01E73905}
	EndGlobalSection
EndGlobal
