
Microsoft Visual Studio Solution File, Format Version 12.00
# Visual Studio Version 16
VisualStudioVersion = 16.0.33920.266
MinimumVisualStudioVersion = 10.0.40219.1
Project("{FAE04EC0-301F-11D3-BF4B-00C04F79EFBC}") = "App14_LoginSocialOAuth.UWP", "App14_LoginSocialOAuth\App14_LoginSocialOAuth.UWP\App14_LoginSocialOAuth.UWP.csproj", "{BE6BC009-9331-4E9A-9835-F8780EED52B9}"
EndProject
Project("{FAE04EC0-301F-11D3-BF4B-00C04F79EFBC}") = "App14_LoginSocialOAuth.Android", "App14_LoginSocialOAuth\App14_LoginSocialOAuth.Android\App14_LoginSocialOAuth.Android.csproj", "{D0DA2992-ED19-4060-9900-80313BB2AD38}"
EndProject
Project("{FAE04EC0-301F-11D3-BF4B-00C04F79EFBC}") = "App14_LoginSocialOAuth.iOS", "App14_LoginSocialOAuth\App14_LoginSocialOAuth.iOS\App14_LoginSocialOAuth.iOS.csproj", "{478D8757-CC05-469C-8415-92E6CBEFCBD3}"
EndProject
Project("{FAE04EC0-301F-11D3-BF4B-00C04F79EFBC}") = "App14_LoginSocialOAuth", "App14_LoginSocialOAuth\App14_LoginSocialOAuth\App14_LoginSocialOAuth.csproj", "{AB1A189B-1DD9-4C0A-8BDE-C99E5FE9E325}"
EndProject
Global
	GlobalSection(SolutionConfigurationPlatforms) = preSolution
		Debug|Any CPU = Debug|Any CPU
		Debug|ARM = Debug|ARM
		Debug|iPhone = Debug|iPhone
		Debug|iPhoneSimulator = Debug|iPhoneSimulator
		Debug|x64 = Debug|x64
		Debug|x86 = Debug|x86
		Release|Any CPU = Release|Any CPU
		Release|ARM = Release|ARM
		Release|iPhone = Release|iPhone
		Release|iPhoneSimulator = Release|iPhoneSimulator
		Release|x64 = Release|x64
		Release|x86 = Release|x86
	EndGlobalSection
	GlobalSection(ProjectConfigurationPlatforms) = postSolution
		{BE6BC009-9331-4E9A-9835-F8780EED52B9}.Debug|Any CPU.ActiveCfg = Debug|x86
		{BE6BC009-9331-4E9A-9835-F8780EED52B9}.Debug|Any CPU.Build.0 = Debug|x86
		{BE6BC009-9331-4E9A-9835-F8780EED52B9}.Debug|Any CPU.Deploy.0 = Debug|x86
		{BE6BC009-9331-4E9A-9835-F8780EED52B9}.Debug|ARM.ActiveCfg = Debug|ARM
		{BE6BC009-9331-4E9A-9835-F8780EED52B9}.Debug|ARM.Build.0 = Debug|ARM
		{BE6BC009-9331-4E9A-9835-F8780EED52B9}.Debug|ARM.Deploy.0 = Debug|ARM
		{BE6BC009-9331-4E9A-9835-F8780EED52B9}.Debug|iPhone.ActiveCfg = Debug|x86
		{BE6BC009-9331-4E9A-9835-F8780EED52B9}.Debug|iPhone.Build.0 = Debug|x86
		{BE6BC009-9331-4E9A-9835-F8780EED52B9}.Debug|iPhone.Deploy.0 = Debug|x86
		{BE6BC009-9331-4E9A-9835-F8780EED52B9}.Debug|iPhoneSimulator.ActiveCfg = Debug|x86
		{BE6BC009-9331-4E9A-9835-F8780EED52B9}.Debug|iPhoneSimulator.Build.0 = Debug|x86
		{BE6BC009-9331-4E9A-9835-F8780EED52B9}.Debug|iPhoneSimulator.Deploy.0 = Debug|x86
		{BE6BC009-9331-4E9A-9835-F8780EED52B9}.Debug|x64.ActiveCfg = Debug|x64
		{BE6BC009-9331-4E9A-9835-F8780EED52B9}.Debug|x64.Build.0 = Debug|x64
		{BE6BC009-9331-4E9A-9835-F8780EED52B9}.Debug|x64.Deploy.0 = Debug|x64
		{BE6BC009-9331-4E9A-9835-F8780EED52B9}.Debug|x86.ActiveCfg = Debug|x86
		{BE6BC009-9331-4E9A-9835-F8780EED52B9}.Debug|x86.Build.0 = Debug|x86
		{BE6BC009-9331-4E9A-9835-F8780EED52B9}.Debug|x86.Deploy.0 = Debug|x86
		{BE6BC009-9331-4E9A-9835-F8780EED52B9}.Release|Any CPU.ActiveCfg = Release|x86
		{BE6BC009-9331-4E9A-9835-F8780EED52B9}.Release|Any CPU.Build.0 = Release|x86
		{BE6BC009-9331-4E9A-9835-F8780EED52B9}.Release|Any CPU.Deploy.0 = Release|x86
		{BE6BC009-9331-4E9A-9835-F8780EED52B9}.Release|ARM.ActiveCfg = Release|ARM
		{BE6BC009-9331-4E9A-9835-F8780EED52B9}.Release|ARM.Build.0 = Release|ARM
		{BE6BC009-9331-4E9A-9835-F8780EED52B9}.Release|ARM.Deploy.0 = Release|ARM
		{BE6BC009-9331-4E9A-9835-F8780EED52B9}.Release|iPhone.ActiveCfg = Release|x86
		{BE6BC009-9331-4E9A-9835-F8780EED52B9}.Release|iPhone.Build.0 = Release|x86
		{BE6BC009-9331-4E9A-9835-F8780EED52B9}.Release|iPhone.Deploy.0 = Release|x86
		{BE6BC009-9331-4E9A-9835-F8780EED52B9}.Release|iPhoneSimulator.ActiveCfg = Release|x86
		{BE6BC009-9331-4E9A-9835-F8780EED52B9}.Release|iPhoneSimulator.Build.0 = Release|x86
		{BE6BC009-9331-4E9A-9835-F8780EED52B9}.Release|iPhoneSimulator.Deploy.0 = Release|x86
		{BE6BC009-9331-4E9A-9835-F8780EED52B9}.Release|x64.ActiveCfg = Release|x64
		{BE6BC009-9331-4E9A-9835-F8780EED52B9}.Release|x64.Build.0 = Release|x64
		{BE6BC009-9331-4E9A-9835-F8780EED52B9}.Release|x64.Deploy.0 = Release|x64
		{BE6BC009-9331-4E9A-9835-F8780EED52B9}.Release|x86.ActiveCfg = Release|x86
		{BE6BC009-9331-4E9A-9835-F8780EED52B9}.Release|x86.Build.0 = Release|x86
		{BE6BC009-9331-4E9A-9835-F8780EED52B9}.Release|x86.Deploy.0 = Release|x86
		{D0DA2992-ED19-4060-9900-80313BB2AD38}.Debug|Any CPU.ActiveCfg = Debug|Any CPU
		{D0DA2992-ED19-4060-9900-80313BB2AD38}.Debug|Any CPU.Build.0 = Debug|Any CPU
		{D0DA2992-ED19-4060-9900-80313BB2AD38}.Debug|Any CPU.Deploy.0 = Debug|Any CPU
		{D0DA2992-ED19-4060-9900-80313BB2AD38}.Debug|ARM.ActiveCfg = Debug|Any CPU
		{D0DA2992-ED19-4060-9900-80313BB2AD38}.Debug|ARM.Build.0 = Debug|Any CPU
		{D0DA2992-ED19-4060-9900-80313BB2AD38}.Debug|ARM.Deploy.0 = Debug|Any CPU
		{D0DA2992-ED19-4060-9900-80313BB2AD38}.Debug|iPhone.ActiveCfg = Debug|Any CPU
		{D0DA2992-ED19-4060-9900-80313BB2AD38}.Debug|iPhone.Build.0 = Debug|Any CPU
		{D0DA2992-ED19-4060-9900-80313BB2AD38}.Debug|iPhone.Deploy.0 = Debug|Any CPU
		{D0DA2992-ED19-4060-9900-80313BB2AD38}.Debug|iPhoneSimulator.ActiveCfg = Debug|Any CPU
		{D0DA2992-ED19-4060-9900-80313BB2AD38}.Debug|iPhoneSimulator.Build.0 = Debug|Any CPU
		{D0DA2992-ED19-4060-9900-80313BB2AD38}.Debug|iPhoneSimulator.Deploy.0 = Debug|Any CPU
		{D0DA2992-ED19-4060-9900-80313BB2AD38}.Debug|x64.ActiveCfg = Debug|Any CPU
		{D0DA2992-ED19-4060-9900-80313BB2AD38}.Debug|x64.Build.0 = Debug|Any CPU
		{D0DA2992-ED19-4060-9900-80313BB2AD38}.Debug|x64.Deploy.0 = Debug|Any CPU
		{D0DA2992-ED19-4060-9900-80313BB2AD38}.Debug|x86.ActiveCfg = Debug|Any CPU
		{D0DA2992-ED19-4060-9900-80313BB2AD38}.Debug|x86.Build.0 = Debug|Any CPU
		{D0DA2992-ED19-4060-9900-80313BB2AD38}.Debug|x86.Deploy.0 = Debug|Any CPU
		{D0DA2992-ED19-4060-9900-80313BB2AD38}.Release|Any CPU.ActiveCfg = Release|Any CPU
		{D0DA2992-ED19-4060-9900-80313BB2AD38}.Release|Any CPU.Build.0 = Release|Any CPU
		{D0DA2992-ED19-4060-9900-80313BB2AD38}.Release|Any CPU.Deploy.0 = Release|Any CPU
		{D0DA2992-ED19-4060-9900-80313BB2AD38}.Release|ARM.ActiveCfg = Release|Any CPU
		{D0DA2992-ED19-4060-9900-80313BB2AD38}.Release|ARM.Build.0 = Release|Any CPU
		{D0DA2992-ED19-4060-9900-80313BB2AD38}.Release|ARM.Deploy.0 = Release|Any CPU
		{D0DA2992-ED19-4060-9900-80313BB2AD38}.Release|iPhone.ActiveCfg = Release|Any CPU
		{D0DA2992-ED19-4060-9900-80313BB2AD38}.Release|iPhone.Build.0 = Release|Any CPU
		{D0DA2992-ED19-4060-9900-80313BB2AD38}.Release|iPhone.Deploy.0 = Release|Any CPU
		{D0DA2992-ED19-4060-9900-80313BB2AD38}.Release|iPhoneSimulator.ActiveCfg = Release|Any CPU
		{D0DA2992-ED19-4060-9900-80313BB2AD38}.Release|iPhoneSimulator.Build.0 = Release|Any CPU
		{D0DA2992-ED19-4060-9900-80313BB2AD38}.Release|iPhoneSimulator.Deploy.0 = Release|Any CPU
		{D0DA2992-ED19-4060-9900-80313BB2AD38}.Release|x64.ActiveCfg = Release|Any CPU
		{D0DA2992-ED19-4060-9900-80313BB2AD38}.Release|x64.Build.0 = Release|Any CPU
		{D0DA2992-ED19-4060-9900-80313BB2AD38}.Release|x64.Deploy.0 = Release|Any CPU
		{D0DA2992-ED19-4060-9900-80313BB2AD38}.Release|x86.ActiveCfg = Release|Any CPU
		{D0DA2992-ED19-4060-9900-80313BB2AD38}.Release|x86.Build.0 = Release|Any CPU
		{D0DA2992-ED19-4060-9900-80313BB2AD38}.Release|x86.Deploy.0 = Release|Any CPU
		{478D8757-CC05-469C-8415-92E6CBEFCBD3}.Debug|Any CPU.ActiveCfg = Debug|iPhoneSimulator
		{478D8757-CC05-469C-8415-92E6CBEFCBD3}.Debug|Any CPU.Build.0 = Debug|iPhoneSimulator
		{478D8757-CC05-469C-8415-92E6CBEFCBD3}.Debug|Any CPU.Deploy.0 = Debug|iPhoneSimulator
		{478D8757-CC05-469C-8415-92E6CBEFCBD3}.Debug|ARM.ActiveCfg = Debug|iPhone
		{478D8757-CC05-469C-8415-92E6CBEFCBD3}.Debug|ARM.Build.0 = Debug|iPhone
		{478D8757-CC05-469C-8415-92E6CBEFCBD3}.Debug|ARM.Deploy.0 = Debug|iPhone
		{478D8757-CC05-469C-8415-92E6CBEFCBD3}.Debug|iPhone.ActiveCfg = Debug|iPhone
		{478D8757-CC05-469C-8415-92E6CBEFCBD3}.Debug|iPhone.Build.0 = Debug|iPhone
		{478D8757-CC05-469C-8415-92E6CBEFCBD3}.Debug|iPhone.Deploy.0 = Debug|iPhone
		{478D8757-CC05-469C-8415-92E6CBEFCBD3}.Debug|iPhoneSimulator.ActiveCfg = Debug|iPhoneSimulator
		{478D8757-CC05-469C-8415-92E6CBEFCBD3}.Debug|iPhoneSimulator.Build.0 = Debug|iPhoneSimulator
		{478D8757-CC05-469C-8415-92E6CBEFCBD3}.Debug|iPhoneSimulator.Deploy.0 = Debug|iPhoneSimulator
		{478D8757-CC05-469C-8415-92E6CBEFCBD3}.Debug|x64.ActiveCfg = Debug|iPhoneSimulator
		{478D8757-CC05-469C-8415-92E6CBEFCBD3}.Debug|x64.Build.0 = Debug|iPhoneSimulator
		{478D8757-CC05-469C-8415-92E6CBEFCBD3}.Debug|x64.Deploy.0 = Debug|iPhoneSimulator
		{478D8757-CC05-469C-8415-92E6CBEFCBD3}.Debug|x86.ActiveCfg = Debug|iPhoneSimulator
		{478D8757-CC05-469C-8415-92E6CBEFCBD3}.Debug|x86.Build.0 = Debug|iPhoneSimulator
		{478D8757-CC05-469C-8415-92E6CBEFCBD3}.Debug|x86.Deploy.0 = Debug|iPhoneSimulator
		{478D8757-CC05-469C-8415-92E6CBEFCBD3}.Release|Any CPU.ActiveCfg = Release|iPhoneSimulator
		{478D8757-CC05-469C-8415-92E6CBEFCBD3}.Release|Any CPU.Build.0 = Release|iPhoneSimulator
		{478D8757-CC05-469C-8415-92E6CBEFCBD3}.Release|Any CPU.Deploy.0 = Release|iPhoneSimulator
		{478D8757-CC05-469C-8415-92E6CBEFCBD3}.Release|ARM.ActiveCfg = Release|iPhoneSimulator
		{478D8757-CC05-469C-8415-92E6CBEFCBD3}.Release|ARM.Build.0 = Release|iPhoneSimulator
		{478D8757-CC05-469C-8415-92E6CBEFCBD3}.Release|ARM.Deploy.0 = Release|iPhoneSimulator
		{478D8757-CC05-469C-8415-92E6CBEFCBD3}.Release|iPhone.ActiveCfg = Release|iPhone
		{478D8757-CC05-469C-8415-92E6CBEFCBD3}.Release|iPhone.Build.0 = Release|iPhone
		{478D8757-CC05-469C-8415-92E6CBEFCBD3}.Release|iPhone.Deploy.0 = Release|iPhone
		{478D8757-CC05-469C-8415-92E6CBEFCBD3}.Release|iPhoneSimulator.ActiveCfg = Release|iPhoneSimulator
		{478D8757-CC05-469C-8415-92E6CBEFCBD3}.Release|iPhoneSimulator.Build.0 = Release|iPhoneSimulator
		{478D8757-CC05-469C-8415-92E6CBEFCBD3}.Release|iPhoneSimulator.Deploy.0 = Release|iPhoneSimulator
		{478D8757-CC05-469C-8415-92E6CBEFCBD3}.Release|x64.ActiveCfg = Release|iPhoneSimulator
		{478D8757-CC05-469C-8415-92E6CBEFCBD3}.Release|x64.Build.0 = Release|iPhoneSimulator
		{478D8757-CC05-469C-8415-92E6CBEFCBD3}.Release|x64.Deploy.0 = Release|iPhoneSimulator
		{478D8757-CC05-469C-8415-92E6CBEFCBD3}.Release|x86.ActiveCfg = Release|iPhoneSimulator
		{478D8757-CC05-469C-8415-92E6CBEFCBD3}.Release|x86.Build.0 = Release|iPhoneSimulator
		{478D8757-CC05-469C-8415-92E6CBEFCBD3}.Release|x86.Deploy.0 = Release|iPhoneSimulator
		{AB1A189B-1DD9-4C0A-8BDE-C99E5FE9E325}.Debug|Any CPU.ActiveCfg = Debug|Any CPU
		{AB1A189B-1DD9-4C0A-8BDE-C99E5FE9E325}.Debug|Any CPU.Build.0 = Debug|Any CPU
		{AB1A189B-1DD9-4C0A-8BDE-C99E5FE9E325}.Debug|Any CPU.Deploy.0 = Debug|Any CPU
		{AB1A189B-1DD9-4C0A-8BDE-C99E5FE9E325}.Debug|ARM.ActiveCfg = Debug|Any CPU
		{AB1A189B-1DD9-4C0A-8BDE-C99E5FE9E325}.Debug|ARM.Build.0 = Debug|Any CPU
		{AB1A189B-1DD9-4C0A-8BDE-C99E5FE9E325}.Debug|ARM.Deploy.0 = Debug|Any CPU
		{AB1A189B-1DD9-4C0A-8BDE-C99E5FE9E325}.Debug|iPhone.ActiveCfg = Debug|Any CPU
		{AB1A189B-1DD9-4C0A-8BDE-C99E5FE9E325}.Debug|iPhone.Build.0 = Debug|Any CPU
		{AB1A189B-1DD9-4C0A-8BDE-C99E5FE9E325}.Debug|iPhone.Deploy.0 = Debug|Any CPU
		{AB1A189B-1DD9-4C0A-8BDE-C99E5FE9E325}.Debug|iPhoneSimulator.ActiveCfg = Debug|Any CPU
		{AB1A189B-1DD9-4C0A-8BDE-C99E5FE9E325}.Debug|iPhoneSimulator.Build.0 = Debug|Any CPU
		{AB1A189B-1DD9-4C0A-8BDE-C99E5FE9E325}.Debug|iPhoneSimulator.Deploy.0 = Debug|Any CPU
		{AB1A189B-1DD9-4C0A-8BDE-C99E5FE9E325}.Debug|x64.ActiveCfg = Debug|Any CPU
		{AB1A189B-1DD9-4C0A-8BDE-C99E5FE9E325}.Debug|x64.Build.0 = Debug|Any CPU
		{AB1A189B-1DD9-4C0A-8BDE-C99E5FE9E325}.Debug|x64.Deploy.0 = Debug|Any CPU
		{AB1A189B-1DD9-4C0A-8BDE-C99E5FE9E325}.Debug|x86.ActiveCfg = Debug|Any CPU
		{AB1A189B-1DD9-4C0A-8BDE-C99E5FE9E325}.Debug|x86.Build.0 = Debug|Any CPU
		{AB1A189B-1DD9-4C0A-8BDE-C99E5FE9E325}.Debug|x86.Deploy.0 = Debug|Any CPU
		{AB1A189B-1DD9-4C0A-8BDE-C99E5FE9E325}.Release|Any CPU.ActiveCfg = Release|Any CPU
		{AB1A189B-1DD9-4C0A-8BDE-C99E5FE9E325}.Release|Any CPU.Build.0 = Release|Any CPU
		{AB1A189B-1DD9-4C0A-8BDE-C99E5FE9E325}.Release|Any CPU.Deploy.0 = Release|Any CPU
		{AB1A189B-1DD9-4C0A-8BDE-C99E5FE9E325}.Release|ARM.ActiveCfg = Release|Any CPU
		{AB1A189B-1DD9-4C0A-8BDE-C99E5FE9E325}.Release|ARM.Build.0 = Release|Any CPU
		{AB1A189B-1DD9-4C0A-8BDE-C99E5FE9E325}.Release|ARM.Deploy.0 = Release|Any CPU
		{AB1A189B-1DD9-4C0A-8BDE-C99E5FE9E325}.Release|iPhone.ActiveCfg = Release|Any CPU
		{AB1A189B-1DD9-4C0A-8BDE-C99E5FE9E325}.Release|iPhone.Build.0 = Release|Any CPU
		{AB1A189B-1DD9-4C0A-8BDE-C99E5FE9E325}.Release|iPhone.Deploy.0 = Release|Any CPU
		{AB1A189B-1DD9-4C0A-8BDE-C99E5FE9E325}.Release|iPhoneSimulator.ActiveCfg = Release|Any CPU
		{AB1A189B-1DD9-4C0A-8BDE-C99E5FE9E325}.Release|iPhoneSimulator.Build.0 = Release|Any CPU
		{AB1A189B-1DD9-4C0A-8BDE-C99E5FE9E325}.Release|iPhoneSimulator.Deploy.0 = Release|Any CPU
		{AB1A189B-1DD9-4C0A-8BDE-C99E5FE9E325}.Release|x64.ActiveCfg = Release|Any CPU
		{AB1A189B-1DD9-4C0A-8BDE-C99E5FE9E325}.Release|x64.Build.0 = Release|Any CPU
		{AB1A189B-1DD9-4C0A-8BDE-C99E5FE9E325}.Release|x64.Deploy.0 = Release|Any CPU
		{AB1A189B-1DD9-4C0A-8BDE-C99E5FE9E325}.Release|x86.ActiveCfg = Release|Any CPU
		{AB1A189B-1DD9-4C0A-8BDE-C99E5FE9E325}.Release|x86.Build.0 = Release|Any CPU
		{AB1A189B-1DD9-4C0A-8BDE-C99E5FE9E325}.Release|x86.Deploy.0 = Release|Any CPU
	EndGlobalSection
	GlobalSection(SolutionProperties) = preSolution
		HideSolutionNode = FALSE
	EndGlobalSection
	GlobalSection(ExtensibilityGlobals) = postSolution
		SolutionGuid = {10756F5D-90F2-4002-96A8-C3DA832119CD}
	EndGlobalSection
EndGlobal
