
Microsoft Visual Studio Solution File, Format Version 12.00
# Visual Studio Version 16
VisualStudioVersion = 16.0.33920.266
MinimumVisualStudioVersion = 10.0.40219.1
Project("{FAE04EC0-301F-11D3-BF4B-00C04F79EFBC}") = "App02.UWP", "App02\App02.UWP\App02.UWP.csproj", "{1E9725A4-152F-4ADE-89D6-CAC80C36D9F8}"
EndProject
Project("{FAE04EC0-301F-11D3-BF4B-00C04F79EFBC}") = "App02.Android", "App02\App02.Android\App02.Android.csproj", "{C0CD9AB1-3C38-46EB-9BAD-3C74EC091BF6}"
EndProject
Project("{FAE04EC0-301F-11D3-BF4B-00C04F79EFBC}") = "App02.iOS", "App02\App02.iOS\App02.iOS.csproj", "{8658389D-543A-4CB9-B78D-85423CABF98D}"
EndProject
Project("{FAE04EC0-301F-11D3-BF4B-00C04F79EFBC}") = "App02", "App02\App02\App02.csproj", "{E4FBACB7-D2AA-4CD5-9370-D979F10D1450}"
EndProject
Global
	GlobalSection(SolutionConfigurationPlatforms) = preSolution
		Debug|Any CPU = Debug|Any CPU
		Debug|ARM = Debug|ARM
		Debug|iPhone = Debug|iPhone
		Debug|iPhoneSimulator = Debug|iPhoneSimulator
		Debug|x64 = Debug|x64
		Debug|x86 = Debug|x86
		Release|Any CPU = Release|Any CPU
		Release|ARM = Release|ARM
		Release|iPhone = Release|iPhone
		Release|iPhoneSimulator = Release|iPhoneSimulator
		Release|x64 = Release|x64
		Release|x86 = Release|x86
	EndGlobalSection
	GlobalSection(ProjectConfigurationPlatforms) = postSolution
		{1E9725A4-152F-4ADE-89D6-CAC80C36D9F8}.Debug|Any CPU.ActiveCfg = Debug|x86
		{1E9725A4-152F-4ADE-89D6-CAC80C36D9F8}.Debug|Any CPU.Build.0 = Debug|x86
		{1E9725A4-152F-4ADE-89D6-CAC80C36D9F8}.Debug|Any CPU.Deploy.0 = Debug|x86
		{1E9725A4-152F-4ADE-89D6-CAC80C36D9F8}.Debug|ARM.ActiveCfg = Debug|ARM
		{1E9725A4-152F-4ADE-89D6-CAC80C36D9F8}.Debug|ARM.Build.0 = Debug|ARM
		{1E9725A4-152F-4ADE-89D6-CAC80C36D9F8}.Debug|ARM.Deploy.0 = Debug|ARM
		{1E9725A4-152F-4ADE-89D6-CAC80C36D9F8}.Debug|iPhone.ActiveCfg = Debug|x86
		{1E9725A4-152F-4ADE-89D6-CAC80C36D9F8}.Debug|iPhone.Build.0 = Debug|x86
		{1E9725A4-152F-4ADE-89D6-CAC80C36D9F8}.Debug|iPhone.Deploy.0 = Debug|x86
		{1E9725A4-152F-4ADE-89D6-CAC80C36D9F8}.Debug|iPhoneSimulator.ActiveCfg = Debug|x86
		{1E9725A4-152F-4ADE-89D6-CAC80C36D9F8}.Debug|iPhoneSimulator.Build.0 = Debug|x86
		{1E9725A4-152F-4ADE-89D6-CAC80C36D9F8}.Debug|iPhoneSimulator.Deploy.0 = Debug|x86
		{1E9725A4-152F-4ADE-89D6-CAC80C36D9F8}.Debug|x64.ActiveCfg = Debug|x64
		{1E9725A4-152F-4ADE-89D6-CAC80C36D9F8}.Debug|x64.Build.0 = Debug|x64
		{1E9725A4-152F-4ADE-89D6-CAC80C36D9F8}.Debug|x64.Deploy.0 = Debug|x64
		{1E9725A4-152F-4ADE-89D6-CAC80C36D9F8}.Debug|x86.ActiveCfg = Debug|x86
		{1E9725A4-152F-4ADE-89D6-CAC80C36D9F8}.Debug|x86.Build.0 = Debug|x86
		{1E9725A4-152F-4ADE-89D6-CAC80C36D9F8}.Debug|x86.Deploy.0 = Debug|x86
		{1E9725A4-152F-4ADE-89D6-CAC80C36D9F8}.Release|Any CPU.ActiveCfg = Release|x86
		{1E9725A4-152F-4ADE-89D6-CAC80C36D9F8}.Release|Any CPU.Build.0 = Release|x86
		{1E9725A4-152F-4ADE-89D6-CAC80C36D9F8}.Release|Any CPU.Deploy.0 = Release|x86
		{1E9725A4-152F-4ADE-89D6-CAC80C36D9F8}.Release|ARM.ActiveCfg = Release|ARM
		{1E9725A4-152F-4ADE-89D6-CAC80C36D9F8}.Release|ARM.Build.0 = Release|ARM
		{1E9725A4-152F-4ADE-89D6-CAC80C36D9F8}.Release|ARM.Deploy.0 = Release|ARM
		{1E9725A4-152F-4ADE-89D6-CAC80C36D9F8}.Release|iPhone.ActiveCfg = Release|x86
		{1E9725A4-152F-4ADE-89D6-CAC80C36D9F8}.Release|iPhone.Build.0 = Release|x86
		{1E9725A4-152F-4ADE-89D6-CAC80C36D9F8}.Release|iPhone.Deploy.0 = Release|x86
		{1E9725A4-152F-4ADE-89D6-CAC80C36D9F8}.Release|iPhoneSimulator.ActiveCfg = Release|x86
		{1E9725A4-152F-4ADE-89D6-CAC80C36D9F8}.Release|iPhoneSimulator.Build.0 = Release|x86
		{1E9725A4-152F-4ADE-89D6-CAC80C36D9F8}.Release|iPhoneSimulator.Deploy.0 = Release|x86
		{1E9725A4-152F-4ADE-89D6-CAC80C36D9F8}.Release|x64.ActiveCfg = Release|x64
		{1E9725A4-152F-4ADE-89D6-CAC80C36D9F8}.Release|x64.Build.0 = Release|x64
		{1E9725A4-152F-4ADE-89D6-CAC80C36D9F8}.Release|x64.Deploy.0 = Release|x64
		{1E9725A4-152F-4ADE-89D6-CAC80C36D9F8}.Release|x86.ActiveCfg = Release|x86
		{1E9725A4-152F-4ADE-89D6-CAC80C36D9F8}.Release|x86.Build.0 = Release|x86
		{1E9725A4-152F-4ADE-89D6-CAC80C36D9F8}.Release|x86.Deploy.0 = Release|x86
		{C0CD9AB1-3C38-46EB-9BAD-3C74EC091BF6}.Debug|Any CPU.ActiveCfg = Debug|Any CPU
		{C0CD9AB1-3C38-46EB-9BAD-3C74EC091BF6}.Debug|Any CPU.Build.0 = Debug|Any CPU
		{C0CD9AB1-3C38-46EB-9BAD-3C74EC091BF6}.Debug|Any CPU.Deploy.0 = Debug|Any CPU
		{C0CD9AB1-3C38-46EB-9BAD-3C74EC091BF6}.Debug|ARM.ActiveCfg = Debug|Any CPU
		{C0CD9AB1-3C38-46EB-9BAD-3C74EC091BF6}.Debug|ARM.Build.0 = Debug|Any CPU
		{C0CD9AB1-3C38-46EB-9BAD-3C74EC091BF6}.Debug|ARM.Deploy.0 = Debug|Any CPU
		{C0CD9AB1-3C38-46EB-9BAD-3C74EC091BF6}.Debug|iPhone.ActiveCfg = Debug|Any CPU
		{C0CD9AB1-3C38-46EB-9BAD-3C74EC091BF6}.Debug|iPhone.Build.0 = Debug|Any CPU
		{C0CD9AB1-3C38-46EB-9BAD-3C74EC091BF6}.Debug|iPhone.Deploy.0 = Debug|Any CPU
		{C0CD9AB1-3C38-46EB-9BAD-3C74EC091BF6}.Debug|iPhoneSimulator.ActiveCfg = Debug|Any CPU
		{C0CD9AB1-3C38-46EB-9BAD-3C74EC091BF6}.Debug|iPhoneSimulator.Build.0 = Debug|Any CPU
		{C0CD9AB1-3C38-46EB-9BAD-3C74EC091BF6}.Debug|iPhoneSimulator.Deploy.0 = Debug|Any CPU
		{C0CD9AB1-3C38-46EB-9BAD-3C74EC091BF6}.Debug|x64.ActiveCfg = Debug|Any CPU
		{C0CD9AB1-3C38-46EB-9BAD-3C74EC091BF6}.Debug|x64.Build.0 = Debug|Any CPU
		{C0CD9AB1-3C38-46EB-9BAD-3C74EC091BF6}.Debug|x64.Deploy.0 = Debug|Any CPU
		{C0CD9AB1-3C38-46EB-9BAD-3C74EC091BF6}.Debug|x86.ActiveCfg = Debug|Any CPU
		{C0CD9AB1-3C38-46EB-9BAD-3C74EC091BF6}.Debug|x86.Build.0 = Debug|Any CPU
		{C0CD9AB1-3C38-46EB-9BAD-3C74EC091BF6}.Debug|x86.Deploy.0 = Debug|Any CPU
		{C0CD9AB1-3C38-46EB-9BAD-3C74EC091BF6}.Release|Any CPU.ActiveCfg = Release|Any CPU
		{C0CD9AB1-3C38-46EB-9BAD-3C74EC091BF6}.Release|Any CPU.Build.0 = Release|Any CPU
		{C0CD9AB1-3C38-46EB-9BAD-3C74EC091BF6}.Release|Any CPU.Deploy.0 = Release|Any CPU
		{C0CD9AB1-3C38-46EB-9BAD-3C74EC091BF6}.Release|ARM.ActiveCfg = Release|Any CPU
		{C0CD9AB1-3C38-46EB-9BAD-3C74EC091BF6}.Release|ARM.Build.0 = Release|Any CPU
		{C0CD9AB1-3C38-46EB-9BAD-3C74EC091BF6}.Release|ARM.Deploy.0 = Release|Any CPU
		{C0CD9AB1-3C38-46EB-9BAD-3C74EC091BF6}.Release|iPhone.ActiveCfg = Release|Any CPU
		{C0CD9AB1-3C38-46EB-9BAD-3C74EC091BF6}.Release|iPhone.Build.0 = Release|Any CPU
		{C0CD9AB1-3C38-46EB-9BAD-3C74EC091BF6}.Release|iPhone.Deploy.0 = Release|Any CPU
		{C0CD9AB1-3C38-46EB-9BAD-3C74EC091BF6}.Release|iPhoneSimulator.ActiveCfg = Release|Any CPU
		{C0CD9AB1-3C38-46EB-9BAD-3C74EC091BF6}.Release|iPhoneSimulator.Build.0 = Release|Any CPU
		{C0CD9AB1-3C38-46EB-9BAD-3C74EC091BF6}.Release|iPhoneSimulator.Deploy.0 = Release|Any CPU
		{C0CD9AB1-3C38-46EB-9BAD-3C74EC091BF6}.Release|x64.ActiveCfg = Release|Any CPU
		{C0CD9AB1-3C38-46EB-9BAD-3C74EC091BF6}.Release|x64.Build.0 = Release|Any CPU
		{C0CD9AB1-3C38-46EB-9BAD-3C74EC091BF6}.Release|x64.Deploy.0 = Release|Any CPU
		{C0CD9AB1-3C38-46EB-9BAD-3C74EC091BF6}.Release|x86.ActiveCfg = Release|Any CPU
		{C0CD9AB1-3C38-46EB-9BAD-3C74EC091BF6}.Release|x86.Build.0 = Release|Any CPU
		{C0CD9AB1-3C38-46EB-9BAD-3C74EC091BF6}.Release|x86.Deploy.0 = Release|Any CPU
		{8658389D-543A-4CB9-B78D-85423CABF98D}.Debug|Any CPU.ActiveCfg = Debug|iPhoneSimulator
		{8658389D-543A-4CB9-B78D-85423CABF98D}.Debug|Any CPU.Build.0 = Debug|iPhoneSimulator
		{8658389D-543A-4CB9-B78D-85423CABF98D}.Debug|Any CPU.Deploy.0 = Debug|iPhoneSimulator
		{8658389D-543A-4CB9-B78D-85423CABF98D}.Debug|ARM.ActiveCfg = Debug|iPhone
		{8658389D-543A-4CB9-B78D-85423CABF98D}.Debug|ARM.Build.0 = Debug|iPhone
		{8658389D-543A-4CB9-B78D-85423CABF98D}.Debug|ARM.Deploy.0 = Debug|iPhone
		{8658389D-543A-4CB9-B78D-85423CABF98D}.Debug|iPhone.ActiveCfg = Debug|iPhone
		{8658389D-543A-4CB9-B78D-85423CABF98D}.Debug|iPhone.Build.0 = Debug|iPhone
		{8658389D-543A-4CB9-B78D-85423CABF98D}.Debug|iPhone.Deploy.0 = Debug|iPhone
		{8658389D-543A-4CB9-B78D-85423CABF98D}.Debug|iPhoneSimulator.ActiveCfg = Debug|iPhoneSimulator
		{8658389D-543A-4CB9-B78D-85423CABF98D}.Debug|iPhoneSimulator.Build.0 = Debug|iPhoneSimulator
		{8658389D-543A-4CB9-B78D-85423CABF98D}.Debug|iPhoneSimulator.Deploy.0 = Debug|iPhoneSimulator
		{8658389D-543A-4CB9-B78D-85423CABF98D}.Debug|x64.ActiveCfg = Debug|iPhoneSimulator
		{8658389D-543A-4CB9-B78D-85423CABF98D}.Debug|x64.Build.0 = Debug|iPhoneSimulator
		{8658389D-543A-4CB9-B78D-85423CABF98D}.Debug|x64.Deploy.0 = Debug|iPhoneSimulator
		{8658389D-543A-4CB9-B78D-85423CABF98D}.Debug|x86.ActiveCfg = Debug|iPhoneSimulator
		{8658389D-543A-4CB9-B78D-85423CABF98D}.Debug|x86.Build.0 = Debug|iPhoneSimulator
		{8658389D-543A-4CB9-B78D-85423CABF98D}.Debug|x86.Deploy.0 = Debug|iPhoneSimulator
		{8658389D-543A-4CB9-B78D-85423CABF98D}.Release|Any CPU.ActiveCfg = Release|iPhoneSimulator
		{8658389D-543A-4CB9-B78D-85423CABF98D}.Release|Any CPU.Build.0 = Release|iPhoneSimulator
		{8658389D-543A-4CB9-B78D-85423CABF98D}.Release|Any CPU.Deploy.0 = Release|iPhoneSimulator
		{8658389D-543A-4CB9-B78D-85423CABF98D}.Release|ARM.ActiveCfg = Release|iPhoneSimulator
		{8658389D-543A-4CB9-B78D-85423CABF98D}.Release|ARM.Build.0 = Release|iPhoneSimulator
		{8658389D-543A-4CB9-B78D-85423CABF98D}.Release|ARM.Deploy.0 = Release|iPhoneSimulator
		{8658389D-543A-4CB9-B78D-85423CABF98D}.Release|iPhone.ActiveCfg = Release|iPhone
		{8658389D-543A-4CB9-B78D-85423CABF98D}.Release|iPhone.Build.0 = Release|iPhone
		{8658389D-543A-4CB9-B78D-85423CABF98D}.Release|iPhone.Deploy.0 = Release|iPhone
		{8658389D-543A-4CB9-B78D-85423CABF98D}.Release|iPhoneSimulator.ActiveCfg = Release|iPhoneSimulator
		{8658389D-543A-4CB9-B78D-85423CABF98D}.Release|iPhoneSimulator.Build.0 = Release|iPhoneSimulator
		{8658389D-543A-4CB9-B78D-85423CABF98D}.Release|iPhoneSimulator.Deploy.0 = Release|iPhoneSimulator
		{8658389D-543A-4CB9-B78D-85423CABF98D}.Release|x64.ActiveCfg = Release|iPhoneSimulator
		{8658389D-543A-4CB9-B78D-85423CABF98D}.Release|x64.Build.0 = Release|iPhoneSimulator
		{8658389D-543A-4CB9-B78D-85423CABF98D}.Release|x64.Deploy.0 = Release|iPhoneSimulator
		{8658389D-543A-4CB9-B78D-85423CABF98D}.Release|x86.ActiveCfg = Release|iPhoneSimulator
		{8658389D-543A-4CB9-B78D-85423CABF98D}.Release|x86.Build.0 = Release|iPhoneSimulator
		{8658389D-543A-4CB9-B78D-85423CABF98D}.Release|x86.Deploy.0 = Release|iPhoneSimulator
		{E4FBACB7-D2AA-4CD5-9370-D979F10D1450}.Debug|Any CPU.ActiveCfg = Debug|Any CPU
		{E4FBACB7-D2AA-4CD5-9370-D979F10D1450}.Debug|Any CPU.Build.0 = Debug|Any CPU
		{E4FBACB7-D2AA-4CD5-9370-D979F10D1450}.Debug|Any CPU.Deploy.0 = Debug|Any CPU
		{E4FBACB7-D2AA-4CD5-9370-D979F10D1450}.Debug|ARM.ActiveCfg = Debug|Any CPU
		{E4FBACB7-D2AA-4CD5-9370-D979F10D1450}.Debug|ARM.Build.0 = Debug|Any CPU
		{E4FBACB7-D2AA-4CD5-9370-D979F10D1450}.Debug|ARM.Deploy.0 = Debug|Any CPU
		{E4FBACB7-D2AA-4CD5-9370-D979F10D1450}.Debug|iPhone.ActiveCfg = Debug|Any CPU
		{E4FBACB7-D2AA-4CD5-9370-D979F10D1450}.Debug|iPhone.Build.0 = Debug|Any CPU
		{E4FBACB7-D2AA-4CD5-9370-D979F10D1450}.Debug|iPhone.Deploy.0 = Debug|Any CPU
		{E4FBACB7-D2AA-4CD5-9370-D979F10D1450}.Debug|iPhoneSimulator.ActiveCfg = Debug|Any CPU
		{E4FBACB7-D2AA-4CD5-9370-D979F10D1450}.Debug|iPhoneSimulator.Build.0 = Debug|Any CPU
		{E4FBACB7-D2AA-4CD5-9370-D979F10D1450}.Debug|iPhoneSimulator.Deploy.0 = Debug|Any CPU
		{E4FBACB7-D2AA-4CD5-9370-D979F10D1450}.Debug|x64.ActiveCfg = Debug|Any CPU
		{E4FBACB7-D2AA-4CD5-9370-D979F10D1450}.Debug|x64.Build.0 = Debug|Any CPU
		{E4FBACB7-D2AA-4CD5-9370-D979F10D1450}.Debug|x64.Deploy.0 = Debug|Any CPU
		{E4FBACB7-D2AA-4CD5-9370-D979F10D1450}.Debug|x86.ActiveCfg = Debug|Any CPU
		{E4FBACB7-D2AA-4CD5-9370-D979F10D1450}.Debug|x86.Build.0 = Debug|Any CPU
		{E4FBACB7-D2AA-4CD5-9370-D979F10D1450}.Debug|x86.Deploy.0 = Debug|Any CPU
		{E4FBACB7-D2AA-4CD5-9370-D979F10D1450}.Release|Any CPU.ActiveCfg = Release|Any CPU
		{E4FBACB7-D2AA-4CD5-9370-D979F10D1450}.Release|Any CPU.Build.0 = Release|Any CPU
		{E4FBACB7-D2AA-4CD5-9370-D979F10D1450}.Release|Any CPU.Deploy.0 = Release|Any CPU
		{E4FBACB7-D2AA-4CD5-9370-D979F10D1450}.Release|ARM.ActiveCfg = Release|Any CPU
		{E4FBACB7-D2AA-4CD5-9370-D979F10D1450}.Release|ARM.Build.0 = Release|Any CPU
		{E4FBACB7-D2AA-4CD5-9370-D979F10D1450}.Release|ARM.Deploy.0 = Release|Any CPU
		{E4FBACB7-D2AA-4CD5-9370-D979F10D1450}.Release|iPhone.ActiveCfg = Release|Any CPU
		{E4FBACB7-D2AA-4CD5-9370-D979F10D1450}.Release|iPhone.Build.0 = Release|Any CPU
		{E4FBACB7-D2AA-4CD5-9370-D979F10D1450}.Release|iPhone.Deploy.0 = Release|Any CPU
		{E4FBACB7-D2AA-4CD5-9370-D979F10D1450}.Release|iPhoneSimulator.ActiveCfg = Release|Any CPU
		{E4FBACB7-D2AA-4CD5-9370-D979F10D1450}.Release|iPhoneSimulator.Build.0 = Release|Any CPU
		{E4FBACB7-D2AA-4CD5-9370-D979F10D1450}.Release|iPhoneSimulator.Deploy.0 = Release|Any CPU
		{E4FBACB7-D2AA-4CD5-9370-D979F10D1450}.Release|x64.ActiveCfg = Release|Any CPU
		{E4FBACB7-D2AA-4CD5-9370-D979F10D1450}.Release|x64.Build.0 = Release|Any CPU
		{E4FBACB7-D2AA-4CD5-9370-D979F10D1450}.Release|x64.Deploy.0 = Release|Any CPU
		{E4FBACB7-D2AA-4CD5-9370-D979F10D1450}.Release|x86.ActiveCfg = Release|Any CPU
		{E4FBACB7-D2AA-4CD5-9370-D979F10D1450}.Release|x86.Build.0 = Release|Any CPU
		{E4FBACB7-D2AA-4CD5-9370-D979F10D1450}.Release|x86.Deploy.0 = Release|Any CPU
	EndGlobalSection
	GlobalSection(SolutionProperties) = preSolution
		HideSolutionNode = FALSE
	EndGlobalSection
	GlobalSection(ExtensibilityGlobals) = postSolution
		SolutionGuid = {98DF5ADF-5B24-40C6-9E4A-08B4C51AC1E9}
	EndGlobalSection
EndGlobal
