
Microsoft Visual Studio Solution File, Format Version 12.00
# Visual Studio Version 16
VisualStudioVersion = 16.0.33920.266
MinimumVisualStudioVersion = 10.0.40219.1
Project("{FAE04EC0-301F-11D3-BF4B-00C04F79EFBC}") = "App09_ValidacaoAnnotation.UWP", "App09_ValidacaoAnnotation\App09_ValidacaoAnnotation.UWP\App09_ValidacaoAnnotation.UWP.csproj", "{7CBF26F2-16A2-4E07-B669-B32E230610BB}"
EndProject
Project("{FAE04EC0-301F-11D3-BF4B-00C04F79EFBC}") = "App09_ValidacaoAnnotation.Android", "App09_ValidacaoAnnotation\App09_ValidacaoAnnotation.Android\App09_ValidacaoAnnotation.Android.csproj", "{C0AD9ACF-4DC2-42DB-A350-5FC187181DB5}"
EndProject
Project("{FAE04EC0-301F-11D3-BF4B-00C04F79EFBC}") = "App09_ValidacaoAnnotation.iOS", "App09_ValidacaoAnnotation\App09_ValidacaoAnnotation.iOS\App09_ValidacaoAnnotation.iOS.csproj", "{87517B3B-DD6D-4DC8-8FD9-A98A9CD8C896}"
EndProject
Project("{FAE04EC0-301F-11D3-BF4B-00C04F79EFBC}") = "App09_ValidacaoAnnotation", "App09_ValidacaoAnnotation\App09_ValidacaoAnnotation\App09_ValidacaoAnnotation.csproj", "{CFD759A3-D6C9-4BAB-B1A1-546AB04342C6}"
EndProject
Global
	GlobalSection(SolutionConfigurationPlatforms) = preSolution
		Debug|Any CPU = Debug|Any CPU
		Debug|ARM = Debug|ARM
		Debug|iPhone = Debug|iPhone
		Debug|iPhoneSimulator = Debug|iPhoneSimulator
		Debug|x64 = Debug|x64
		Debug|x86 = Debug|x86
		Release|Any CPU = Release|Any CPU
		Release|ARM = Release|ARM
		Release|iPhone = Release|iPhone
		Release|iPhoneSimulator = Release|iPhoneSimulator
		Release|x64 = Release|x64
		Release|x86 = Release|x86
	EndGlobalSection
	GlobalSection(ProjectConfigurationPlatforms) = postSolution
		{7CBF26F2-16A2-4E07-B669-B32E230610BB}.Debug|Any CPU.ActiveCfg = Debug|x86
		{7CBF26F2-16A2-4E07-B669-B32E230610BB}.Debug|Any CPU.Build.0 = Debug|x86
		{7CBF26F2-16A2-4E07-B669-B32E230610BB}.Debug|Any CPU.Deploy.0 = Debug|x86
		{7CBF26F2-16A2-4E07-B669-B32E230610BB}.Debug|ARM.ActiveCfg = Debug|ARM
		{7CBF26F2-16A2-4E07-B669-B32E230610BB}.Debug|ARM.Build.0 = Debug|ARM
		{7CBF26F2-16A2-4E07-B669-B32E230610BB}.Debug|ARM.Deploy.0 = Debug|ARM
		{7CBF26F2-16A2-4E07-B669-B32E230610BB}.Debug|iPhone.ActiveCfg = Debug|x86
		{7CBF26F2-16A2-4E07-B669-B32E230610BB}.Debug|iPhone.Build.0 = Debug|x86
		{7CBF26F2-16A2-4E07-B669-B32E230610BB}.Debug|iPhone.Deploy.0 = Debug|x86
		{7CBF26F2-16A2-4E07-B669-B32E230610BB}.Debug|iPhoneSimulator.ActiveCfg = Debug|x86
		{7CBF26F2-16A2-4E07-B669-B32E230610BB}.Debug|iPhoneSimulator.Build.0 = Debug|x86
		{7CBF26F2-16A2-4E07-B669-B32E230610BB}.Debug|iPhoneSimulator.Deploy.0 = Debug|x86
		{7CBF26F2-16A2-4E07-B669-B32E230610BB}.Debug|x64.ActiveCfg = Debug|x64
		{7CBF26F2-16A2-4E07-B669-B32E230610BB}.Debug|x64.Build.0 = Debug|x64
		{7CBF26F2-16A2-4E07-B669-B32E230610BB}.Debug|x64.Deploy.0 = Debug|x64
		{7CBF26F2-16A2-4E07-B669-B32E230610BB}.Debug|x86.ActiveCfg = Debug|x86
		{7CBF26F2-16A2-4E07-B669-B32E230610BB}.Debug|x86.Build.0 = Debug|x86
		{7CBF26F2-16A2-4E07-B669-B32E230610BB}.Debug|x86.Deploy.0 = Debug|x86
		{7CBF26F2-16A2-4E07-B669-B32E230610BB}.Release|Any CPU.ActiveCfg = Release|x86
		{7CBF26F2-16A2-4E07-B669-B32E230610BB}.Release|Any CPU.Build.0 = Release|x86
		{7CBF26F2-16A2-4E07-B669-B32E230610BB}.Release|Any CPU.Deploy.0 = Release|x86
		{7CBF26F2-16A2-4E07-B669-B32E230610BB}.Release|ARM.ActiveCfg = Release|ARM
		{7CBF26F2-16A2-4E07-B669-B32E230610BB}.Release|ARM.Build.0 = Release|ARM
		{7CBF26F2-16A2-4E07-B669-B32E230610BB}.Release|ARM.Deploy.0 = Release|ARM
		{7CBF26F2-16A2-4E07-B669-B32E230610BB}.Release|iPhone.ActiveCfg = Release|x86
		{7CBF26F2-16A2-4E07-B669-B32E230610BB}.Release|iPhone.Build.0 = Release|x86
		{7CBF26F2-16A2-4E07-B669-B32E230610BB}.Release|iPhone.Deploy.0 = Release|x86
		{7CBF26F2-16A2-4E07-B669-B32E230610BB}.Release|iPhoneSimulator.ActiveCfg = Release|x86
		{7CBF26F2-16A2-4E07-B669-B32E230610BB}.Release|iPhoneSimulator.Build.0 = Release|x86
		{7CBF26F2-16A2-4E07-B669-B32E230610BB}.Release|iPhoneSimulator.Deploy.0 = Release|x86
		{7CBF26F2-16A2-4E07-B669-B32E230610BB}.Release|x64.ActiveCfg = Release|x64
		{7CBF26F2-16A2-4E07-B669-B32E230610BB}.Release|x64.Build.0 = Release|x64
		{7CBF26F2-16A2-4E07-B669-B32E230610BB}.Release|x64.Deploy.0 = Release|x64
		{7CBF26F2-16A2-4E07-B669-B32E230610BB}.Release|x86.ActiveCfg = Release|x86
		{7CBF26F2-16A2-4E07-B669-B32E230610BB}.Release|x86.Build.0 = Release|x86
		{7CBF26F2-16A2-4E07-B669-B32E230610BB}.Release|x86.Deploy.0 = Release|x86
		{C0AD9ACF-4DC2-42DB-A350-5FC187181DB5}.Debug|Any CPU.ActiveCfg = Debug|Any CPU
		{C0AD9ACF-4DC2-42DB-A350-5FC187181DB5}.Debug|Any CPU.Build.0 = Debug|Any CPU
		{C0AD9ACF-4DC2-42DB-A350-5FC187181DB5}.Debug|Any CPU.Deploy.0 = Debug|Any CPU
		{C0AD9ACF-4DC2-42DB-A350-5FC187181DB5}.Debug|ARM.ActiveCfg = Debug|Any CPU
		{C0AD9ACF-4DC2-42DB-A350-5FC187181DB5}.Debug|ARM.Build.0 = Debug|Any CPU
		{C0AD9ACF-4DC2-42DB-A350-5FC187181DB5}.Debug|ARM.Deploy.0 = Debug|Any CPU
		{C0AD9ACF-4DC2-42DB-A350-5FC187181DB5}.Debug|iPhone.ActiveCfg = Debug|Any CPU
		{C0AD9ACF-4DC2-42DB-A350-5FC187181DB5}.Debug|iPhone.Build.0 = Debug|Any CPU
		{C0AD9ACF-4DC2-42DB-A350-5FC187181DB5}.Debug|iPhone.Deploy.0 = Debug|Any CPU
		{C0AD9ACF-4DC2-42DB-A350-5FC187181DB5}.Debug|iPhoneSimulator.ActiveCfg = Debug|Any CPU
		{C0AD9ACF-4DC2-42DB-A350-5FC187181DB5}.Debug|iPhoneSimulator.Build.0 = Debug|Any CPU
		{C0AD9ACF-4DC2-42DB-A350-5FC187181DB5}.Debug|iPhoneSimulator.Deploy.0 = Debug|Any CPU
		{C0AD9ACF-4DC2-42DB-A350-5FC187181DB5}.Debug|x64.ActiveCfg = Debug|Any CPU
		{C0AD9ACF-4DC2-42DB-A350-5FC187181DB5}.Debug|x64.Build.0 = Debug|Any CPU
		{C0AD9ACF-4DC2-42DB-A350-5FC187181DB5}.Debug|x64.Deploy.0 = Debug|Any CPU
		{C0AD9ACF-4DC2-42DB-A350-5FC187181DB5}.Debug|x86.ActiveCfg = Debug|Any CPU
		{C0AD9ACF-4DC2-42DB-A350-5FC187181DB5}.Debug|x86.Build.0 = Debug|Any CPU
		{C0AD9ACF-4DC2-42DB-A350-5FC187181DB5}.Debug|x86.Deploy.0 = Debug|Any CPU
		{C0AD9ACF-4DC2-42DB-A350-5FC187181DB5}.Release|Any CPU.ActiveCfg = Release|Any CPU
		{C0AD9ACF-4DC2-42DB-A350-5FC187181DB5}.Release|Any CPU.Build.0 = Release|Any CPU
		{C0AD9ACF-4DC2-42DB-A350-5FC187181DB5}.Release|Any CPU.Deploy.0 = Release|Any CPU
		{C0AD9ACF-4DC2-42DB-A350-5FC187181DB5}.Release|ARM.ActiveCfg = Release|Any CPU
		{C0AD9ACF-4DC2-42DB-A350-5FC187181DB5}.Release|ARM.Build.0 = Release|Any CPU
		{C0AD9ACF-4DC2-42DB-A350-5FC187181DB5}.Release|ARM.Deploy.0 = Release|Any CPU
		{C0AD9ACF-4DC2-42DB-A350-5FC187181DB5}.Release|iPhone.ActiveCfg = Release|Any CPU
		{C0AD9ACF-4DC2-42DB-A350-5FC187181DB5}.Release|iPhone.Build.0 = Release|Any CPU
		{C0AD9ACF-4DC2-42DB-A350-5FC187181DB5}.Release|iPhone.Deploy.0 = Release|Any CPU
		{C0AD9ACF-4DC2-42DB-A350-5FC187181DB5}.Release|iPhoneSimulator.ActiveCfg = Release|Any CPU
		{C0AD9ACF-4DC2-42DB-A350-5FC187181DB5}.Release|iPhoneSimulator.Build.0 = Release|Any CPU
		{C0AD9ACF-4DC2-42DB-A350-5FC187181DB5}.Release|iPhoneSimulator.Deploy.0 = Release|Any CPU
		{C0AD9ACF-4DC2-42DB-A350-5FC187181DB5}.Release|x64.ActiveCfg = Release|Any CPU
		{C0AD9ACF-4DC2-42DB-A350-5FC187181DB5}.Release|x64.Build.0 = Release|Any CPU
		{C0AD9ACF-4DC2-42DB-A350-5FC187181DB5}.Release|x64.Deploy.0 = Release|Any CPU
		{C0AD9ACF-4DC2-42DB-A350-5FC187181DB5}.Release|x86.ActiveCfg = Release|Any CPU
		{C0AD9ACF-4DC2-42DB-A350-5FC187181DB5}.Release|x86.Build.0 = Release|Any CPU
		{C0AD9ACF-4DC2-42DB-A350-5FC187181DB5}.Release|x86.Deploy.0 = Release|Any CPU
		{87517B3B-DD6D-4DC8-8FD9-A98A9CD8C896}.Debug|Any CPU.ActiveCfg = Debug|iPhoneSimulator
		{87517B3B-DD6D-4DC8-8FD9-A98A9CD8C896}.Debug|Any CPU.Build.0 = Debug|iPhoneSimulator
		{87517B3B-DD6D-4DC8-8FD9-A98A9CD8C896}.Debug|Any CPU.Deploy.0 = Debug|iPhoneSimulator
		{87517B3B-DD6D-4DC8-8FD9-A98A9CD8C896}.Debug|ARM.ActiveCfg = Debug|iPhone
		{87517B3B-DD6D-4DC8-8FD9-A98A9CD8C896}.Debug|ARM.Build.0 = Debug|iPhone
		{87517B3B-DD6D-4DC8-8FD9-A98A9CD8C896}.Debug|ARM.Deploy.0 = Debug|iPhone
		{87517B3B-DD6D-4DC8-8FD9-A98A9CD8C896}.Debug|iPhone.ActiveCfg = Debug|iPhone
		{87517B3B-DD6D-4DC8-8FD9-A98A9CD8C896}.Debug|iPhone.Build.0 = Debug|iPhone
		{87517B3B-DD6D-4DC8-8FD9-A98A9CD8C896}.Debug|iPhone.Deploy.0 = Debug|iPhone
		{87517B3B-DD6D-4DC8-8FD9-A98A9CD8C896}.Debug|iPhoneSimulator.ActiveCfg = Debug|iPhoneSimulator
		{87517B3B-DD6D-4DC8-8FD9-A98A9CD8C896}.Debug|iPhoneSimulator.Build.0 = Debug|iPhoneSimulator
		{87517B3B-DD6D-4DC8-8FD9-A98A9CD8C896}.Debug|iPhoneSimulator.Deploy.0 = Debug|iPhoneSimulator
		{87517B3B-DD6D-4DC8-8FD9-A98A9CD8C896}.Debug|x64.ActiveCfg = Debug|iPhoneSimulator
		{87517B3B-DD6D-4DC8-8FD9-A98A9CD8C896}.Debug|x64.Build.0 = Debug|iPhoneSimulator
		{87517B3B-DD6D-4DC8-8FD9-A98A9CD8C896}.Debug|x64.Deploy.0 = Debug|iPhoneSimulator
		{87517B3B-DD6D-4DC8-8FD9-A98A9CD8C896}.Debug|x86.ActiveCfg = Debug|iPhoneSimulator
		{87517B3B-DD6D-4DC8-8FD9-A98A9CD8C896}.Debug|x86.Build.0 = Debug|iPhoneSimulator
		{87517B3B-DD6D-4DC8-8FD9-A98A9CD8C896}.Debug|x86.Deploy.0 = Debug|iPhoneSimulator
		{87517B3B-DD6D-4DC8-8FD9-A98A9CD8C896}.Release|Any CPU.ActiveCfg = Release|iPhoneSimulator
		{87517B3B-DD6D-4DC8-8FD9-A98A9CD8C896}.Release|Any CPU.Build.0 = Release|iPhoneSimulator
		{87517B3B-DD6D-4DC8-8FD9-A98A9CD8C896}.Release|Any CPU.Deploy.0 = Release|iPhoneSimulator
		{87517B3B-DD6D-4DC8-8FD9-A98A9CD8C896}.Release|ARM.ActiveCfg = Release|iPhoneSimulator
		{87517B3B-DD6D-4DC8-8FD9-A98A9CD8C896}.Release|ARM.Build.0 = Release|iPhoneSimulator
		{87517B3B-DD6D-4DC8-8FD9-A98A9CD8C896}.Release|ARM.Deploy.0 = Release|iPhoneSimulator
		{87517B3B-DD6D-4DC8-8FD9-A98A9CD8C896}.Release|iPhone.ActiveCfg = Release|iPhone
		{87517B3B-DD6D-4DC8-8FD9-A98A9CD8C896}.Release|iPhone.Build.0 = Release|iPhone
		{87517B3B-DD6D-4DC8-8FD9-A98A9CD8C896}.Release|iPhone.Deploy.0 = Release|iPhone
		{87517B3B-DD6D-4DC8-8FD9-A98A9CD8C896}.Release|iPhoneSimulator.ActiveCfg = Release|iPhoneSimulator
		{87517B3B-DD6D-4DC8-8FD9-A98A9CD8C896}.Release|iPhoneSimulator.Build.0 = Release|iPhoneSimulator
		{87517B3B-DD6D-4DC8-8FD9-A98A9CD8C896}.Release|iPhoneSimulator.Deploy.0 = Release|iPhoneSimulator
		{87517B3B-DD6D-4DC8-8FD9-A98A9CD8C896}.Release|x64.ActiveCfg = Release|iPhoneSimulator
		{87517B3B-DD6D-4DC8-8FD9-A98A9CD8C896}.Release|x64.Build.0 = Release|iPhoneSimulator
		{87517B3B-DD6D-4DC8-8FD9-A98A9CD8C896}.Release|x64.Deploy.0 = Release|iPhoneSimulator
		{87517B3B-DD6D-4DC8-8FD9-A98A9CD8C896}.Release|x86.ActiveCfg = Release|iPhoneSimulator
		{87517B3B-DD6D-4DC8-8FD9-A98A9CD8C896}.Release|x86.Build.0 = Release|iPhoneSimulator
		{87517B3B-DD6D-4DC8-8FD9-A98A9CD8C896}.Release|x86.Deploy.0 = Release|iPhoneSimulator
		{CFD759A3-D6C9-4BAB-B1A1-546AB04342C6}.Debug|Any CPU.ActiveCfg = Debug|Any CPU
		{CFD759A3-D6C9-4BAB-B1A1-546AB04342C6}.Debug|Any CPU.Build.0 = Debug|Any CPU
		{CFD759A3-D6C9-4BAB-B1A1-546AB04342C6}.Debug|Any CPU.Deploy.0 = Debug|Any CPU
		{CFD759A3-D6C9-4BAB-B1A1-546AB04342C6}.Debug|ARM.ActiveCfg = Debug|Any CPU
		{CFD759A3-D6C9-4BAB-B1A1-546AB04342C6}.Debug|ARM.Build.0 = Debug|Any CPU
		{CFD759A3-D6C9-4BAB-B1A1-546AB04342C6}.Debug|ARM.Deploy.0 = Debug|Any CPU
		{CFD759A3-D6C9-4BAB-B1A1-546AB04342C6}.Debug|iPhone.ActiveCfg = Debug|Any CPU
		{CFD759A3-D6C9-4BAB-B1A1-546AB04342C6}.Debug|iPhone.Build.0 = Debug|Any CPU
		{CFD759A3-D6C9-4BAB-B1A1-546AB04342C6}.Debug|iPhone.Deploy.0 = Debug|Any CPU
		{CFD759A3-D6C9-4BAB-B1A1-546AB04342C6}.Debug|iPhoneSimulator.ActiveCfg = Debug|Any CPU
		{CFD759A3-D6C9-4BAB-B1A1-546AB04342C6}.Debug|iPhoneSimulator.Build.0 = Debug|Any CPU
		{CFD759A3-D6C9-4BAB-B1A1-546AB04342C6}.Debug|iPhoneSimulator.Deploy.0 = Debug|Any CPU
		{CFD759A3-D6C9-4BAB-B1A1-546AB04342C6}.Debug|x64.ActiveCfg = Debug|Any CPU
		{CFD759A3-D6C9-4BAB-B1A1-546AB04342C6}.Debug|x64.Build.0 = Debug|Any CPU
		{CFD759A3-D6C9-4BAB-B1A1-546AB04342C6}.Debug|x64.Deploy.0 = Debug|Any CPU
		{CFD759A3-D6C9-4BAB-B1A1-546AB04342C6}.Debug|x86.ActiveCfg = Debug|Any CPU
		{CFD759A3-D6C9-4BAB-B1A1-546AB04342C6}.Debug|x86.Build.0 = Debug|Any CPU
		{CFD759A3-D6C9-4BAB-B1A1-546AB04342C6}.Debug|x86.Deploy.0 = Debug|Any CPU
		{CFD759A3-D6C9-4BAB-B1A1-546AB04342C6}.Release|Any CPU.ActiveCfg = Release|Any CPU
		{CFD759A3-D6C9-4BAB-B1A1-546AB04342C6}.Release|Any CPU.Build.0 = Release|Any CPU
		{CFD759A3-D6C9-4BAB-B1A1-546AB04342C6}.Release|Any CPU.Deploy.0 = Release|Any CPU
		{CFD759A3-D6C9-4BAB-B1A1-546AB04342C6}.Release|ARM.ActiveCfg = Release|Any CPU
		{CFD759A3-D6C9-4BAB-B1A1-546AB04342C6}.Release|ARM.Build.0 = Release|Any CPU
		{CFD759A3-D6C9-4BAB-B1A1-546AB04342C6}.Release|ARM.Deploy.0 = Release|Any CPU
		{CFD759A3-D6C9-4BAB-B1A1-546AB04342C6}.Release|iPhone.ActiveCfg = Release|Any CPU
		{CFD759A3-D6C9-4BAB-B1A1-546AB04342C6}.Release|iPhone.Build.0 = Release|Any CPU
		{CFD759A3-D6C9-4BAB-B1A1-546AB04342C6}.Release|iPhone.Deploy.0 = Release|Any CPU
		{CFD759A3-D6C9-4BAB-B1A1-546AB04342C6}.Release|iPhoneSimulator.ActiveCfg = Release|Any CPU
		{CFD759A3-D6C9-4BAB-B1A1-546AB04342C6}.Release|iPhoneSimulator.Build.0 = Release|Any CPU
		{CFD759A3-D6C9-4BAB-B1A1-546AB04342C6}.Release|iPhoneSimulator.Deploy.0 = Release|Any CPU
		{CFD759A3-D6C9-4BAB-B1A1-546AB04342C6}.Release|x64.ActiveCfg = Release|Any CPU
		{CFD759A3-D6C9-4BAB-B1A1-546AB04342C6}.Release|x64.Build.0 = Release|Any CPU
		{CFD759A3-D6C9-4BAB-B1A1-546AB04342C6}.Release|x64.Deploy.0 = Release|Any CPU
		{CFD759A3-D6C9-4BAB-B1A1-546AB04342C6}.Release|x86.ActiveCfg = Release|Any CPU
		{CFD759A3-D6C9-4BAB-B1A1-546AB04342C6}.Release|x86.Build.0 = Release|Any CPU
		{CFD759A3-D6C9-4BAB-B1A1-546AB04342C6}.Release|x86.Deploy.0 = Release|Any CPU
	EndGlobalSection
	GlobalSection(SolutionProperties) = preSolution
		HideSolutionNode = FALSE
	EndGlobalSection
	GlobalSection(ExtensibilityGlobals) = postSolution
		SolutionGuid = {19766EA6-CD4E-4B22-BFFB-8F5CDD89CFDF}
	EndGlobalSection
EndGlobal
