
Microsoft Visual Studio Solution File, Format Version 12.00
# Visual Studio Version 16
VisualStudioVersion = 16.0.33920.266
MinimumVisualStudioVersion = 10.0.40219.1
Project("{FAE04EC0-301F-11D3-BF4B-00C04F79EFBC}") = "App12_ArmazenamentoEBandoDeDados.UWP", "App12_ArmazenamentoEBandoDeDados\App12_ArmazenamentoEBandoDeDados.UWP\App12_ArmazenamentoEBandoDeDados.UWP.csproj", "{5EEC86A5-32E7-4561-8C5B-9AF7463D5D4D}"
EndProject
Project("{FAE04EC0-301F-11D3-BF4B-00C04F79EFBC}") = "App12_ArmazenamentoEBandoDeDados.Android", "App12_ArmazenamentoEBandoDeDados\App12_ArmazenamentoEBandoDeDados.Android\App12_ArmazenamentoEBandoDeDados.Android.csproj", "{A7F3A5E3-43B6-49CD-86E2-805555B2180F}"
EndProject
Project("{FAE04EC0-301F-11D3-BF4B-00C04F79EFBC}") = "App12_ArmazenamentoEBandoDeDados.iOS", "App12_ArmazenamentoEBandoDeDados\App12_ArmazenamentoEBandoDeDados.iOS\App12_ArmazenamentoEBandoDeDados.iOS.csproj", "{3EB4A0D5-CAEF-4663-9542-422C37C737F8}"
EndProject
Project("{FAE04EC0-301F-11D3-BF4B-00C04F79EFBC}") = "App12_ArmazenamentoEBandoDeDados", "App12_ArmazenamentoEBandoDeDados\App12_ArmazenamentoEBandoDeDados\App12_ArmazenamentoEBandoDeDados.csproj", "{7781CFD1-01D1-480B-A0FF-2BB5AE72A6E9}"
EndProject
Global
	GlobalSection(SolutionConfigurationPlatforms) = preSolution
		Debug|Any CPU = Debug|Any CPU
		Debug|ARM = Debug|ARM
		Debug|iPhone = Debug|iPhone
		Debug|iPhoneSimulator = Debug|iPhoneSimulator
		Debug|x64 = Debug|x64
		Debug|x86 = Debug|x86
		Release|Any CPU = Release|Any CPU
		Release|ARM = Release|ARM
		Release|iPhone = Release|iPhone
		Release|iPhoneSimulator = Release|iPhoneSimulator
		Release|x64 = Release|x64
		Release|x86 = Release|x86
	EndGlobalSection
	GlobalSection(ProjectConfigurationPlatforms) = postSolution
		{5EEC86A5-32E7-4561-8C5B-9AF7463D5D4D}.Debug|Any CPU.ActiveCfg = Debug|x86
		{5EEC86A5-32E7-4561-8C5B-9AF7463D5D4D}.Debug|Any CPU.Build.0 = Debug|x86
		{5EEC86A5-32E7-4561-8C5B-9AF7463D5D4D}.Debug|Any CPU.Deploy.0 = Debug|x86
		{5EEC86A5-32E7-4561-8C5B-9AF7463D5D4D}.Debug|ARM.ActiveCfg = Debug|ARM
		{5EEC86A5-32E7-4561-8C5B-9AF7463D5D4D}.Debug|ARM.Build.0 = Debug|ARM
		{5EEC86A5-32E7-4561-8C5B-9AF7463D5D4D}.Debug|ARM.Deploy.0 = Debug|ARM
		{5EEC86A5-32E7-4561-8C5B-9AF7463D5D4D}.Debug|iPhone.ActiveCfg = Debug|x86
		{5EEC86A5-32E7-4561-8C5B-9AF7463D5D4D}.Debug|iPhone.Build.0 = Debug|x86
		{5EEC86A5-32E7-4561-8C5B-9AF7463D5D4D}.Debug|iPhone.Deploy.0 = Debug|x86
		{5EEC86A5-32E7-4561-8C5B-9AF7463D5D4D}.Debug|iPhoneSimulator.ActiveCfg = Debug|x86
		{5EEC86A5-32E7-4561-8C5B-9AF7463D5D4D}.Debug|iPhoneSimulator.Build.0 = Debug|x86
		{5EEC86A5-32E7-4561-8C5B-9AF7463D5D4D}.Debug|iPhoneSimulator.Deploy.0 = Debug|x86
		{5EEC86A5-32E7-4561-8C5B-9AF7463D5D4D}.Debug|x64.ActiveCfg = Debug|x64
		{5EEC86A5-32E7-4561-8C5B-9AF7463D5D4D}.Debug|x64.Build.0 = Debug|x64
		{5EEC86A5-32E7-4561-8C5B-9AF7463D5D4D}.Debug|x64.Deploy.0 = Debug|x64
		{5EEC86A5-32E7-4561-8C5B-9AF7463D5D4D}.Debug|x86.ActiveCfg = Debug|x86
		{5EEC86A5-32E7-4561-8C5B-9AF7463D5D4D}.Debug|x86.Build.0 = Debug|x86
		{5EEC86A5-32E7-4561-8C5B-9AF7463D5D4D}.Debug|x86.Deploy.0 = Debug|x86
		{5EEC86A5-32E7-4561-8C5B-9AF7463D5D4D}.Release|Any CPU.ActiveCfg = Release|x86
		{5EEC86A5-32E7-4561-8C5B-9AF7463D5D4D}.Release|Any CPU.Build.0 = Release|x86
		{5EEC86A5-32E7-4561-8C5B-9AF7463D5D4D}.Release|Any CPU.Deploy.0 = Release|x86
		{5EEC86A5-32E7-4561-8C5B-9AF7463D5D4D}.Release|ARM.ActiveCfg = Release|ARM
		{5EEC86A5-32E7-4561-8C5B-9AF7463D5D4D}.Release|ARM.Build.0 = Release|ARM
		{5EEC86A5-32E7-4561-8C5B-9AF7463D5D4D}.Release|ARM.Deploy.0 = Release|ARM
		{5EEC86A5-32E7-4561-8C5B-9AF7463D5D4D}.Release|iPhone.ActiveCfg = Release|x86
		{5EEC86A5-32E7-4561-8C5B-9AF7463D5D4D}.Release|iPhone.Build.0 = Release|x86
		{5EEC86A5-32E7-4561-8C5B-9AF7463D5D4D}.Release|iPhone.Deploy.0 = Release|x86
		{5EEC86A5-32E7-4561-8C5B-9AF7463D5D4D}.Release|iPhoneSimulator.ActiveCfg = Release|x86
		{5EEC86A5-32E7-4561-8C5B-9AF7463D5D4D}.Release|iPhoneSimulator.Build.0 = Release|x86
		{5EEC86A5-32E7-4561-8C5B-9AF7463D5D4D}.Release|iPhoneSimulator.Deploy.0 = Release|x86
		{5EEC86A5-32E7-4561-8C5B-9AF7463D5D4D}.Release|x64.ActiveCfg = Release|x64
		{5EEC86A5-32E7-4561-8C5B-9AF7463D5D4D}.Release|x64.Build.0 = Release|x64
		{5EEC86A5-32E7-4561-8C5B-9AF7463D5D4D}.Release|x64.Deploy.0 = Release|x64
		{5EEC86A5-32E7-4561-8C5B-9AF7463D5D4D}.Release|x86.ActiveCfg = Release|x86
		{5EEC86A5-32E7-4561-8C5B-9AF7463D5D4D}.Release|x86.Build.0 = Release|x86
		{5EEC86A5-32E7-4561-8C5B-9AF7463D5D4D}.Release|x86.Deploy.0 = Release|x86
		{A7F3A5E3-43B6-49CD-86E2-805555B2180F}.Debug|Any CPU.ActiveCfg = Debug|Any CPU
		{A7F3A5E3-43B6-49CD-86E2-805555B2180F}.Debug|Any CPU.Build.0 = Debug|Any CPU
		{A7F3A5E3-43B6-49CD-86E2-805555B2180F}.Debug|Any CPU.Deploy.0 = Debug|Any CPU
		{A7F3A5E3-43B6-49CD-86E2-805555B2180F}.Debug|ARM.ActiveCfg = Debug|Any CPU
		{A7F3A5E3-43B6-49CD-86E2-805555B2180F}.Debug|ARM.Build.0 = Debug|Any CPU
		{A7F3A5E3-43B6-49CD-86E2-805555B2180F}.Debug|ARM.Deploy.0 = Debug|Any CPU
		{A7F3A5E3-43B6-49CD-86E2-805555B2180F}.Debug|iPhone.ActiveCfg = Debug|Any CPU
		{A7F3A5E3-43B6-49CD-86E2-805555B2180F}.Debug|iPhone.Build.0 = Debug|Any CPU
		{A7F3A5E3-43B6-49CD-86E2-805555B2180F}.Debug|iPhone.Deploy.0 = Debug|Any CPU
		{A7F3A5E3-43B6-49CD-86E2-805555B2180F}.Debug|iPhoneSimulator.ActiveCfg = Debug|Any CPU
		{A7F3A5E3-43B6-49CD-86E2-805555B2180F}.Debug|iPhoneSimulator.Build.0 = Debug|Any CPU
		{A7F3A5E3-43B6-49CD-86E2-805555B2180F}.Debug|iPhoneSimulator.Deploy.0 = Debug|Any CPU
		{A7F3A5E3-43B6-49CD-86E2-805555B2180F}.Debug|x64.ActiveCfg = Debug|Any CPU
		{A7F3A5E3-43B6-49CD-86E2-805555B2180F}.Debug|x64.Build.0 = Debug|Any CPU
		{A7F3A5E3-43B6-49CD-86E2-805555B2180F}.Debug|x64.Deploy.0 = Debug|Any CPU
		{A7F3A5E3-43B6-49CD-86E2-805555B2180F}.Debug|x86.ActiveCfg = Debug|Any CPU
		{A7F3A5E3-43B6-49CD-86E2-805555B2180F}.Debug|x86.Build.0 = Debug|Any CPU
		{A7F3A5E3-43B6-49CD-86E2-805555B2180F}.Debug|x86.Deploy.0 = Debug|Any CPU
		{A7F3A5E3-43B6-49CD-86E2-805555B2180F}.Release|Any CPU.ActiveCfg = Release|Any CPU
		{A7F3A5E3-43B6-49CD-86E2-805555B2180F}.Release|Any CPU.Build.0 = Release|Any CPU
		{A7F3A5E3-43B6-49CD-86E2-805555B2180F}.Release|Any CPU.Deploy.0 = Release|Any CPU
		{A7F3A5E3-43B6-49CD-86E2-805555B2180F}.Release|ARM.ActiveCfg = Release|Any CPU
		{A7F3A5E3-43B6-49CD-86E2-805555B2180F}.Release|ARM.Build.0 = Release|Any CPU
		{A7F3A5E3-43B6-49CD-86E2-805555B2180F}.Release|ARM.Deploy.0 = Release|Any CPU
		{A7F3A5E3-43B6-49CD-86E2-805555B2180F}.Release|iPhone.ActiveCfg = Release|Any CPU
		{A7F3A5E3-43B6-49CD-86E2-805555B2180F}.Release|iPhone.Build.0 = Release|Any CPU
		{A7F3A5E3-43B6-49CD-86E2-805555B2180F}.Release|iPhone.Deploy.0 = Release|Any CPU
		{A7F3A5E3-43B6-49CD-86E2-805555B2180F}.Release|iPhoneSimulator.ActiveCfg = Release|Any CPU
		{A7F3A5E3-43B6-49CD-86E2-805555B2180F}.Release|iPhoneSimulator.Build.0 = Release|Any CPU
		{A7F3A5E3-43B6-49CD-86E2-805555B2180F}.Release|iPhoneSimulator.Deploy.0 = Release|Any CPU
		{A7F3A5E3-43B6-49CD-86E2-805555B2180F}.Release|x64.ActiveCfg = Release|Any CPU
		{A7F3A5E3-43B6-49CD-86E2-805555B2180F}.Release|x64.Build.0 = Release|Any CPU
		{A7F3A5E3-43B6-49CD-86E2-805555B2180F}.Release|x64.Deploy.0 = Release|Any CPU
		{A7F3A5E3-43B6-49CD-86E2-805555B2180F}.Release|x86.ActiveCfg = Release|Any CPU
		{A7F3A5E3-43B6-49CD-86E2-805555B2180F}.Release|x86.Build.0 = Release|Any CPU
		{A7F3A5E3-43B6-49CD-86E2-805555B2180F}.Release|x86.Deploy.0 = Release|Any CPU
		{3EB4A0D5-CAEF-4663-9542-422C37C737F8}.Debug|Any CPU.ActiveCfg = Debug|iPhoneSimulator
		{3EB4A0D5-CAEF-4663-9542-422C37C737F8}.Debug|Any CPU.Build.0 = Debug|iPhoneSimulator
		{3EB4A0D5-CAEF-4663-9542-422C37C737F8}.Debug|Any CPU.Deploy.0 = Debug|iPhoneSimulator
		{3EB4A0D5-CAEF-4663-9542-422C37C737F8}.Debug|ARM.ActiveCfg = Debug|iPhone
		{3EB4A0D5-CAEF-4663-9542-422C37C737F8}.Debug|ARM.Build.0 = Debug|iPhone
		{3EB4A0D5-CAEF-4663-9542-422C37C737F8}.Debug|ARM.Deploy.0 = Debug|iPhone
		{3EB4A0D5-CAEF-4663-9542-422C37C737F8}.Debug|iPhone.ActiveCfg = Debug|iPhone
		{3EB4A0D5-CAEF-4663-9542-422C37C737F8}.Debug|iPhone.Build.0 = Debug|iPhone
		{3EB4A0D5-CAEF-4663-9542-422C37C737F8}.Debug|iPhone.Deploy.0 = Debug|iPhone
		{3EB4A0D5-CAEF-4663-9542-422C37C737F8}.Debug|iPhoneSimulator.ActiveCfg = Debug|iPhoneSimulator
		{3EB4A0D5-CAEF-4663-9542-422C37C737F8}.Debug|iPhoneSimulator.Build.0 = Debug|iPhoneSimulator
		{3EB4A0D5-CAEF-4663-9542-422C37C737F8}.Debug|iPhoneSimulator.Deploy.0 = Debug|iPhoneSimulator
		{3EB4A0D5-CAEF-4663-9542-422C37C737F8}.Debug|x64.ActiveCfg = Debug|iPhoneSimulator
		{3EB4A0D5-CAEF-4663-9542-422C37C737F8}.Debug|x64.Build.0 = Debug|iPhoneSimulator
		{3EB4A0D5-CAEF-4663-9542-422C37C737F8}.Debug|x64.Deploy.0 = Debug|iPhoneSimulator
		{3EB4A0D5-CAEF-4663-9542-422C37C737F8}.Debug|x86.ActiveCfg = Debug|iPhoneSimulator
		{3EB4A0D5-CAEF-4663-9542-422C37C737F8}.Debug|x86.Build.0 = Debug|iPhoneSimulator
		{3EB4A0D5-CAEF-4663-9542-422C37C737F8}.Debug|x86.Deploy.0 = Debug|iPhoneSimulator
		{3EB4A0D5-CAEF-4663-9542-422C37C737F8}.Release|Any CPU.ActiveCfg = Release|iPhoneSimulator
		{3EB4A0D5-CAEF-4663-9542-422C37C737F8}.Release|Any CPU.Build.0 = Release|iPhoneSimulator
		{3EB4A0D5-CAEF-4663-9542-422C37C737F8}.Release|Any CPU.Deploy.0 = Release|iPhoneSimulator
		{3EB4A0D5-CAEF-4663-9542-422C37C737F8}.Release|ARM.ActiveCfg = Release|iPhoneSimulator
		{3EB4A0D5-CAEF-4663-9542-422C37C737F8}.Release|ARM.Build.0 = Release|iPhoneSimulator
		{3EB4A0D5-CAEF-4663-9542-422C37C737F8}.Release|ARM.Deploy.0 = Release|iPhoneSimulator
		{3EB4A0D5-CAEF-4663-9542-422C37C737F8}.Release|iPhone.ActiveCfg = Release|iPhone
		{3EB4A0D5-CAEF-4663-9542-422C37C737F8}.Release|iPhone.Build.0 = Release|iPhone
		{3EB4A0D5-CAEF-4663-9542-422C37C737F8}.Release|iPhone.Deploy.0 = Release|iPhone
		{3EB4A0D5-CAEF-4663-9542-422C37C737F8}.Release|iPhoneSimulator.ActiveCfg = Release|iPhoneSimulator
		{3EB4A0D5-CAEF-4663-9542-422C37C737F8}.Release|iPhoneSimulator.Build.0 = Release|iPhoneSimulator
		{3EB4A0D5-CAEF-4663-9542-422C37C737F8}.Release|iPhoneSimulator.Deploy.0 = Release|iPhoneSimulator
		{3EB4A0D5-CAEF-4663-9542-422C37C737F8}.Release|x64.ActiveCfg = Release|iPhoneSimulator
		{3EB4A0D5-CAEF-4663-9542-422C37C737F8}.Release|x64.Build.0 = Release|iPhoneSimulator
		{3EB4A0D5-CAEF-4663-9542-422C37C737F8}.Release|x64.Deploy.0 = Release|iPhoneSimulator
		{3EB4A0D5-CAEF-4663-9542-422C37C737F8}.Release|x86.ActiveCfg = Release|iPhoneSimulator
		{3EB4A0D5-CAEF-4663-9542-422C37C737F8}.Release|x86.Build.0 = Release|iPhoneSimulator
		{3EB4A0D5-CAEF-4663-9542-422C37C737F8}.Release|x86.Deploy.0 = Release|iPhoneSimulator
		{7781CFD1-01D1-480B-A0FF-2BB5AE72A6E9}.Debug|Any CPU.ActiveCfg = Debug|Any CPU
		{7781CFD1-01D1-480B-A0FF-2BB5AE72A6E9}.Debug|Any CPU.Build.0 = Debug|Any CPU
		{7781CFD1-01D1-480B-A0FF-2BB5AE72A6E9}.Debug|Any CPU.Deploy.0 = Debug|Any CPU
		{7781CFD1-01D1-480B-A0FF-2BB5AE72A6E9}.Debug|ARM.ActiveCfg = Debug|Any CPU
		{7781CFD1-01D1-480B-A0FF-2BB5AE72A6E9}.Debug|ARM.Build.0 = Debug|Any CPU
		{7781CFD1-01D1-480B-A0FF-2BB5AE72A6E9}.Debug|ARM.Deploy.0 = Debug|Any CPU
		{7781CFD1-01D1-480B-A0FF-2BB5AE72A6E9}.Debug|iPhone.ActiveCfg = Debug|Any CPU
		{7781CFD1-01D1-480B-A0FF-2BB5AE72A6E9}.Debug|iPhone.Build.0 = Debug|Any CPU
		{7781CFD1-01D1-480B-A0FF-2BB5AE72A6E9}.Debug|iPhone.Deploy.0 = Debug|Any CPU
		{7781CFD1-01D1-480B-A0FF-2BB5AE72A6E9}.Debug|iPhoneSimulator.ActiveCfg = Debug|Any CPU
		{7781CFD1-01D1-480B-A0FF-2BB5AE72A6E9}.Debug|iPhoneSimulator.Build.0 = Debug|Any CPU
		{7781CFD1-01D1-480B-A0FF-2BB5AE72A6E9}.Debug|iPhoneSimulator.Deploy.0 = Debug|Any CPU
		{7781CFD1-01D1-480B-A0FF-2BB5AE72A6E9}.Debug|x64.ActiveCfg = Debug|Any CPU
		{7781CFD1-01D1-480B-A0FF-2BB5AE72A6E9}.Debug|x64.Build.0 = Debug|Any CPU
		{7781CFD1-01D1-480B-A0FF-2BB5AE72A6E9}.Debug|x64.Deploy.0 = Debug|Any CPU
		{7781CFD1-01D1-480B-A0FF-2BB5AE72A6E9}.Debug|x86.ActiveCfg = Debug|Any CPU
		{7781CFD1-01D1-480B-A0FF-2BB5AE72A6E9}.Debug|x86.Build.0 = Debug|Any CPU
		{7781CFD1-01D1-480B-A0FF-2BB5AE72A6E9}.Debug|x86.Deploy.0 = Debug|Any CPU
		{7781CFD1-01D1-480B-A0FF-2BB5AE72A6E9}.Release|Any CPU.ActiveCfg = Release|Any CPU
		{7781CFD1-01D1-480B-A0FF-2BB5AE72A6E9}.Release|Any CPU.Build.0 = Release|Any CPU
		{7781CFD1-01D1-480B-A0FF-2BB5AE72A6E9}.Release|Any CPU.Deploy.0 = Release|Any CPU
		{7781CFD1-01D1-480B-A0FF-2BB5AE72A6E9}.Release|ARM.ActiveCfg = Release|Any CPU
		{7781CFD1-01D1-480B-A0FF-2BB5AE72A6E9}.Release|ARM.Build.0 = Release|Any CPU
		{7781CFD1-01D1-480B-A0FF-2BB5AE72A6E9}.Release|ARM.Deploy.0 = Release|Any CPU
		{7781CFD1-01D1-480B-A0FF-2BB5AE72A6E9}.Release|iPhone.ActiveCfg = Release|Any CPU
		{7781CFD1-01D1-480B-A0FF-2BB5AE72A6E9}.Release|iPhone.Build.0 = Release|Any CPU
		{7781CFD1-01D1-480B-A0FF-2BB5AE72A6E9}.Release|iPhone.Deploy.0 = Release|Any CPU
		{7781CFD1-01D1-480B-A0FF-2BB5AE72A6E9}.Release|iPhoneSimulator.ActiveCfg = Release|Any CPU
		{7781CFD1-01D1-480B-A0FF-2BB5AE72A6E9}.Release|iPhoneSimulator.Build.0 = Release|Any CPU
		{7781CFD1-01D1-480B-A0FF-2BB5AE72A6E9}.Release|iPhoneSimulator.Deploy.0 = Release|Any CPU
		{7781CFD1-01D1-480B-A0FF-2BB5AE72A6E9}.Release|x64.ActiveCfg = Release|Any CPU
		{7781CFD1-01D1-480B-A0FF-2BB5AE72A6E9}.Release|x64.Build.0 = Release|Any CPU
		{7781CFD1-01D1-480B-A0FF-2BB5AE72A6E9}.Release|x64.Deploy.0 = Release|Any CPU
		{7781CFD1-01D1-480B-A0FF-2BB5AE72A6E9}.Release|x86.ActiveCfg = Release|Any CPU
		{7781CFD1-01D1-480B-A0FF-2BB5AE72A6E9}.Release|x86.Build.0 = Release|Any CPU
		{7781CFD1-01D1-480B-A0FF-2BB5AE72A6E9}.Release|x86.Deploy.0 = Release|Any CPU
	EndGlobalSection
	GlobalSection(SolutionProperties) = preSolution
		HideSolutionNode = FALSE
	EndGlobalSection
	GlobalSection(ExtensibilityGlobals) = postSolution
		SolutionGuid = {888642D7-2716-4162-8B82-ECD9DD125EA4}
	EndGlobalSection
EndGlobal
