
Microsoft Visual Studio Solution File, Format Version 12.00
# Visual Studio Version 16
VisualStudioVersion = 16.0.33920.266
MinimumVisualStudioVersion = 10.0.40219.1
Project("{FAE04EC0-301F-11D3-BF4B-00C04F79EFBC}") = "App10_PluginMedia.UWP", "App10_PluginMedia\App10_PluginMedia.UWP\App10_PluginMedia.UWP.csproj", "{8D16464F-CC6E-4C24-80EC-E565B6756AE6}"
EndProject
Project("{FAE04EC0-301F-11D3-BF4B-00C04F79EFBC}") = "App10_PluginMedia.Android", "App10_PluginMedia\App10_PluginMedia.Android\App10_PluginMedia.Android.csproj", "{021B3220-620D-4B1B-B3DF-617C0D3C9CA7}"
EndProject
Project("{FAE04EC0-301F-11D3-BF4B-00C04F79EFBC}") = "App10_PluginMedia.iOS", "App10_PluginMedia\App10_PluginMedia.iOS\App10_PluginMedia.iOS.csproj", "{055FEEA0-7073-4C97-9F99-AEF47B302505}"
EndProject
Project("{FAE04EC0-301F-11D3-BF4B-00C04F79EFBC}") = "App10_PluginMedia", "App10_PluginMedia\App10_PluginMedia\App10_PluginMedia.csproj", "{8074ACB4-CDA0-4ED2-AA1B-F03B95BF47F3}"
EndProject
Global
	GlobalSection(SolutionConfigurationPlatforms) = preSolution
		Debug|Any CPU = Debug|Any CPU
		Debug|ARM = Debug|ARM
		Debug|iPhone = Debug|iPhone
		Debug|iPhoneSimulator = Debug|iPhoneSimulator
		Debug|x64 = Debug|x64
		Debug|x86 = Debug|x86
		Release|Any CPU = Release|Any CPU
		Release|ARM = Release|ARM
		Release|iPhone = Release|iPhone
		Release|iPhoneSimulator = Release|iPhoneSimulator
		Release|x64 = Release|x64
		Release|x86 = Release|x86
	EndGlobalSection
	GlobalSection(ProjectConfigurationPlatforms) = postSolution
		{8D16464F-CC6E-4C24-80EC-E565B6756AE6}.Debug|Any CPU.ActiveCfg = Debug|x86
		{8D16464F-CC6E-4C24-80EC-E565B6756AE6}.Debug|Any CPU.Build.0 = Debug|x86
		{8D16464F-CC6E-4C24-80EC-E565B6756AE6}.Debug|Any CPU.Deploy.0 = Debug|x86
		{8D16464F-CC6E-4C24-80EC-E565B6756AE6}.Debug|ARM.ActiveCfg = Debug|ARM
		{8D16464F-CC6E-4C24-80EC-E565B6756AE6}.Debug|ARM.Build.0 = Debug|ARM
		{8D16464F-CC6E-4C24-80EC-E565B6756AE6}.Debug|ARM.Deploy.0 = Debug|ARM
		{8D16464F-CC6E-4C24-80EC-E565B6756AE6}.Debug|iPhone.ActiveCfg = Debug|x86
		{8D16464F-CC6E-4C24-80EC-E565B6756AE6}.Debug|iPhone.Build.0 = Debug|x86
		{8D16464F-CC6E-4C24-80EC-E565B6756AE6}.Debug|iPhone.Deploy.0 = Debug|x86
		{8D16464F-CC6E-4C24-80EC-E565B6756AE6}.Debug|iPhoneSimulator.ActiveCfg = Debug|x86
		{8D16464F-CC6E-4C24-80EC-E565B6756AE6}.Debug|iPhoneSimulator.Build.0 = Debug|x86
		{8D16464F-CC6E-4C24-80EC-E565B6756AE6}.Debug|iPhoneSimulator.Deploy.0 = Debug|x86
		{8D16464F-CC6E-4C24-80EC-E565B6756AE6}.Debug|x64.ActiveCfg = Debug|x64
		{8D16464F-CC6E-4C24-80EC-E565B6756AE6}.Debug|x64.Build.0 = Debug|x64
		{8D16464F-CC6E-4C24-80EC-E565B6756AE6}.Debug|x64.Deploy.0 = Debug|x64
		{8D16464F-CC6E-4C24-80EC-E565B6756AE6}.Debug|x86.ActiveCfg = Debug|x86
		{8D16464F-CC6E-4C24-80EC-E565B6756AE6}.Debug|x86.Build.0 = Debug|x86
		{8D16464F-CC6E-4C24-80EC-E565B6756AE6}.Debug|x86.Deploy.0 = Debug|x86
		{8D16464F-CC6E-4C24-80EC-E565B6756AE6}.Release|Any CPU.ActiveCfg = Release|x86
		{8D16464F-CC6E-4C24-80EC-E565B6756AE6}.Release|Any CPU.Build.0 = Release|x86
		{8D16464F-CC6E-4C24-80EC-E565B6756AE6}.Release|Any CPU.Deploy.0 = Release|x86
		{8D16464F-CC6E-4C24-80EC-E565B6756AE6}.Release|ARM.ActiveCfg = Release|ARM
		{8D16464F-CC6E-4C24-80EC-E565B6756AE6}.Release|ARM.Build.0 = Release|ARM
		{8D16464F-CC6E-4C24-80EC-E565B6756AE6}.Release|ARM.Deploy.0 = Release|ARM
		{8D16464F-CC6E-4C24-80EC-E565B6756AE6}.Release|iPhone.ActiveCfg = Release|x86
		{8D16464F-CC6E-4C24-80EC-E565B6756AE6}.Release|iPhone.Build.0 = Release|x86
		{8D16464F-CC6E-4C24-80EC-E565B6756AE6}.Release|iPhone.Deploy.0 = Release|x86
		{8D16464F-CC6E-4C24-80EC-E565B6756AE6}.Release|iPhoneSimulator.ActiveCfg = Release|x86
		{8D16464F-CC6E-4C24-80EC-E565B6756AE6}.Release|iPhoneSimulator.Build.0 = Release|x86
		{8D16464F-CC6E-4C24-80EC-E565B6756AE6}.Release|iPhoneSimulator.Deploy.0 = Release|x86
		{8D16464F-CC6E-4C24-80EC-E565B6756AE6}.Release|x64.ActiveCfg = Release|x64
		{8D16464F-CC6E-4C24-80EC-E565B6756AE6}.Release|x64.Build.0 = Release|x64
		{8D16464F-CC6E-4C24-80EC-E565B6756AE6}.Release|x64.Deploy.0 = Release|x64
		{8D16464F-CC6E-4C24-80EC-E565B6756AE6}.Release|x86.ActiveCfg = Release|x86
		{8D16464F-CC6E-4C24-80EC-E565B6756AE6}.Release|x86.Build.0 = Release|x86
		{8D16464F-CC6E-4C24-80EC-E565B6756AE6}.Release|x86.Deploy.0 = Release|x86
		{021B3220-620D-4B1B-B3DF-617C0D3C9CA7}.Debug|Any CPU.ActiveCfg = Debug|Any CPU
		{021B3220-620D-4B1B-B3DF-617C0D3C9CA7}.Debug|Any CPU.Build.0 = Debug|Any CPU
		{021B3220-620D-4B1B-B3DF-617C0D3C9CA7}.Debug|Any CPU.Deploy.0 = Debug|Any CPU
		{021B3220-620D-4B1B-B3DF-617C0D3C9CA7}.Debug|ARM.ActiveCfg = Debug|Any CPU
		{021B3220-620D-4B1B-B3DF-617C0D3C9CA7}.Debug|ARM.Build.0 = Debug|Any CPU
		{021B3220-620D-4B1B-B3DF-617C0D3C9CA7}.Debug|ARM.Deploy.0 = Debug|Any CPU
		{021B3220-620D-4B1B-B3DF-617C0D3C9CA7}.Debug|iPhone.ActiveCfg = Debug|Any CPU
		{021B3220-620D-4B1B-B3DF-617C0D3C9CA7}.Debug|iPhone.Build.0 = Debug|Any CPU
		{021B3220-620D-4B1B-B3DF-617C0D3C9CA7}.Debug|iPhone.Deploy.0 = Debug|Any CPU
		{021B3220-620D-4B1B-B3DF-617C0D3C9CA7}.Debug|iPhoneSimulator.ActiveCfg = Debug|Any CPU
		{021B3220-620D-4B1B-B3DF-617C0D3C9CA7}.Debug|iPhoneSimulator.Build.0 = Debug|Any CPU
		{021B3220-620D-4B1B-B3DF-617C0D3C9CA7}.Debug|iPhoneSimulator.Deploy.0 = Debug|Any CPU
		{021B3220-620D-4B1B-B3DF-617C0D3C9CA7}.Debug|x64.ActiveCfg = Debug|Any CPU
		{021B3220-620D-4B1B-B3DF-617C0D3C9CA7}.Debug|x64.Build.0 = Debug|Any CPU
		{021B3220-620D-4B1B-B3DF-617C0D3C9CA7}.Debug|x64.Deploy.0 = Debug|Any CPU
		{021B3220-620D-4B1B-B3DF-617C0D3C9CA7}.Debug|x86.ActiveCfg = Debug|Any CPU
		{021B3220-620D-4B1B-B3DF-617C0D3C9CA7}.Debug|x86.Build.0 = Debug|Any CPU
		{021B3220-620D-4B1B-B3DF-617C0D3C9CA7}.Debug|x86.Deploy.0 = Debug|Any CPU
		{021B3220-620D-4B1B-B3DF-617C0D3C9CA7}.Release|Any CPU.ActiveCfg = Release|Any CPU
		{021B3220-620D-4B1B-B3DF-617C0D3C9CA7}.Release|Any CPU.Build.0 = Release|Any CPU
		{021B3220-620D-4B1B-B3DF-617C0D3C9CA7}.Release|Any CPU.Deploy.0 = Release|Any CPU
		{021B3220-620D-4B1B-B3DF-617C0D3C9CA7}.Release|ARM.ActiveCfg = Release|Any CPU
		{021B3220-620D-4B1B-B3DF-617C0D3C9CA7}.Release|ARM.Build.0 = Release|Any CPU
		{021B3220-620D-4B1B-B3DF-617C0D3C9CA7}.Release|ARM.Deploy.0 = Release|Any CPU
		{021B3220-620D-4B1B-B3DF-617C0D3C9CA7}.Release|iPhone.ActiveCfg = Release|Any CPU
		{021B3220-620D-4B1B-B3DF-617C0D3C9CA7}.Release|iPhone.Build.0 = Release|Any CPU
		{021B3220-620D-4B1B-B3DF-617C0D3C9CA7}.Release|iPhone.Deploy.0 = Release|Any CPU
		{021B3220-620D-4B1B-B3DF-617C0D3C9CA7}.Release|iPhoneSimulator.ActiveCfg = Release|Any CPU
		{021B3220-620D-4B1B-B3DF-617C0D3C9CA7}.Release|iPhoneSimulator.Build.0 = Release|Any CPU
		{021B3220-620D-4B1B-B3DF-617C0D3C9CA7}.Release|iPhoneSimulator.Deploy.0 = Release|Any CPU
		{021B3220-620D-4B1B-B3DF-617C0D3C9CA7}.Release|x64.ActiveCfg = Release|Any CPU
		{021B3220-620D-4B1B-B3DF-617C0D3C9CA7}.Release|x64.Build.0 = Release|Any CPU
		{021B3220-620D-4B1B-B3DF-617C0D3C9CA7}.Release|x64.Deploy.0 = Release|Any CPU
		{021B3220-620D-4B1B-B3DF-617C0D3C9CA7}.Release|x86.ActiveCfg = Release|Any CPU
		{021B3220-620D-4B1B-B3DF-617C0D3C9CA7}.Release|x86.Build.0 = Release|Any CPU
		{021B3220-620D-4B1B-B3DF-617C0D3C9CA7}.Release|x86.Deploy.0 = Release|Any CPU
		{055FEEA0-7073-4C97-9F99-AEF47B302505}.Debug|Any CPU.ActiveCfg = Debug|iPhoneSimulator
		{055FEEA0-7073-4C97-9F99-AEF47B302505}.Debug|Any CPU.Build.0 = Debug|iPhoneSimulator
		{055FEEA0-7073-4C97-9F99-AEF47B302505}.Debug|Any CPU.Deploy.0 = Debug|iPhoneSimulator
		{055FEEA0-7073-4C97-9F99-AEF47B302505}.Debug|ARM.ActiveCfg = Debug|iPhone
		{055FEEA0-7073-4C97-9F99-AEF47B302505}.Debug|ARM.Build.0 = Debug|iPhone
		{055FEEA0-7073-4C97-9F99-AEF47B302505}.Debug|ARM.Deploy.0 = Debug|iPhone
		{055FEEA0-7073-4C97-9F99-AEF47B302505}.Debug|iPhone.ActiveCfg = Debug|iPhone
		{055FEEA0-7073-4C97-9F99-AEF47B302505}.Debug|iPhone.Build.0 = Debug|iPhone
		{055FEEA0-7073-4C97-9F99-AEF47B302505}.Debug|iPhone.Deploy.0 = Debug|iPhone
		{055FEEA0-7073-4C97-9F99-AEF47B302505}.Debug|iPhoneSimulator.ActiveCfg = Debug|iPhoneSimulator
		{055FEEA0-7073-4C97-9F99-AEF47B302505}.Debug|iPhoneSimulator.Build.0 = Debug|iPhoneSimulator
		{055FEEA0-7073-4C97-9F99-AEF47B302505}.Debug|iPhoneSimulator.Deploy.0 = Debug|iPhoneSimulator
		{055FEEA0-7073-4C97-9F99-AEF47B302505}.Debug|x64.ActiveCfg = Debug|iPhoneSimulator
		{055FEEA0-7073-4C97-9F99-AEF47B302505}.Debug|x64.Build.0 = Debug|iPhoneSimulator
		{055FEEA0-7073-4C97-9F99-AEF47B302505}.Debug|x64.Deploy.0 = Debug|iPhoneSimulator
		{055FEEA0-7073-4C97-9F99-AEF47B302505}.Debug|x86.ActiveCfg = Debug|iPhoneSimulator
		{055FEEA0-7073-4C97-9F99-AEF47B302505}.Debug|x86.Build.0 = Debug|iPhoneSimulator
		{055FEEA0-7073-4C97-9F99-AEF47B302505}.Debug|x86.Deploy.0 = Debug|iPhoneSimulator
		{055FEEA0-7073-4C97-9F99-AEF47B302505}.Release|Any CPU.ActiveCfg = Release|iPhoneSimulator
		{055FEEA0-7073-4C97-9F99-AEF47B302505}.Release|Any CPU.Build.0 = Release|iPhoneSimulator
		{055FEEA0-7073-4C97-9F99-AEF47B302505}.Release|Any CPU.Deploy.0 = Release|iPhoneSimulator
		{055FEEA0-7073-4C97-9F99-AEF47B302505}.Release|ARM.ActiveCfg = Release|iPhoneSimulator
		{055FEEA0-7073-4C97-9F99-AEF47B302505}.Release|ARM.Build.0 = Release|iPhoneSimulator
		{055FEEA0-7073-4C97-9F99-AEF47B302505}.Release|ARM.Deploy.0 = Release|iPhoneSimulator
		{055FEEA0-7073-4C97-9F99-AEF47B302505}.Release|iPhone.ActiveCfg = Release|iPhone
		{055FEEA0-7073-4C97-9F99-AEF47B302505}.Release|iPhone.Build.0 = Release|iPhone
		{055FEEA0-7073-4C97-9F99-AEF47B302505}.Release|iPhone.Deploy.0 = Release|iPhone
		{055FEEA0-7073-4C97-9F99-AEF47B302505}.Release|iPhoneSimulator.ActiveCfg = Release|iPhoneSimulator
		{055FEEA0-7073-4C97-9F99-AEF47B302505}.Release|iPhoneSimulator.Build.0 = Release|iPhoneSimulator
		{055FEEA0-7073-4C97-9F99-AEF47B302505}.Release|iPhoneSimulator.Deploy.0 = Release|iPhoneSimulator
		{055FEEA0-7073-4C97-9F99-AEF47B302505}.Release|x64.ActiveCfg = Release|iPhoneSimulator
		{055FEEA0-7073-4C97-9F99-AEF47B302505}.Release|x64.Build.0 = Release|iPhoneSimulator
		{055FEEA0-7073-4C97-9F99-AEF47B302505}.Release|x64.Deploy.0 = Release|iPhoneSimulator
		{055FEEA0-7073-4C97-9F99-AEF47B302505}.Release|x86.ActiveCfg = Release|iPhoneSimulator
		{055FEEA0-7073-4C97-9F99-AEF47B302505}.Release|x86.Build.0 = Release|iPhoneSimulator
		{055FEEA0-7073-4C97-9F99-AEF47B302505}.Release|x86.Deploy.0 = Release|iPhoneSimulator
		{8074ACB4-CDA0-4ED2-AA1B-F03B95BF47F3}.Debug|Any CPU.ActiveCfg = Debug|Any CPU
		{8074ACB4-CDA0-4ED2-AA1B-F03B95BF47F3}.Debug|Any CPU.Build.0 = Debug|Any CPU
		{8074ACB4-CDA0-4ED2-AA1B-F03B95BF47F3}.Debug|Any CPU.Deploy.0 = Debug|Any CPU
		{8074ACB4-CDA0-4ED2-AA1B-F03B95BF47F3}.Debug|ARM.ActiveCfg = Debug|Any CPU
		{8074ACB4-CDA0-4ED2-AA1B-F03B95BF47F3}.Debug|ARM.Build.0 = Debug|Any CPU
		{8074ACB4-CDA0-4ED2-AA1B-F03B95BF47F3}.Debug|ARM.Deploy.0 = Debug|Any CPU
		{8074ACB4-CDA0-4ED2-AA1B-F03B95BF47F3}.Debug|iPhone.ActiveCfg = Debug|Any CPU
		{8074ACB4-CDA0-4ED2-AA1B-F03B95BF47F3}.Debug|iPhone.Build.0 = Debug|Any CPU
		{8074ACB4-CDA0-4ED2-AA1B-F03B95BF47F3}.Debug|iPhone.Deploy.0 = Debug|Any CPU
		{8074ACB4-CDA0-4ED2-AA1B-F03B95BF47F3}.Debug|iPhoneSimulator.ActiveCfg = Debug|Any CPU
		{8074ACB4-CDA0-4ED2-AA1B-F03B95BF47F3}.Debug|iPhoneSimulator.Build.0 = Debug|Any CPU
		{8074ACB4-CDA0-4ED2-AA1B-F03B95BF47F3}.Debug|iPhoneSimulator.Deploy.0 = Debug|Any CPU
		{8074ACB4-CDA0-4ED2-AA1B-F03B95BF47F3}.Debug|x64.ActiveCfg = Debug|Any CPU
		{8074ACB4-CDA0-4ED2-AA1B-F03B95BF47F3}.Debug|x64.Build.0 = Debug|Any CPU
		{8074ACB4-CDA0-4ED2-AA1B-F03B95BF47F3}.Debug|x64.Deploy.0 = Debug|Any CPU
		{8074ACB4-CDA0-4ED2-AA1B-F03B95BF47F3}.Debug|x86.ActiveCfg = Debug|Any CPU
		{8074ACB4-CDA0-4ED2-AA1B-F03B95BF47F3}.Debug|x86.Build.0 = Debug|Any CPU
		{8074ACB4-CDA0-4ED2-AA1B-F03B95BF47F3}.Debug|x86.Deploy.0 = Debug|Any CPU
		{8074ACB4-CDA0-4ED2-AA1B-F03B95BF47F3}.Release|Any CPU.ActiveCfg = Release|Any CPU
		{8074ACB4-CDA0-4ED2-AA1B-F03B95BF47F3}.Release|Any CPU.Build.0 = Release|Any CPU
		{8074ACB4-CDA0-4ED2-AA1B-F03B95BF47F3}.Release|Any CPU.Deploy.0 = Release|Any CPU
		{8074ACB4-CDA0-4ED2-AA1B-F03B95BF47F3}.Release|ARM.ActiveCfg = Release|Any CPU
		{8074ACB4-CDA0-4ED2-AA1B-F03B95BF47F3}.Release|ARM.Build.0 = Release|Any CPU
		{8074ACB4-CDA0-4ED2-AA1B-F03B95BF47F3}.Release|ARM.Deploy.0 = Release|Any CPU
		{8074ACB4-CDA0-4ED2-AA1B-F03B95BF47F3}.Release|iPhone.ActiveCfg = Release|Any CPU
		{8074ACB4-CDA0-4ED2-AA1B-F03B95BF47F3}.Release|iPhone.Build.0 = Release|Any CPU
		{8074ACB4-CDA0-4ED2-AA1B-F03B95BF47F3}.Release|iPhone.Deploy.0 = Release|Any CPU
		{8074ACB4-CDA0-4ED2-AA1B-F03B95BF47F3}.Release|iPhoneSimulator.ActiveCfg = Release|Any CPU
		{8074ACB4-CDA0-4ED2-AA1B-F03B95BF47F3}.Release|iPhoneSimulator.Build.0 = Release|Any CPU
		{8074ACB4-CDA0-4ED2-AA1B-F03B95BF47F3}.Release|iPhoneSimulator.Deploy.0 = Release|Any CPU
		{8074ACB4-CDA0-4ED2-AA1B-F03B95BF47F3}.Release|x64.ActiveCfg = Release|Any CPU
		{8074ACB4-CDA0-4ED2-AA1B-F03B95BF47F3}.Release|x64.Build.0 = Release|Any CPU
		{8074ACB4-CDA0-4ED2-AA1B-F03B95BF47F3}.Release|x64.Deploy.0 = Release|Any CPU
		{8074ACB4-CDA0-4ED2-AA1B-F03B95BF47F3}.Release|x86.ActiveCfg = Release|Any CPU
		{8074ACB4-CDA0-4ED2-AA1B-F03B95BF47F3}.Release|x86.Build.0 = Release|Any CPU
		{8074ACB4-CDA0-4ED2-AA1B-F03B95BF47F3}.Release|x86.Deploy.0 = Release|Any CPU
	EndGlobalSection
	GlobalSection(SolutionProperties) = preSolution
		HideSolutionNode = FALSE
	EndGlobalSection
	GlobalSection(ExtensibilityGlobals) = postSolution
		SolutionGuid = {D552DAA5-5738-4833-8816-AD225B7A9CF0}
	EndGlobalSection
EndGlobal
